
Microsoft Visual Studio Solution File, Format Version 11.00
# Visual Studio 2010
Project("{2150E333-8FDC-42A3-9474-1A3956D46DE8}") = "Libs", "Libs", "{DEDFC635-1999-4953-A333-E7F7E2858DAD}"
EndProject
Project("{FAE04EC0-301F-11D3-BF4B-00C04F79EFBC}") = "IES.PerformanceTester.Core", "IES.PerformanceTester.Core\IES.PerformanceTester.Core.csproj", "{84FC2F91-819C-486F-93D2-8273A6F8962D}"
EndProject
Project("{FAE04EC0-301F-11D3-BF4B-00C04F79EFBC}") = "IES.PerformanceTester.GUI", "IES.PerformanceTester.GUI\IES.PerformanceTester.GUI.csproj", "{668A9BC8-3945-4481-91A8-83488993154C}"
EndProject
Project("{FAE04EC0-301F-11D3-BF4B-00C04F79EFBC}") = "Savchin.Tools", "..\Libs\Tools\Savchin.Tools.csproj", "{2F1807E4-39A2-4F38-ADFC-6310A8443D90}"
EndProject
Project("{FAE04EC0-301F-11D3-BF4B-00C04F79EFBC}") = "Savchin.Forms", "..\Libs\Savchin.Forms\Savchin.Forms.csproj", "{9405075A-BD64-4B54-9689-2DD716D6F92A}"
EndProject
Project("{FAE04EC0-301F-11D3-BF4B-00C04F79EFBC}") = "Savchin.WinApi", "..\Libs\Savchin.WinApi\Savchin.WinApi.csproj", "{DD712413-B47A-4707-A45D-84F786E47BAF}"
EndProject
Global
	GlobalSection(SolutionConfigurationPlatforms) = preSolution
		Debug|Any CPU = Debug|Any CPU
		Release|Any CPU = Release|Any CPU
	EndGlobalSection
	GlobalSection(ProjectConfigurationPlatforms) = postSolution
		{84FC2F91-819C-486F-93D2-8273A6F8962D}.Debug|Any CPU.ActiveCfg = Debug|Any CPU
		{84FC2F91-819C-486F-93D2-8273A6F8962D}.Debug|Any CPU.Build.0 = Debug|Any CPU
		{84FC2F91-819C-486F-93D2-8273A6F8962D}.Release|Any CPU.ActiveCfg = Release|Any CPU
		{84FC2F91-819C-486F-93D2-8273A6F8962D}.Release|Any CPU.Build.0 = Release|Any CPU
		{668A9BC8-3945-4481-91A8-83488993154C}.Debug|Any CPU.ActiveCfg = Debug|Any CPU
		{668A9BC8-3945-4481-91A8-83488993154C}.Debug|Any CPU.Build.0 = Debug|Any CPU
		{668A9BC8-3945-4481-91A8-83488993154C}.Release|Any CPU.ActiveCfg = Release|Any CPU
		{668A9BC8-3945-4481-91A8-83488993154C}.Release|Any CPU.Build.0 = Release|Any CPU
		{2F1807E4-39A2-4F38-ADFC-6310A8443D90}.Debug|Any CPU.ActiveCfg = Debug|Any CPU
		{2F1807E4-39A2-4F38-ADFC-6310A8443D90}.Debug|Any CPU.Build.0 = Debug|Any CPU
		{2F1807E4-39A2-4F38-ADFC-6310A8443D90}.Release|Any CPU.ActiveCfg = Release|Any CPU
		{2F1807E4-39A2-4F38-ADFC-6310A8443D90}.Release|Any CPU.Build.0 = Release|Any CPU
		{9405075A-BD64-4B54-9689-2DD716D6F92A}.Debug|Any CPU.ActiveCfg = Debug|Any CPU
		{9405075A-BD64-4B54-9689-2DD716D6F92A}.Debug|Any CPU.Build.0 = Debug|Any CPU
		{9405075A-BD64-4B54-9689-2DD716D6F92A}.Release|Any CPU.ActiveCfg = Release|Any CPU
		{9405075A-BD64-4B54-9689-2DD716D6F92A}.Release|Any CPU.Build.0 = Release|Any CPU
		{DD712413-B47A-4707-A45D-84F786E47BAF}.Debug|Any CPU.ActiveCfg = Debug|Any CPU
		{DD712413-B47A-4707-A45D-84F786E47BAF}.Debug|Any CPU.Build.0 = Debug|Any CPU
		{DD712413-B47A-4707-A45D-84F786E47BAF}.Release|Any CPU.ActiveCfg = Release|Any CPU
		{DD712413-B47A-4707-A45D-84F786E47BAF}.Release|Any CPU.Build.0 = Release|Any CPU
	EndGlobalSection
	GlobalSection(SolutionProperties) = preSolution
		HideSolutionNode = FALSE
	EndGlobalSection
	GlobalSection(NestedProjects) = preSolution
		{2F1807E4-39A2-4F38-ADFC-6310A8443D90} = {DEDFC635-1999-4953-A333-E7F7E2858DAD}
		{9405075A-BD64-4B54-9689-2DD716D6F92A} = {DEDFC635-1999-4953-A333-E7F7E2858DAD}
		{DD712413-B47A-4707-A45D-84F786E47BAF} = {DEDFC635-1999-4953-A333-E7F7E2858DAD}
	EndGlobalSection
EndGlobal
