
Microsoft Visual Studio Solution File, Format Version 11.00
# Visual Studio 2010
Project("{2150E333-8FDC-42A3-9474-1A3956D46DE8}") = "Resources", "Resources", "{38DA5CF5-AD83-49D3-AD33-2C18AF0CD405}"
	ProjectSection(SolutionItems) = preProject
		Resources\DAO.tsql = Resources\DAO.tsql
		Resources\Data.schema = Resources\Data.schema
		Resources\Entity.tcs = Resources\Entity.tcs
		Resources\EntityValue.tcs = Resources\EntityValue.tcs
		Resources\Factory.tcs = Resources\Factory.tcs
		Resources\Manager.tcs = Resources\Manager.tcs
		Resources\ManagerTests.tcs = Resources\ManagerTests.tcs
		Resources\Project.gp = Resources\Project.gp
		Resources\spGetBy.tsql = Resources\spGetBy.tsql
	EndProjectSection
EndProject
Project("{2150E333-8FDC-42A3-9474-1A3956D46DE8}") = "BL", "BL", "{36DF2115-5391-46A7-A6B5-275482B17F78}"
EndProject
Project("{2150E333-8FDC-42A3-9474-1A3956D46DE8}") = "Ctrls", "Ctrls", "{BA4D8317-B396-4641-A24A-9EA677EEAEC7}"
EndProject
Project("{2150E333-8FDC-42A3-9474-1A3956D46DE8}") = "Libs", "Libs", "{D3169EC3-D68E-4D1A-BA9C-669BBF651A22}"
EndProject
Project("{2150E333-8FDC-42A3-9474-1A3956D46DE8}") = "NAnt", "NAnt", "{F41722E5-5B12-4ACC-8815-34DC00AC179A}"
	ProjectSection(SolutionItems) = preProject
		NAnt\database.build = NAnt\database.build
	EndProjectSection
EndProject
Project("{2150E333-8FDC-42A3-9474-1A3956D46DE8}") = "Test", "Test", "{6AD69FB4-2AF3-4329-B339-46586B8D0137}"
EndProject
Project("{FAE04EC0-301F-11D3-BF4B-00C04F79EFBC}") = "KnowledgeBase.Dal", "DAL\KnowledgeBase.Dal\KnowledgeBase.Dal.csproj", "{100BEE5D-A096-441D-8629-32AC1C7CF36B}"
EndProject
Project("{FAE04EC0-301F-11D3-BF4B-00C04F79EFBC}") = "Savchin.Data", "..\Libs\Data\Savchin.Data.csproj", "{25AB3B90-41A8-4BD4-88B6-4607D1633D4C}"
EndProject
Project("{FAE04EC0-301F-11D3-BF4B-00C04F79EFBC}") = "BussinesLayerTests", "BussinesLayerTests\BussinesLayerTests.csproj", "{896624F4-8CAC-413A-8BD2-34CB2A977A11}"
EndProject
Project("{FAE04EC0-301F-11D3-BF4B-00C04F79EFBC}") = "KnowledgeBase.BussinesLayer", "BussinesLayer\KnowledgeBase.BussinesLayer.csproj", "{6AAC6319-BBDA-4CCA-9282-7C44B7C23AFB}"
EndProject
Project("{FAE04EC0-301F-11D3-BF4B-00C04F79EFBC}") = "Controls", "Web\Controls\Controls.csproj", "{BD49A6AA-52F7-4992-BC29-14B985CFB069}"
EndProject
Project("{FAE04EC0-301F-11D3-BF4B-00C04F79EFBC}") = "WebControls", "..\Libs\WebControls\WebControls.csproj", "{BA6303D3-C692-418A-B948-3C6B5AB146BD}"
EndProject
Project("{FAE04EC0-301F-11D3-BF4B-00C04F79EFBC}") = "SiteCore", "Web\SiteCore\SiteCore.csproj", "{F95404FB-617E-4C49-8139-E50BF63DE24A}"
EndProject
Project("{FAE04EC0-301F-11D3-BF4B-00C04F79EFBC}") = "KbTools", "Tools\KbTools.csproj", "{3D84DD2B-14F8-47F5-A2A0-6117E3B89BA0}"
EndProject
Project("{FAE04EC0-301F-11D3-BF4B-00C04F79EFBC}") = "SiteCoreTests", "Web\SiteCoreTests\SiteCoreTests.csproj", "{7C06174F-4C17-43F8-86E7-F6EF2E675C28}"
EndProject
Project("{FAE04EC0-301F-11D3-BF4B-00C04F79EFBC}") = "KbToolsTests", "KbToolsTests\KbToolsTests.csproj", "{0D20D0B0-E7B5-4F15-9E5E-C803903D5E9F}"
EndProject
Project("{FAE04EC0-301F-11D3-BF4B-00C04F79EFBC}") = "Savchin.Tools", "..\Libs\Tools\Savchin.Tools.csproj", "{2F1807E4-39A2-4F38-ADFC-6310A8443D90}"
EndProject
Project("{FAE04EC0-301F-11D3-BF4B-00C04F79EFBC}") = "Savchin.Web", "..\Libs\Savchin.Web\Savchin.Web.csproj", "{BFF8B5DA-97CA-401F-8BDC-D9B3B50FD8EB}"
EndProject
Project("{FAE04EC0-301F-11D3-BF4B-00C04F79EFBC}") = "Savchin.Forms", "..\Libs\Savchin.Forms\Savchin.Forms.csproj", "{9405075A-BD64-4B54-9689-2DD716D6F92A}"
EndProject
Project("{2150E333-8FDC-42A3-9474-1A3956D46DE8}") = "Solution Items", "Solution Items", "{E7A83EF1-002E-4770-9115-3BF5FBE2E20F}"
EndProject
Project("{2150E333-8FDC-42A3-9474-1A3956D46DE8}") = "Dal", "Dal", "{F712FA91-2403-4BB2-A1D9-C6B7EFFAC809}"
EndProject
Project("{2150E333-8FDC-42A3-9474-1A3956D46DE8}") = "Common", "Common", "{78C4AA75-CBFF-431F-9406-8ECABE99B62E}"
EndProject
Project("{2150E333-8FDC-42A3-9474-1A3956D46DE8}") = "Site", "Site", "{794708A6-C6EA-4C4F-82E1-0832BF4480F6}"
EndProject
Project("{FAE04EC0-301F-11D3-BF4B-00C04F79EFBC}") = "KnowledgeBase.Mssql.Dal", "DAL\KnowledgeBase.Mssql.Dal\KnowledgeBase.Mssql.Dal.csproj", "{1D9AC6C7-77AF-4C28-8127-3301C61DA07F}"
EndProject
Project("{00D1A9C2-B5F0-4AF3-8072-F6C62B433612}") = "Database", "Database\Database.sqlproj", "{F3281A11-D746-4E0C-8FF4-622F100935AD}"
EndProject
Project("{E24C65DC-7377-472B-9ABA-BC803B73C61A}") = "KB", "http://localhost/KB", "{EABEAF5B-9083-4688-816D-AC13A5CF5C7A}"
	ProjectSection(WebsiteProperties) = preProject
		UseIISExpress = "false"
		TargetFrameworkMoniker = ".NETFramework,Version%3Dv4.0"
		ProjectReferences = "{F95404FB-617E-4C49-8139-E50BF63DE24A}|KnowledgeBase.SiteCore.dll;{6AAC6319-BBDA-4CCA-9282-7C44B7C23AFB}|KnowledgeBase.BussinesLayer.dll;{100BEE5D-A096-441D-8629-32AC1C7CF36B}|KnowledgeBase.DAL.dll;{25AB3B90-41A8-4BD4-88B6-4607D1633D4C}|Savchin.Data.dll;{2F1807E4-39A2-4F38-ADFC-6310A8443D90}|Savchin.Tools.dll;{BFF8B5DA-97CA-401F-8BDC-D9B3B50FD8EB}|Savchin.Web.dll;{BA6303D3-C692-418A-B948-3C6B5AB146BD}|Savchin.WebControls.dll;{1D9AC6C7-77AF-4C28-8127-3301C61DA07F}|KnowledgeBase.Mssql.Dal.dll;{BD49A6AA-52F7-4992-BC29-14B985CFB069}|KnowledgeBase.Controls.dll;"
		Debug.AspNetCompiler.VirtualPath = "/KB"
		Debug.AspNetCompiler.PhysicalPath = "Web\KnowledgeBaseSite\"
		Debug.AspNetCompiler.TargetPath = "PrecompiledWeb\KB\"
		Debug.AspNetCompiler.Updateable = "true"
		Debug.AspNetCompiler.ForceOverwrite = "true"
		Debug.AspNetCompiler.FixedNames = "false"
		Debug.AspNetCompiler.Debug = "True"
		Release.AspNetCompiler.VirtualPath = "/KB"
		Release.AspNetCompiler.PhysicalPath = "Web\KnowledgeBaseSite\"
		Release.AspNetCompiler.TargetPath = "PrecompiledWeb\KB\"
		Release.AspNetCompiler.Updateable = "true"
		Release.AspNetCompiler.ForceOverwrite = "true"
		Release.AspNetCompiler.FixedNames = "false"
		Release.AspNetCompiler.Debug = "False"
		SlnRelativePath = "Web\KnowledgeBaseSite\"
	EndProjectSection
EndProject
Global
	GlobalSection(SolutionConfigurationPlatforms) = preSolution
		Debug|.NET = Debug|.NET
		Debug|Any CPU = Debug|Any CPU
		Debug|Mixed Platforms = Debug|Mixed Platforms
		Debug|x86 = Debug|x86
		Default|.NET = Default|.NET
		Default|Any CPU = Default|Any CPU
		Default|Mixed Platforms = Default|Mixed Platforms
		Default|x86 = Default|x86
		Release|.NET = Release|.NET
		Release|Any CPU = Release|Any CPU
		Release|Mixed Platforms = Release|Mixed Platforms
		Release|x86 = Release|x86
	EndGlobalSection
	GlobalSection(ProjectConfigurationPlatforms) = postSolution
		{100BEE5D-A096-441D-8629-32AC1C7CF36B}.Debug|.NET.ActiveCfg = Debug|Any CPU
		{100BEE5D-A096-441D-8629-32AC1C7CF36B}.Debug|Any CPU.ActiveCfg = Debug|Any CPU
		{100BEE5D-A096-441D-8629-32AC1C7CF36B}.Debug|Any CPU.Build.0 = Debug|Any CPU
		{100BEE5D-A096-441D-8629-32AC1C7CF36B}.Debug|Mixed Platforms.ActiveCfg = Debug|Any CPU
		{100BEE5D-A096-441D-8629-32AC1C7CF36B}.Debug|Mixed Platforms.Build.0 = Debug|Any CPU
		{100BEE5D-A096-441D-8629-32AC1C7CF36B}.Debug|x86.ActiveCfg = Debug|Any CPU
		{100BEE5D-A096-441D-8629-32AC1C7CF36B}.Default|.NET.ActiveCfg = Debug|Any CPU
		{100BEE5D-A096-441D-8629-32AC1C7CF36B}.Default|Any CPU.ActiveCfg = Debug|Any CPU
		{100BEE5D-A096-441D-8629-32AC1C7CF36B}.Default|Any CPU.Build.0 = Debug|Any CPU
		{100BEE5D-A096-441D-8629-32AC1C7CF36B}.Default|Mixed Platforms.ActiveCfg = Debug|Any CPU
		{100BEE5D-A096-441D-8629-32AC1C7CF36B}.Default|Mixed Platforms.Build.0 = Debug|Any CPU
		{100BEE5D-A096-441D-8629-32AC1C7CF36B}.Default|x86.ActiveCfg = Debug|Any CPU
		{100BEE5D-A096-441D-8629-32AC1C7CF36B}.Release|.NET.ActiveCfg = Release|Any CPU
		{100BEE5D-A096-441D-8629-32AC1C7CF36B}.Release|Any CPU.ActiveCfg = Release|Any CPU
		{100BEE5D-A096-441D-8629-32AC1C7CF36B}.Release|Any CPU.Build.0 = Release|Any CPU
		{100BEE5D-A096-441D-8629-32AC1C7CF36B}.Release|Mixed Platforms.ActiveCfg = Release|Any CPU
		{100BEE5D-A096-441D-8629-32AC1C7CF36B}.Release|Mixed Platforms.Build.0 = Release|Any CPU
		{100BEE5D-A096-441D-8629-32AC1C7CF36B}.Release|x86.ActiveCfg = Release|Any CPU
		{25AB3B90-41A8-4BD4-88B6-4607D1633D4C}.Debug|.NET.ActiveCfg = Debug|Any CPU
		{25AB3B90-41A8-4BD4-88B6-4607D1633D4C}.Debug|Any CPU.ActiveCfg = Debug|Any CPU
		{25AB3B90-41A8-4BD4-88B6-4607D1633D4C}.Debug|Any CPU.Build.0 = Debug|Any CPU
		{25AB3B90-41A8-4BD4-88B6-4607D1633D4C}.Debug|Mixed Platforms.ActiveCfg = Debug|Any CPU
		{25AB3B90-41A8-4BD4-88B6-4607D1633D4C}.Debug|Mixed Platforms.Build.0 = Debug|Any CPU
		{25AB3B90-41A8-4BD4-88B6-4607D1633D4C}.Debug|x86.ActiveCfg = Debug|Any CPU
		{25AB3B90-41A8-4BD4-88B6-4607D1633D4C}.Default|.NET.ActiveCfg = Debug|Any CPU
		{25AB3B90-41A8-4BD4-88B6-4607D1633D4C}.Default|Any CPU.ActiveCfg = Debug|Any CPU
		{25AB3B90-41A8-4BD4-88B6-4607D1633D4C}.Default|Any CPU.Build.0 = Debug|Any CPU
		{25AB3B90-41A8-4BD4-88B6-4607D1633D4C}.Default|Mixed Platforms.ActiveCfg = Debug|Any CPU
		{25AB3B90-41A8-4BD4-88B6-4607D1633D4C}.Default|Mixed Platforms.Build.0 = Debug|Any CPU
		{25AB3B90-41A8-4BD4-88B6-4607D1633D4C}.Default|x86.ActiveCfg = Debug|Any CPU
		{25AB3B90-41A8-4BD4-88B6-4607D1633D4C}.Release|.NET.ActiveCfg = Release|Any CPU
		{25AB3B90-41A8-4BD4-88B6-4607D1633D4C}.Release|Any CPU.ActiveCfg = Release|Any CPU
		{25AB3B90-41A8-4BD4-88B6-4607D1633D4C}.Release|Any CPU.Build.0 = Release|Any CPU
		{25AB3B90-41A8-4BD4-88B6-4607D1633D4C}.Release|Mixed Platforms.ActiveCfg = Release|Any CPU
		{25AB3B90-41A8-4BD4-88B6-4607D1633D4C}.Release|Mixed Platforms.Build.0 = Release|Any CPU
		{25AB3B90-41A8-4BD4-88B6-4607D1633D4C}.Release|x86.ActiveCfg = Release|Any CPU
		{896624F4-8CAC-413A-8BD2-34CB2A977A11}.Debug|.NET.ActiveCfg = Debug|Any CPU
		{896624F4-8CAC-413A-8BD2-34CB2A977A11}.Debug|Any CPU.ActiveCfg = Debug|Any CPU
		{896624F4-8CAC-413A-8BD2-34CB2A977A11}.Debug|Any CPU.Build.0 = Debug|Any CPU
		{896624F4-8CAC-413A-8BD2-34CB2A977A11}.Debug|Mixed Platforms.ActiveCfg = Debug|Any CPU
		{896624F4-8CAC-413A-8BD2-34CB2A977A11}.Debug|Mixed Platforms.Build.0 = Debug|Any CPU
		{896624F4-8CAC-413A-8BD2-34CB2A977A11}.Debug|x86.ActiveCfg = Debug|Any CPU
		{896624F4-8CAC-413A-8BD2-34CB2A977A11}.Default|.NET.ActiveCfg = Debug|Any CPU
		{896624F4-8CAC-413A-8BD2-34CB2A977A11}.Default|Any CPU.ActiveCfg = Debug|Any CPU
		{896624F4-8CAC-413A-8BD2-34CB2A977A11}.Default|Any CPU.Build.0 = Debug|Any CPU
		{896624F4-8CAC-413A-8BD2-34CB2A977A11}.Default|Mixed Platforms.ActiveCfg = Debug|Any CPU
		{896624F4-8CAC-413A-8BD2-34CB2A977A11}.Default|Mixed Platforms.Build.0 = Debug|Any CPU
		{896624F4-8CAC-413A-8BD2-34CB2A977A11}.Default|x86.ActiveCfg = Debug|Any CPU
		{896624F4-8CAC-413A-8BD2-34CB2A977A11}.Release|.NET.ActiveCfg = Release|Any CPU
		{896624F4-8CAC-413A-8BD2-34CB2A977A11}.Release|Any CPU.ActiveCfg = Release|Any CPU
		{896624F4-8CAC-413A-8BD2-34CB2A977A11}.Release|Any CPU.Build.0 = Release|Any CPU
		{896624F4-8CAC-413A-8BD2-34CB2A977A11}.Release|Mixed Platforms.ActiveCfg = Release|Any CPU
		{896624F4-8CAC-413A-8BD2-34CB2A977A11}.Release|Mixed Platforms.Build.0 = Release|Any CPU
		{896624F4-8CAC-413A-8BD2-34CB2A977A11}.Release|x86.ActiveCfg = Release|Any CPU
		{6AAC6319-BBDA-4CCA-9282-7C44B7C23AFB}.Debug|.NET.ActiveCfg = Debug|Any CPU
		{6AAC6319-BBDA-4CCA-9282-7C44B7C23AFB}.Debug|Any CPU.ActiveCfg = Debug|Any CPU
		{6AAC6319-BBDA-4CCA-9282-7C44B7C23AFB}.Debug|Any CPU.Build.0 = Debug|Any CPU
		{6AAC6319-BBDA-4CCA-9282-7C44B7C23AFB}.Debug|Mixed Platforms.ActiveCfg = Debug|Any CPU
		{6AAC6319-BBDA-4CCA-9282-7C44B7C23AFB}.Debug|Mixed Platforms.Build.0 = Debug|Any CPU
		{6AAC6319-BBDA-4CCA-9282-7C44B7C23AFB}.Debug|x86.ActiveCfg = Debug|Any CPU
		{6AAC6319-BBDA-4CCA-9282-7C44B7C23AFB}.Default|.NET.ActiveCfg = Debug|Any CPU
		{6AAC6319-BBDA-4CCA-9282-7C44B7C23AFB}.Default|Any CPU.ActiveCfg = Debug|Any CPU
		{6AAC6319-BBDA-4CCA-9282-7C44B7C23AFB}.Default|Any CPU.Build.0 = Debug|Any CPU
		{6AAC6319-BBDA-4CCA-9282-7C44B7C23AFB}.Default|Mixed Platforms.ActiveCfg = Debug|Any CPU
		{6AAC6319-BBDA-4CCA-9282-7C44B7C23AFB}.Default|Mixed Platforms.Build.0 = Debug|Any CPU
		{6AAC6319-BBDA-4CCA-9282-7C44B7C23AFB}.Default|x86.ActiveCfg = Debug|Any CPU
		{6AAC6319-BBDA-4CCA-9282-7C44B7C23AFB}.Release|.NET.ActiveCfg = Release|Any CPU
		{6AAC6319-BBDA-4CCA-9282-7C44B7C23AFB}.Release|Any CPU.ActiveCfg = Release|Any CPU
		{6AAC6319-BBDA-4CCA-9282-7C44B7C23AFB}.Release|Any CPU.Build.0 = Release|Any CPU
		{6AAC6319-BBDA-4CCA-9282-7C44B7C23AFB}.Release|Mixed Platforms.ActiveCfg = Release|Any CPU
		{6AAC6319-BBDA-4CCA-9282-7C44B7C23AFB}.Release|Mixed Platforms.Build.0 = Release|Any CPU
		{6AAC6319-BBDA-4CCA-9282-7C44B7C23AFB}.Release|x86.ActiveCfg = Release|Any CPU
		{BD49A6AA-52F7-4992-BC29-14B985CFB069}.Debug|.NET.ActiveCfg = Debug|Any CPU
		{BD49A6AA-52F7-4992-BC29-14B985CFB069}.Debug|Any CPU.ActiveCfg = Debug|Any CPU
		{BD49A6AA-52F7-4992-BC29-14B985CFB069}.Debug|Any CPU.Build.0 = Debug|Any CPU
		{BD49A6AA-52F7-4992-BC29-14B985CFB069}.Debug|Mixed Platforms.ActiveCfg = Debug|Any CPU
		{BD49A6AA-52F7-4992-BC29-14B985CFB069}.Debug|Mixed Platforms.Build.0 = Debug|Any CPU
		{BD49A6AA-52F7-4992-BC29-14B985CFB069}.Debug|x86.ActiveCfg = Debug|Any CPU
		{BD49A6AA-52F7-4992-BC29-14B985CFB069}.Default|.NET.ActiveCfg = Debug|Any CPU
		{BD49A6AA-52F7-4992-BC29-14B985CFB069}.Default|Any CPU.ActiveCfg = Debug|Any CPU
		{BD49A6AA-52F7-4992-BC29-14B985CFB069}.Default|Any CPU.Build.0 = Debug|Any CPU
		{BD49A6AA-52F7-4992-BC29-14B985CFB069}.Default|Mixed Platforms.ActiveCfg = Debug|Any CPU
		{BD49A6AA-52F7-4992-BC29-14B985CFB069}.Default|Mixed Platforms.Build.0 = Debug|Any CPU
		{BD49A6AA-52F7-4992-BC29-14B985CFB069}.Default|x86.ActiveCfg = Debug|Any CPU
		{BD49A6AA-52F7-4992-BC29-14B985CFB069}.Release|.NET.ActiveCfg = Release|Any CPU
		{BD49A6AA-52F7-4992-BC29-14B985CFB069}.Release|Any CPU.ActiveCfg = Release|Any CPU
		{BD49A6AA-52F7-4992-BC29-14B985CFB069}.Release|Any CPU.Build.0 = Release|Any CPU
		{BD49A6AA-52F7-4992-BC29-14B985CFB069}.Release|Mixed Platforms.ActiveCfg = Release|Any CPU
		{BD49A6AA-52F7-4992-BC29-14B985CFB069}.Release|Mixed Platforms.Build.0 = Release|Any CPU
		{BD49A6AA-52F7-4992-BC29-14B985CFB069}.Release|x86.ActiveCfg = Release|Any CPU
		{BA6303D3-C692-418A-B948-3C6B5AB146BD}.Debug|.NET.ActiveCfg = Debug|Any CPU
		{BA6303D3-C692-418A-B948-3C6B5AB146BD}.Debug|Any CPU.ActiveCfg = Debug|Any CPU
		{BA6303D3-C692-418A-B948-3C6B5AB146BD}.Debug|Any CPU.Build.0 = Debug|Any CPU
		{BA6303D3-C692-418A-B948-3C6B5AB146BD}.Debug|Mixed Platforms.ActiveCfg = Debug|Any CPU
		{BA6303D3-C692-418A-B948-3C6B5AB146BD}.Debug|Mixed Platforms.Build.0 = Debug|Any CPU
		{BA6303D3-C692-418A-B948-3C6B5AB146BD}.Debug|x86.ActiveCfg = Debug|Any CPU
		{BA6303D3-C692-418A-B948-3C6B5AB146BD}.Default|.NET.ActiveCfg = Debug|Any CPU
		{BA6303D3-C692-418A-B948-3C6B5AB146BD}.Default|Any CPU.ActiveCfg = Debug|Any CPU
		{BA6303D3-C692-418A-B948-3C6B5AB146BD}.Default|Any CPU.Build.0 = Debug|Any CPU
		{BA6303D3-C692-418A-B948-3C6B5AB146BD}.Default|Mixed Platforms.ActiveCfg = Debug|Any CPU
		{BA6303D3-C692-418A-B948-3C6B5AB146BD}.Default|Mixed Platforms.Build.0 = Debug|Any CPU
		{BA6303D3-C692-418A-B948-3C6B5AB146BD}.Default|x86.ActiveCfg = Debug|Any CPU
		{BA6303D3-C692-418A-B948-3C6B5AB146BD}.Release|.NET.ActiveCfg = Release|Any CPU
		{BA6303D3-C692-418A-B948-3C6B5AB146BD}.Release|Any CPU.ActiveCfg = Release|Any CPU
		{BA6303D3-C692-418A-B948-3C6B5AB146BD}.Release|Any CPU.Build.0 = Release|Any CPU
		{BA6303D3-C692-418A-B948-3C6B5AB146BD}.Release|Mixed Platforms.ActiveCfg = Release|Any CPU
		{BA6303D3-C692-418A-B948-3C6B5AB146BD}.Release|Mixed Platforms.Build.0 = Release|Any CPU
		{BA6303D3-C692-418A-B948-3C6B5AB146BD}.Release|x86.ActiveCfg = Release|Any CPU
		{F95404FB-617E-4C49-8139-E50BF63DE24A}.Debug|.NET.ActiveCfg = Debug|Any CPU
		{F95404FB-617E-4C49-8139-E50BF63DE24A}.Debug|Any CPU.ActiveCfg = Debug|Any CPU
		{F95404FB-617E-4C49-8139-E50BF63DE24A}.Debug|Any CPU.Build.0 = Debug|Any CPU
		{F95404FB-617E-4C49-8139-E50BF63DE24A}.Debug|Mixed Platforms.ActiveCfg = Debug|Any CPU
		{F95404FB-617E-4C49-8139-E50BF63DE24A}.Debug|Mixed Platforms.Build.0 = Debug|Any CPU
		{F95404FB-617E-4C49-8139-E50BF63DE24A}.Debug|x86.ActiveCfg = Debug|Any CPU
		{F95404FB-617E-4C49-8139-E50BF63DE24A}.Default|.NET.ActiveCfg = Debug|Any CPU
		{F95404FB-617E-4C49-8139-E50BF63DE24A}.Default|Any CPU.ActiveCfg = Debug|Any CPU
		{F95404FB-617E-4C49-8139-E50BF63DE24A}.Default|Any CPU.Build.0 = Debug|Any CPU
		{F95404FB-617E-4C49-8139-E50BF63DE24A}.Default|Mixed Platforms.ActiveCfg = Debug|Any CPU
		{F95404FB-617E-4C49-8139-E50BF63DE24A}.Default|Mixed Platforms.Build.0 = Debug|Any CPU
		{F95404FB-617E-4C49-8139-E50BF63DE24A}.Default|x86.ActiveCfg = Debug|Any CPU
		{F95404FB-617E-4C49-8139-E50BF63DE24A}.Release|.NET.ActiveCfg = Release|Any CPU
		{F95404FB-617E-4C49-8139-E50BF63DE24A}.Release|Any CPU.ActiveCfg = Release|Any CPU
		{F95404FB-617E-4C49-8139-E50BF63DE24A}.Release|Any CPU.Build.0 = Release|Any CPU
		{F95404FB-617E-4C49-8139-E50BF63DE24A}.Release|Mixed Platforms.ActiveCfg = Release|Any CPU
		{F95404FB-617E-4C49-8139-E50BF63DE24A}.Release|Mixed Platforms.Build.0 = Release|Any CPU
		{F95404FB-617E-4C49-8139-E50BF63DE24A}.Release|x86.ActiveCfg = Release|Any CPU
		{3D84DD2B-14F8-47F5-A2A0-6117E3B89BA0}.Debug|.NET.ActiveCfg = Debug|Any CPU
		{3D84DD2B-14F8-47F5-A2A0-6117E3B89BA0}.Debug|Any CPU.ActiveCfg = Debug|Any CPU
		{3D84DD2B-14F8-47F5-A2A0-6117E3B89BA0}.Debug|Any CPU.Build.0 = Debug|Any CPU
		{3D84DD2B-14F8-47F5-A2A0-6117E3B89BA0}.Debug|Mixed Platforms.ActiveCfg = Debug|Any CPU
		{3D84DD2B-14F8-47F5-A2A0-6117E3B89BA0}.Debug|Mixed Platforms.Build.0 = Debug|Any CPU
		{3D84DD2B-14F8-47F5-A2A0-6117E3B89BA0}.Debug|x86.ActiveCfg = Debug|Any CPU
		{3D84DD2B-14F8-47F5-A2A0-6117E3B89BA0}.Default|.NET.ActiveCfg = Debug|Any CPU
		{3D84DD2B-14F8-47F5-A2A0-6117E3B89BA0}.Default|Any CPU.ActiveCfg = Debug|Any CPU
		{3D84DD2B-14F8-47F5-A2A0-6117E3B89BA0}.Default|Any CPU.Build.0 = Debug|Any CPU
		{3D84DD2B-14F8-47F5-A2A0-6117E3B89BA0}.Default|Mixed Platforms.ActiveCfg = Debug|Any CPU
		{3D84DD2B-14F8-47F5-A2A0-6117E3B89BA0}.Default|Mixed Platforms.Build.0 = Debug|Any CPU
		{3D84DD2B-14F8-47F5-A2A0-6117E3B89BA0}.Default|x86.ActiveCfg = Debug|Any CPU
		{3D84DD2B-14F8-47F5-A2A0-6117E3B89BA0}.Release|.NET.ActiveCfg = Release|Any CPU
		{3D84DD2B-14F8-47F5-A2A0-6117E3B89BA0}.Release|Any CPU.ActiveCfg = Release|Any CPU
		{3D84DD2B-14F8-47F5-A2A0-6117E3B89BA0}.Release|Any CPU.Build.0 = Release|Any CPU
		{3D84DD2B-14F8-47F5-A2A0-6117E3B89BA0}.Release|Mixed Platforms.ActiveCfg = Release|Any CPU
		{3D84DD2B-14F8-47F5-A2A0-6117E3B89BA0}.Release|Mixed Platforms.Build.0 = Release|Any CPU
		{3D84DD2B-14F8-47F5-A2A0-6117E3B89BA0}.Release|x86.ActiveCfg = Release|Any CPU
		{7C06174F-4C17-43F8-86E7-F6EF2E675C28}.Debug|.NET.ActiveCfg = Debug|Any CPU
		{7C06174F-4C17-43F8-86E7-F6EF2E675C28}.Debug|Any CPU.ActiveCfg = Debug|Any CPU
		{7C06174F-4C17-43F8-86E7-F6EF2E675C28}.Debug|Any CPU.Build.0 = Debug|Any CPU
		{7C06174F-4C17-43F8-86E7-F6EF2E675C28}.Debug|Mixed Platforms.ActiveCfg = Debug|Any CPU
		{7C06174F-4C17-43F8-86E7-F6EF2E675C28}.Debug|Mixed Platforms.Build.0 = Debug|Any CPU
		{7C06174F-4C17-43F8-86E7-F6EF2E675C28}.Debug|x86.ActiveCfg = Debug|Any CPU
		{7C06174F-4C17-43F8-86E7-F6EF2E675C28}.Default|.NET.ActiveCfg = Debug|Any CPU
		{7C06174F-4C17-43F8-86E7-F6EF2E675C28}.Default|Any CPU.ActiveCfg = Debug|Any CPU
		{7C06174F-4C17-43F8-86E7-F6EF2E675C28}.Default|Any CPU.Build.0 = Debug|Any CPU
		{7C06174F-4C17-43F8-86E7-F6EF2E675C28}.Default|Mixed Platforms.ActiveCfg = Debug|Any CPU
		{7C06174F-4C17-43F8-86E7-F6EF2E675C28}.Default|Mixed Platforms.Build.0 = Debug|Any CPU
		{7C06174F-4C17-43F8-86E7-F6EF2E675C28}.Default|x86.ActiveCfg = Debug|Any CPU
		{7C06174F-4C17-43F8-86E7-F6EF2E675C28}.Release|.NET.ActiveCfg = Release|Any CPU
		{7C06174F-4C17-43F8-86E7-F6EF2E675C28}.Release|Any CPU.ActiveCfg = Release|Any CPU
		{7C06174F-4C17-43F8-86E7-F6EF2E675C28}.Release|Any CPU.Build.0 = Release|Any CPU
		{7C06174F-4C17-43F8-86E7-F6EF2E675C28}.Release|Mixed Platforms.ActiveCfg = Release|Any CPU
		{7C06174F-4C17-43F8-86E7-F6EF2E675C28}.Release|Mixed Platforms.Build.0 = Release|Any CPU
		{7C06174F-4C17-43F8-86E7-F6EF2E675C28}.Release|x86.ActiveCfg = Release|Any CPU
		{0D20D0B0-E7B5-4F15-9E5E-C803903D5E9F}.Debug|.NET.ActiveCfg = Debug|Any CPU
		{0D20D0B0-E7B5-4F15-9E5E-C803903D5E9F}.Debug|Any CPU.ActiveCfg = Debug|Any CPU
		{0D20D0B0-E7B5-4F15-9E5E-C803903D5E9F}.Debug|Any CPU.Build.0 = Debug|Any CPU
		{0D20D0B0-E7B5-4F15-9E5E-C803903D5E9F}.Debug|Mixed Platforms.ActiveCfg = Debug|Any CPU
		{0D20D0B0-E7B5-4F15-9E5E-C803903D5E9F}.Debug|Mixed Platforms.Build.0 = Debug|Any CPU
		{0D20D0B0-E7B5-4F15-9E5E-C803903D5E9F}.Debug|x86.ActiveCfg = Debug|Any CPU
		{0D20D0B0-E7B5-4F15-9E5E-C803903D5E9F}.Default|.NET.ActiveCfg = Debug|Any CPU
		{0D20D0B0-E7B5-4F15-9E5E-C803903D5E9F}.Default|Any CPU.ActiveCfg = Debug|Any CPU
		{0D20D0B0-E7B5-4F15-9E5E-C803903D5E9F}.Default|Any CPU.Build.0 = Debug|Any CPU
		{0D20D0B0-E7B5-4F15-9E5E-C803903D5E9F}.Default|Mixed Platforms.ActiveCfg = Debug|Any CPU
		{0D20D0B0-E7B5-4F15-9E5E-C803903D5E9F}.Default|Mixed Platforms.Build.0 = Debug|Any CPU
		{0D20D0B0-E7B5-4F15-9E5E-C803903D5E9F}.Default|x86.ActiveCfg = Debug|Any CPU
		{0D20D0B0-E7B5-4F15-9E5E-C803903D5E9F}.Release|.NET.ActiveCfg = Release|Any CPU
		{0D20D0B0-E7B5-4F15-9E5E-C803903D5E9F}.Release|Any CPU.ActiveCfg = Release|Any CPU
		{0D20D0B0-E7B5-4F15-9E5E-C803903D5E9F}.Release|Any CPU.Build.0 = Release|Any CPU
		{0D20D0B0-E7B5-4F15-9E5E-C803903D5E9F}.Release|Mixed Platforms.ActiveCfg = Release|Any CPU
		{0D20D0B0-E7B5-4F15-9E5E-C803903D5E9F}.Release|Mixed Platforms.Build.0 = Release|Any CPU
		{0D20D0B0-E7B5-4F15-9E5E-C803903D5E9F}.Release|x86.ActiveCfg = Release|Any CPU
		{2F1807E4-39A2-4F38-ADFC-6310A8443D90}.Debug|.NET.ActiveCfg = Debug|Any CPU
		{2F1807E4-39A2-4F38-ADFC-6310A8443D90}.Debug|Any CPU.ActiveCfg = Debug|Any CPU
		{2F1807E4-39A2-4F38-ADFC-6310A8443D90}.Debug|Any CPU.Build.0 = Debug|Any CPU
		{2F1807E4-39A2-4F38-ADFC-6310A8443D90}.Debug|Mixed Platforms.ActiveCfg = Debug|Any CPU
		{2F1807E4-39A2-4F38-ADFC-6310A8443D90}.Debug|Mixed Platforms.Build.0 = Debug|Any CPU
		{2F1807E4-39A2-4F38-ADFC-6310A8443D90}.Debug|x86.ActiveCfg = Debug|Any CPU
		{2F1807E4-39A2-4F38-ADFC-6310A8443D90}.Default|.NET.ActiveCfg = Debug|Any CPU
		{2F1807E4-39A2-4F38-ADFC-6310A8443D90}.Default|Any CPU.ActiveCfg = Debug|Any CPU
		{2F1807E4-39A2-4F38-ADFC-6310A8443D90}.Default|Any CPU.Build.0 = Debug|Any CPU
		{2F1807E4-39A2-4F38-ADFC-6310A8443D90}.Default|Mixed Platforms.ActiveCfg = Debug|Any CPU
		{2F1807E4-39A2-4F38-ADFC-6310A8443D90}.Default|Mixed Platforms.Build.0 = Debug|Any CPU
		{2F1807E4-39A2-4F38-ADFC-6310A8443D90}.Default|x86.ActiveCfg = Debug|Any CPU
		{2F1807E4-39A2-4F38-ADFC-6310A8443D90}.Release|.NET.ActiveCfg = Release|Any CPU
		{2F1807E4-39A2-4F38-ADFC-6310A8443D90}.Release|Any CPU.ActiveCfg = Release|Any CPU
		{2F1807E4-39A2-4F38-ADFC-6310A8443D90}.Release|Any CPU.Build.0 = Release|Any CPU
		{2F1807E4-39A2-4F38-ADFC-6310A8443D90}.Release|Mixed Platforms.ActiveCfg = Release|Any CPU
		{2F1807E4-39A2-4F38-ADFC-6310A8443D90}.Release|Mixed Platforms.Build.0 = Release|Any CPU
		{2F1807E4-39A2-4F38-ADFC-6310A8443D90}.Release|x86.ActiveCfg = Release|Any CPU
		{BFF8B5DA-97CA-401F-8BDC-D9B3B50FD8EB}.Debug|.NET.ActiveCfg = Debug|Any CPU
		{BFF8B5DA-97CA-401F-8BDC-D9B3B50FD8EB}.Debug|Any CPU.ActiveCfg = Debug|Any CPU
		{BFF8B5DA-97CA-401F-8BDC-D9B3B50FD8EB}.Debug|Any CPU.Build.0 = Debug|Any CPU
		{BFF8B5DA-97CA-401F-8BDC-D9B3B50FD8EB}.Debug|Mixed Platforms.ActiveCfg = Debug|Any CPU
		{BFF8B5DA-97CA-401F-8BDC-D9B3B50FD8EB}.Debug|Mixed Platforms.Build.0 = Debug|Any CPU
		{BFF8B5DA-97CA-401F-8BDC-D9B3B50FD8EB}.Debug|x86.ActiveCfg = Debug|Any CPU
		{BFF8B5DA-97CA-401F-8BDC-D9B3B50FD8EB}.Default|.NET.ActiveCfg = Debug|Any CPU
		{BFF8B5DA-97CA-401F-8BDC-D9B3B50FD8EB}.Default|Any CPU.ActiveCfg = Debug|Any CPU
		{BFF8B5DA-97CA-401F-8BDC-D9B3B50FD8EB}.Default|Any CPU.Build.0 = Debug|Any CPU
		{BFF8B5DA-97CA-401F-8BDC-D9B3B50FD8EB}.Default|Mixed Platforms.ActiveCfg = Debug|Any CPU
		{BFF8B5DA-97CA-401F-8BDC-D9B3B50FD8EB}.Default|Mixed Platforms.Build.0 = Debug|Any CPU
		{BFF8B5DA-97CA-401F-8BDC-D9B3B50FD8EB}.Default|x86.ActiveCfg = Debug|Any CPU
		{BFF8B5DA-97CA-401F-8BDC-D9B3B50FD8EB}.Release|.NET.ActiveCfg = Release|Any CPU
		{BFF8B5DA-97CA-401F-8BDC-D9B3B50FD8EB}.Release|Any CPU.ActiveCfg = Release|Any CPU
		{BFF8B5DA-97CA-401F-8BDC-D9B3B50FD8EB}.Release|Any CPU.Build.0 = Release|Any CPU
		{BFF8B5DA-97CA-401F-8BDC-D9B3B50FD8EB}.Release|Mixed Platforms.ActiveCfg = Release|Any CPU
		{BFF8B5DA-97CA-401F-8BDC-D9B3B50FD8EB}.Release|Mixed Platforms.Build.0 = Release|Any CPU
		{BFF8B5DA-97CA-401F-8BDC-D9B3B50FD8EB}.Release|x86.ActiveCfg = Release|Any CPU
		{9405075A-BD64-4B54-9689-2DD716D6F92A}.Debug|.NET.ActiveCfg = Debug|Any CPU
		{9405075A-BD64-4B54-9689-2DD716D6F92A}.Debug|Any CPU.ActiveCfg = Debug|Any CPU
		{9405075A-BD64-4B54-9689-2DD716D6F92A}.Debug|Any CPU.Build.0 = Debug|Any CPU
		{9405075A-BD64-4B54-9689-2DD716D6F92A}.Debug|Mixed Platforms.ActiveCfg = Debug|Any CPU
		{9405075A-BD64-4B54-9689-2DD716D6F92A}.Debug|Mixed Platforms.Build.0 = Debug|Any CPU
		{9405075A-BD64-4B54-9689-2DD716D6F92A}.Debug|x86.ActiveCfg = Debug|Any CPU
		{9405075A-BD64-4B54-9689-2DD716D6F92A}.Default|.NET.ActiveCfg = Debug|Any CPU
		{9405075A-BD64-4B54-9689-2DD716D6F92A}.Default|Any CPU.ActiveCfg = Debug|Any CPU
		{9405075A-BD64-4B54-9689-2DD716D6F92A}.Default|Any CPU.Build.0 = Debug|Any CPU
		{9405075A-BD64-4B54-9689-2DD716D6F92A}.Default|Mixed Platforms.ActiveCfg = Debug|Any CPU
		{9405075A-BD64-4B54-9689-2DD716D6F92A}.Default|Mixed Platforms.Build.0 = Debug|Any CPU
		{9405075A-BD64-4B54-9689-2DD716D6F92A}.Default|x86.ActiveCfg = Debug|Any CPU
		{9405075A-BD64-4B54-9689-2DD716D6F92A}.Release|.NET.ActiveCfg = Release|Any CPU
		{9405075A-BD64-4B54-9689-2DD716D6F92A}.Release|Any CPU.ActiveCfg = Release|Any CPU
		{9405075A-BD64-4B54-9689-2DD716D6F92A}.Release|Any CPU.Build.0 = Release|Any CPU
		{9405075A-BD64-4B54-9689-2DD716D6F92A}.Release|Mixed Platforms.ActiveCfg = Release|Any CPU
		{9405075A-BD64-4B54-9689-2DD716D6F92A}.Release|Mixed Platforms.Build.0 = Release|Any CPU
		{9405075A-BD64-4B54-9689-2DD716D6F92A}.Release|x86.ActiveCfg = Release|Any CPU
		{1D9AC6C7-77AF-4C28-8127-3301C61DA07F}.Debug|.NET.ActiveCfg = Debug|Any CPU
		{1D9AC6C7-77AF-4C28-8127-3301C61DA07F}.Debug|Any CPU.ActiveCfg = Debug|Any CPU
		{1D9AC6C7-77AF-4C28-8127-3301C61DA07F}.Debug|Any CPU.Build.0 = Debug|Any CPU
		{1D9AC6C7-77AF-4C28-8127-3301C61DA07F}.Debug|Mixed Platforms.ActiveCfg = Debug|Any CPU
		{1D9AC6C7-77AF-4C28-8127-3301C61DA07F}.Debug|Mixed Platforms.Build.0 = Debug|Any CPU
		{1D9AC6C7-77AF-4C28-8127-3301C61DA07F}.Debug|x86.ActiveCfg = Debug|Any CPU
		{1D9AC6C7-77AF-4C28-8127-3301C61DA07F}.Default|.NET.ActiveCfg = Debug|Any CPU
		{1D9AC6C7-77AF-4C28-8127-3301C61DA07F}.Default|Any CPU.ActiveCfg = Debug|Any CPU
		{1D9AC6C7-77AF-4C28-8127-3301C61DA07F}.Default|Any CPU.Build.0 = Debug|Any CPU
		{1D9AC6C7-77AF-4C28-8127-3301C61DA07F}.Default|Mixed Platforms.ActiveCfg = Debug|Any CPU
		{1D9AC6C7-77AF-4C28-8127-3301C61DA07F}.Default|Mixed Platforms.Build.0 = Debug|Any CPU
		{1D9AC6C7-77AF-4C28-8127-3301C61DA07F}.Default|x86.ActiveCfg = Debug|Any CPU
		{1D9AC6C7-77AF-4C28-8127-3301C61DA07F}.Release|.NET.ActiveCfg = Release|Any CPU
		{1D9AC6C7-77AF-4C28-8127-3301C61DA07F}.Release|Any CPU.ActiveCfg = Release|Any CPU
		{1D9AC6C7-77AF-4C28-8127-3301C61DA07F}.Release|Any CPU.Build.0 = Release|Any CPU
		{1D9AC6C7-77AF-4C28-8127-3301C61DA07F}.Release|Mixed Platforms.ActiveCfg = Release|Any CPU
		{1D9AC6C7-77AF-4C28-8127-3301C61DA07F}.Release|Mixed Platforms.Build.0 = Release|Any CPU
		{1D9AC6C7-77AF-4C28-8127-3301C61DA07F}.Release|x86.ActiveCfg = Release|Any CPU
		{F3281A11-D746-4E0C-8FF4-622F100935AD}.Debug|.NET.ActiveCfg = Default|Any CPU
		{F3281A11-D746-4E0C-8FF4-622F100935AD}.Debug|Any CPU.ActiveCfg = Default|Any CPU
		{F3281A11-D746-4E0C-8FF4-622F100935AD}.Debug|Any CPU.Build.0 = Default|Any CPU
		{F3281A11-D746-4E0C-8FF4-622F100935AD}.Debug|Any CPU.Deploy.0 = Default|Any CPU
		{F3281A11-D746-4E0C-8FF4-622F100935AD}.Debug|Mixed Platforms.ActiveCfg = Default|Any CPU
		{F3281A11-D746-4E0C-8FF4-622F100935AD}.Debug|Mixed Platforms.Build.0 = Default|Any CPU
		{F3281A11-D746-4E0C-8FF4-622F100935AD}.Debug|Mixed Platforms.Deploy.0 = Default|Any CPU
		{F3281A11-D746-4E0C-8FF4-622F100935AD}.Debug|x86.ActiveCfg = Default|Any CPU
		{F3281A11-D746-4E0C-8FF4-622F100935AD}.Default|.NET.ActiveCfg = Default|Any CPU
		{F3281A11-D746-4E0C-8FF4-622F100935AD}.Default|Any CPU.ActiveCfg = Default|Any CPU
		{F3281A11-D746-4E0C-8FF4-622F100935AD}.Default|Any CPU.Build.0 = Default|Any CPU
		{F3281A11-D746-4E0C-8FF4-622F100935AD}.Default|Any CPU.Deploy.0 = Default|Any CPU
		{F3281A11-D746-4E0C-8FF4-622F100935AD}.Default|Mixed Platforms.ActiveCfg = Default|Any CPU
		{F3281A11-D746-4E0C-8FF4-622F100935AD}.Default|Mixed Platforms.Build.0 = Default|Any CPU
		{F3281A11-D746-4E0C-8FF4-622F100935AD}.Default|Mixed Platforms.Deploy.0 = Default|Any CPU
		{F3281A11-D746-4E0C-8FF4-622F100935AD}.Default|x86.ActiveCfg = Default|Any CPU
		{F3281A11-D746-4E0C-8FF4-622F100935AD}.Release|.NET.ActiveCfg = Default|Any CPU
		{F3281A11-D746-4E0C-8FF4-622F100935AD}.Release|Any CPU.ActiveCfg = Default|Any CPU
		{F3281A11-D746-4E0C-8FF4-622F100935AD}.Release|Any CPU.Build.0 = Default|Any CPU
		{F3281A11-D746-4E0C-8FF4-622F100935AD}.Release|Any CPU.Deploy.0 = Default|Any CPU
		{F3281A11-D746-4E0C-8FF4-622F100935AD}.Release|Mixed Platforms.ActiveCfg = Default|Any CPU
		{F3281A11-D746-4E0C-8FF4-622F100935AD}.Release|Mixed Platforms.Build.0 = Default|Any CPU
		{F3281A11-D746-4E0C-8FF4-622F100935AD}.Release|Mixed Platforms.Deploy.0 = Default|Any CPU
		{F3281A11-D746-4E0C-8FF4-622F100935AD}.Release|x86.ActiveCfg = Default|Any CPU
		{EABEAF5B-9083-4688-816D-AC13A5CF5C7A}.Debug|.NET.ActiveCfg = Debug|Any CPU
		{EABEAF5B-9083-4688-816D-AC13A5CF5C7A}.Debug|Any CPU.ActiveCfg = Debug|Any CPU
		{EABEAF5B-9083-4688-816D-AC13A5CF5C7A}.Debug|Any CPU.Build.0 = Debug|Any CPU
		{EABEAF5B-9083-4688-816D-AC13A5CF5C7A}.Debug|Mixed Platforms.ActiveCfg = Debug|Any CPU
		{EABEAF5B-9083-4688-816D-AC13A5CF5C7A}.Debug|Mixed Platforms.Build.0 = Debug|Any CPU
		{EABEAF5B-9083-4688-816D-AC13A5CF5C7A}.Debug|x86.ActiveCfg = Debug|Any CPU
		{EABEAF5B-9083-4688-816D-AC13A5CF5C7A}.Default|.NET.ActiveCfg = Debug|Any CPU
		{EABEAF5B-9083-4688-816D-AC13A5CF5C7A}.Default|Any CPU.ActiveCfg = Debug|Any CPU
		{EABEAF5B-9083-4688-816D-AC13A5CF5C7A}.Default|Any CPU.Build.0 = Debug|Any CPU
		{EABEAF5B-9083-4688-816D-AC13A5CF5C7A}.Default|Mixed Platforms.ActiveCfg = Debug|Any CPU
		{EABEAF5B-9083-4688-816D-AC13A5CF5C7A}.Default|Mixed Platforms.Build.0 = Debug|Any CPU
		{EABEAF5B-9083-4688-816D-AC13A5CF5C7A}.Default|x86.ActiveCfg = Debug|Any CPU
		{EABEAF5B-9083-4688-816D-AC13A5CF5C7A}.Release|.NET.ActiveCfg = Debug|Any CPU
		{EABEAF5B-9083-4688-816D-AC13A5CF5C7A}.Release|Any CPU.ActiveCfg = Debug|Any CPU
		{EABEAF5B-9083-4688-816D-AC13A5CF5C7A}.Release|Any CPU.Build.0 = Debug|Any CPU
		{EABEAF5B-9083-4688-816D-AC13A5CF5C7A}.Release|Mixed Platforms.ActiveCfg = Debug|Any CPU
		{EABEAF5B-9083-4688-816D-AC13A5CF5C7A}.Release|Mixed Platforms.Build.0 = Debug|Any CPU
		{EABEAF5B-9083-4688-816D-AC13A5CF5C7A}.Release|x86.ActiveCfg = Debug|Any CPU
	EndGlobalSection
	GlobalSection(SolutionProperties) = preSolution
		HideSolutionNode = FALSE
	EndGlobalSection
	GlobalSection(NestedProjects) = preSolution
		{BA4D8317-B396-4641-A24A-9EA677EEAEC7} = {D3169EC3-D68E-4D1A-BA9C-669BBF651A22}
		{36DF2115-5391-46A7-A6B5-275482B17F78} = {D3169EC3-D68E-4D1A-BA9C-669BBF651A22}
		{F712FA91-2403-4BB2-A1D9-C6B7EFFAC809} = {D3169EC3-D68E-4D1A-BA9C-669BBF651A22}
		{78C4AA75-CBFF-431F-9406-8ECABE99B62E} = {D3169EC3-D68E-4D1A-BA9C-669BBF651A22}
		{BD49A6AA-52F7-4992-BC29-14B985CFB069} = {BA4D8317-B396-4641-A24A-9EA677EEAEC7}
		{BA6303D3-C692-418A-B948-3C6B5AB146BD} = {BA4D8317-B396-4641-A24A-9EA677EEAEC7}
		{6AAC6319-BBDA-4CCA-9282-7C44B7C23AFB} = {36DF2115-5391-46A7-A6B5-275482B17F78}
		{896624F4-8CAC-413A-8BD2-34CB2A977A11} = {6AD69FB4-2AF3-4329-B339-46586B8D0137}
		{7C06174F-4C17-43F8-86E7-F6EF2E675C28} = {6AD69FB4-2AF3-4329-B339-46586B8D0137}
		{0D20D0B0-E7B5-4F15-9E5E-C803903D5E9F} = {6AD69FB4-2AF3-4329-B339-46586B8D0137}
		{100BEE5D-A096-441D-8629-32AC1C7CF36B} = {F712FA91-2403-4BB2-A1D9-C6B7EFFAC809}
		{1D9AC6C7-77AF-4C28-8127-3301C61DA07F} = {F712FA91-2403-4BB2-A1D9-C6B7EFFAC809}
		{2F1807E4-39A2-4F38-ADFC-6310A8443D90} = {78C4AA75-CBFF-431F-9406-8ECABE99B62E}
		{BFF8B5DA-97CA-401F-8BDC-D9B3B50FD8EB} = {78C4AA75-CBFF-431F-9406-8ECABE99B62E}
		{9405075A-BD64-4B54-9689-2DD716D6F92A} = {78C4AA75-CBFF-431F-9406-8ECABE99B62E}
		{25AB3B90-41A8-4BD4-88B6-4607D1633D4C} = {78C4AA75-CBFF-431F-9406-8ECABE99B62E}
		{F95404FB-617E-4C49-8139-E50BF63DE24A} = {794708A6-C6EA-4C4F-82E1-0832BF4480F6}
		{EABEAF5B-9083-4688-816D-AC13A5CF5C7A} = {794708A6-C6EA-4C4F-82E1-0832BF4480F6}
	EndGlobalSection
EndGlobal
