
Microsoft Visual Studio Solution File, Format Version 11.00
# Visual Studio 2010
Project("{FAE04EC0-301F-11D3-BF4B-00C04F79EFBC}") = "Bubbles.Braker", "Bubbles.Braker\Bubbles.Braker.csproj", "{4537C70E-A462-48EE-B3EE-D50BF7AA82F8}"
EndProject
Project("{FAE04EC0-301F-11D3-BF4B-00C04F79EFBC}") = "WPF.Controls", "..\Controls\WPF.Controls.csproj", "{94FAF521-458A-4A1B-BEE6-42A5A738F6AB}"
EndProject
Project("{FAE04EC0-301F-11D3-BF4B-00C04F79EFBC}") = "WPF.Tools", "..\WPF.Tools\WPF.Tools.csproj", "{DF7E8E9F-5B87-4561-AD02-38AE103C3DE6}"
EndProject
Project("{FAE04EC0-301F-11D3-BF4B-00C04F79EFBC}") = "Savchin.Tools", "..\..\Libs\Tools\Savchin.Tools.csproj", "{2F1807E4-39A2-4F38-ADFC-6310A8443D90}"
EndProject
Global
	GlobalSection(SolutionConfigurationPlatforms) = preSolution
		Debug|Any CPU = Debug|Any CPU
		Release|Any CPU = Release|Any CPU
	EndGlobalSection
	GlobalSection(ProjectConfigurationPlatforms) = postSolution
		{4537C70E-A462-48EE-B3EE-D50BF7AA82F8}.Debug|Any CPU.ActiveCfg = Debug|Any CPU
		{4537C70E-A462-48EE-B3EE-D50BF7AA82F8}.Debug|Any CPU.Build.0 = Debug|Any CPU
		{4537C70E-A462-48EE-B3EE-D50BF7AA82F8}.Release|Any CPU.ActiveCfg = Release|Any CPU
		{4537C70E-A462-48EE-B3EE-D50BF7AA82F8}.Release|Any CPU.Build.0 = Release|Any CPU
		{94FAF521-458A-4A1B-BEE6-42A5A738F6AB}.Debug|Any CPU.ActiveCfg = Debug|Any CPU
		{94FAF521-458A-4A1B-BEE6-42A5A738F6AB}.Debug|Any CPU.Build.0 = Debug|Any CPU
		{94FAF521-458A-4A1B-BEE6-42A5A738F6AB}.Release|Any CPU.ActiveCfg = Release|Any CPU
		{94FAF521-458A-4A1B-BEE6-42A5A738F6AB}.Release|Any CPU.Build.0 = Release|Any CPU
		{DF7E8E9F-5B87-4561-AD02-38AE103C3DE6}.Debug|Any CPU.ActiveCfg = Debug|Any CPU
		{DF7E8E9F-5B87-4561-AD02-38AE103C3DE6}.Debug|Any CPU.Build.0 = Debug|Any CPU
		{DF7E8E9F-5B87-4561-AD02-38AE103C3DE6}.Release|Any CPU.ActiveCfg = Release|Any CPU
		{DF7E8E9F-5B87-4561-AD02-38AE103C3DE6}.Release|Any CPU.Build.0 = Release|Any CPU
		{2F1807E4-39A2-4F38-ADFC-6310A8443D90}.Debug|Any CPU.ActiveCfg = Debug|Any CPU
		{2F1807E4-39A2-4F38-ADFC-6310A8443D90}.Debug|Any CPU.Build.0 = Debug|Any CPU
		{2F1807E4-39A2-4F38-ADFC-6310A8443D90}.Release|Any CPU.ActiveCfg = Release|Any CPU
		{2F1807E4-39A2-4F38-ADFC-6310A8443D90}.Release|Any CPU.Build.0 = Release|Any CPU
	EndGlobalSection
	GlobalSection(SolutionProperties) = preSolution
		HideSolutionNode = FALSE
	EndGlobalSection
EndGlobal
