
Microsoft Visual Studio Solution File, Format Version 11.00
# Visual Studio 2010
Project("{FAE04EC0-301F-11D3-BF4B-00C04F79EFBC}") = "Boot", "Boot.csproj", "{B468B296-C347-4925-A9AD-77CFB1DDCAA5}"
EndProject
Project("{FAE04EC0-301F-11D3-BF4B-00C04F79EFBC}") = "Playback", "Playback\Playback.csproj", "{ACDE7FF5-08E4-445A-8163-19C3844C5D69}"
EndProject
Global
	GlobalSection(SolutionConfigurationPlatforms) = preSolution
		Debug|Any CPU = Debug|Any CPU
		Debug|Mixed Platforms = Debug|Mixed Platforms
		Debug|x86 = Debug|x86
		Release|Any CPU = Release|Any CPU
		Release|Mixed Platforms = Release|Mixed Platforms
		Release|x86 = Release|x86
	EndGlobalSection
	GlobalSection(ProjectConfigurationPlatforms) = postSolution
		{B468B296-C347-4925-A9AD-77CFB1DDCAA5}.Debug|Any CPU.ActiveCfg = Debug|Any CPU
		{B468B296-C347-4925-A9AD-77CFB1DDCAA5}.Debug|Any CPU.Build.0 = Debug|Any CPU
		{B468B296-C347-4925-A9AD-77CFB1DDCAA5}.Debug|Mixed Platforms.ActiveCfg = Debug|Any CPU
		{B468B296-C347-4925-A9AD-77CFB1DDCAA5}.Debug|Mixed Platforms.Build.0 = Debug|Any CPU
		{B468B296-C347-4925-A9AD-77CFB1DDCAA5}.Debug|x86.ActiveCfg = Debug|Any CPU
		{B468B296-C347-4925-A9AD-77CFB1DDCAA5}.Release|Any CPU.ActiveCfg = Release|Any CPU
		{B468B296-C347-4925-A9AD-77CFB1DDCAA5}.Release|Any CPU.Build.0 = Release|Any CPU
		{B468B296-C347-4925-A9AD-77CFB1DDCAA5}.Release|Mixed Platforms.ActiveCfg = Release|Any CPU
		{B468B296-C347-4925-A9AD-77CFB1DDCAA5}.Release|Mixed Platforms.Build.0 = Release|Any CPU
		{B468B296-C347-4925-A9AD-77CFB1DDCAA5}.Release|x86.ActiveCfg = Release|Any CPU
		{ACDE7FF5-08E4-445A-8163-19C3844C5D69}.Debug|Any CPU.ActiveCfg = Debug|x86
		{ACDE7FF5-08E4-445A-8163-19C3844C5D69}.Debug|Mixed Platforms.ActiveCfg = Debug|x86
		{ACDE7FF5-08E4-445A-8163-19C3844C5D69}.Debug|Mixed Platforms.Build.0 = Debug|x86
		{ACDE7FF5-08E4-445A-8163-19C3844C5D69}.Debug|x86.ActiveCfg = Debug|x86
		{ACDE7FF5-08E4-445A-8163-19C3844C5D69}.Debug|x86.Build.0 = Debug|x86
		{ACDE7FF5-08E4-445A-8163-19C3844C5D69}.Release|Any CPU.ActiveCfg = Release|x86
		{ACDE7FF5-08E4-445A-8163-19C3844C5D69}.Release|Mixed Platforms.ActiveCfg = Release|x86
		{ACDE7FF5-08E4-445A-8163-19C3844C5D69}.Release|Mixed Platforms.Build.0 = Release|x86
		{ACDE7FF5-08E4-445A-8163-19C3844C5D69}.Release|x86.ActiveCfg = Release|x86
		{ACDE7FF5-08E4-445A-8163-19C3844C5D69}.Release|x86.Build.0 = Release|x86
	EndGlobalSection
	GlobalSection(SolutionProperties) = preSolution
		HideSolutionNode = FALSE
	EndGlobalSection
EndGlobal
