Microsoft Visual Studio Solution File, Format Version 11.00
# Visual Studio 2010
Project("{2150E333-8FDC-42A3-9474-1A3956D46DE8}") = "Solution Items", "Solution Items", "{EA5BFDEF-5F0B-41F7-B244-6FFA499F4CAA}"
	ProjectSection(SolutionItems) = preProject
		build.bat = build.bat
		buildCodeRocket.bat = buildCodeRocket.bat
		default.build = default.build
	EndProjectSection
EndProject
Project("{2150E333-8FDC-42A3-9474-1A3956D46DE8}") = "Libs", "Libs", "{E92DD91A-D3C8-4024-8C37-68E62339624E}"
EndProject
Project("{FAE04EC0-301F-11D3-BF4B-00C04F79EFBC}") = "CodeGeneration", "CodeGeneration\CodeGeneration.csproj", "{26B25C4E-F197-402E-9C7D-DDC13984D675}"
EndProject
Project("{FAE04EC0-301F-11D3-BF4B-00C04F79EFBC}") = "GeneratorTools", "GeneratorTools\GeneratorTools.csproj", "{C1C6B38A-1F70-4664-8A34-9A73838412AA}"
EndProject
Project("{FAE04EC0-301F-11D3-BF4B-00C04F79EFBC}") = "CodeRocket", "CodeRocket\CodeRocket.csproj", "{3A189A8E-06D3-4CDA-B83B-E0A7140765F9}"
EndProject
Project("{54435603-DBB4-11D2-8724-00A0C9A8B90C}") = "CodeRocketSetup", "CodeRocketSetup\CodeRocketSetup.vdproj", "{5D0719D4-3182-4A81-BFE4-E8BB726EAFFF}"
EndProject
Project("{FAE04EC0-301F-11D3-BF4B-00C04F79EFBC}") = "PDModelBrowser", "..\..\Libs\Controls\PDModelBrowser\PDModelBrowser.csproj", "{B7DB4BF1-6B6F-4512-87A1-D471D182A5C6}"
EndProject
Project("{FAE04EC0-301F-11D3-BF4B-00C04F79EFBC}") = "DataSchema", "DataSchema\DataSchema.csproj", "{709EF347-C049-42A5-AA99-0029AAB56C95}"
EndProject
Project("{FAE04EC0-301F-11D3-BF4B-00C04F79EFBC}") = "DataSchemaTests", "DataSchemaTests\DataSchemaTests.csproj", "{0D0ECC5A-B271-440F-96B4-7CBC3E248BAF}"
EndProject
Project("{FAE04EC0-301F-11D3-BF4B-00C04F79EFBC}") = "CodeParsing", "..\..\Libs\CodeParser\CodeParsing.csproj", "{AAEE081B-3D1E-4D11-8D4A-160715EB01D1}"
EndProject
Project("{FAE04EC0-301F-11D3-BF4B-00C04F79EFBC}") = "Savchin.Tools", "..\..\Libs\Tools\Savchin.Tools.csproj", "{2F1807E4-39A2-4F38-ADFC-6310A8443D90}"
EndProject
Project("{FAE04EC0-301F-11D3-BF4B-00C04F79EFBC}") = "Savchin.Data", "..\..\Libs\Data\Savchin.Data.csproj", "{25AB3B90-41A8-4BD4-88B6-4607D1633D4C}"
EndProject
Project("{FAE04EC0-301F-11D3-BF4B-00C04F79EFBC}") = "Savchin.Forms", "..\..\Libs\Savchin.Forms\Savchin.Forms.csproj", "{9405075A-BD64-4B54-9689-2DD716D6F92A}"
EndProject
Project("{FAE04EC0-301F-11D3-BF4B-00C04F79EFBC}") = "Savchin.WinApi", "..\..\Libs\Savchin.WinApi\Savchin.WinApi.csproj", "{DD712413-B47A-4707-A45D-84F786E47BAF}"
EndProject
Global
	GlobalSection(SolutionConfigurationPlatforms) = preSolution
		Debug|Any CPU = Debug|Any CPU
		Debug-XML|Any CPU = Debug-XML|Any CPU
		Release|Any CPU = Release|Any CPU
		Release-XML|Any CPU = Release-XML|Any CPU
	EndGlobalSection
	GlobalSection(ProjectConfigurationPlatforms) = postSolution
		{26B25C4E-F197-402E-9C7D-DDC13984D675}.Debug|Any CPU.ActiveCfg = Debug|Any CPU
		{26B25C4E-F197-402E-9C7D-DDC13984D675}.Debug|Any CPU.Build.0 = Debug|Any CPU
		{26B25C4E-F197-402E-9C7D-DDC13984D675}.Debug-XML|Any CPU.ActiveCfg = Release|Any CPU
		{26B25C4E-F197-402E-9C7D-DDC13984D675}.Debug-XML|Any CPU.Build.0 = Release|Any CPU
		{26B25C4E-F197-402E-9C7D-DDC13984D675}.Release|Any CPU.ActiveCfg = Release|Any CPU
		{26B25C4E-F197-402E-9C7D-DDC13984D675}.Release|Any CPU.Build.0 = Release|Any CPU
		{26B25C4E-F197-402E-9C7D-DDC13984D675}.Release-XML|Any CPU.ActiveCfg = Release|Any CPU
		{26B25C4E-F197-402E-9C7D-DDC13984D675}.Release-XML|Any CPU.Build.0 = Release|Any CPU
		{C1C6B38A-1F70-4664-8A34-9A73838412AA}.Debug|Any CPU.ActiveCfg = Debug|Any CPU
		{C1C6B38A-1F70-4664-8A34-9A73838412AA}.Debug|Any CPU.Build.0 = Debug|Any CPU
		{C1C6B38A-1F70-4664-8A34-9A73838412AA}.Debug-XML|Any CPU.ActiveCfg = Release|Any CPU
		{C1C6B38A-1F70-4664-8A34-9A73838412AA}.Debug-XML|Any CPU.Build.0 = Release|Any CPU
		{C1C6B38A-1F70-4664-8A34-9A73838412AA}.Release|Any CPU.ActiveCfg = Release|Any CPU
		{C1C6B38A-1F70-4664-8A34-9A73838412AA}.Release|Any CPU.Build.0 = Release|Any CPU
		{C1C6B38A-1F70-4664-8A34-9A73838412AA}.Release-XML|Any CPU.ActiveCfg = Release|Any CPU
		{C1C6B38A-1F70-4664-8A34-9A73838412AA}.Release-XML|Any CPU.Build.0 = Release|Any CPU
		{3A189A8E-06D3-4CDA-B83B-E0A7140765F9}.Debug|Any CPU.ActiveCfg = Debug|Any CPU
		{3A189A8E-06D3-4CDA-B83B-E0A7140765F9}.Debug|Any CPU.Build.0 = Debug|Any CPU
		{3A189A8E-06D3-4CDA-B83B-E0A7140765F9}.Debug-XML|Any CPU.ActiveCfg = Release|Any CPU
		{3A189A8E-06D3-4CDA-B83B-E0A7140765F9}.Debug-XML|Any CPU.Build.0 = Release|Any CPU
		{3A189A8E-06D3-4CDA-B83B-E0A7140765F9}.Release|Any CPU.ActiveCfg = Release|Any CPU
		{3A189A8E-06D3-4CDA-B83B-E0A7140765F9}.Release|Any CPU.Build.0 = Release|Any CPU
		{3A189A8E-06D3-4CDA-B83B-E0A7140765F9}.Release-XML|Any CPU.ActiveCfg = Release|Any CPU
		{3A189A8E-06D3-4CDA-B83B-E0A7140765F9}.Release-XML|Any CPU.Build.0 = Release|Any CPU
		{5D0719D4-3182-4A81-BFE4-E8BB726EAFFF}.Debug|Any CPU.ActiveCfg = Debug
		{5D0719D4-3182-4A81-BFE4-E8BB726EAFFF}.Debug-XML|Any CPU.ActiveCfg = Release
		{5D0719D4-3182-4A81-BFE4-E8BB726EAFFF}.Release|Any CPU.ActiveCfg = Release
		{5D0719D4-3182-4A81-BFE4-E8BB726EAFFF}.Release-XML|Any CPU.ActiveCfg = Release
		{B7DB4BF1-6B6F-4512-87A1-D471D182A5C6}.Debug|Any CPU.ActiveCfg = Debug|Any CPU
		{B7DB4BF1-6B6F-4512-87A1-D471D182A5C6}.Debug|Any CPU.Build.0 = Debug|Any CPU
		{B7DB4BF1-6B6F-4512-87A1-D471D182A5C6}.Debug-XML|Any CPU.ActiveCfg = Release|Any CPU
		{B7DB4BF1-6B6F-4512-87A1-D471D182A5C6}.Debug-XML|Any CPU.Build.0 = Release|Any CPU
		{B7DB4BF1-6B6F-4512-87A1-D471D182A5C6}.Release|Any CPU.ActiveCfg = Release|Any CPU
		{B7DB4BF1-6B6F-4512-87A1-D471D182A5C6}.Release|Any CPU.Build.0 = Release|Any CPU
		{B7DB4BF1-6B6F-4512-87A1-D471D182A5C6}.Release-XML|Any CPU.ActiveCfg = Release|Any CPU
		{B7DB4BF1-6B6F-4512-87A1-D471D182A5C6}.Release-XML|Any CPU.Build.0 = Release|Any CPU
		{709EF347-C049-42A5-AA99-0029AAB56C95}.Debug|Any CPU.ActiveCfg = Debug|Any CPU
		{709EF347-C049-42A5-AA99-0029AAB56C95}.Debug|Any CPU.Build.0 = Debug|Any CPU
		{709EF347-C049-42A5-AA99-0029AAB56C95}.Debug-XML|Any CPU.ActiveCfg = Release|Any CPU
		{709EF347-C049-42A5-AA99-0029AAB56C95}.Debug-XML|Any CPU.Build.0 = Release|Any CPU
		{709EF347-C049-42A5-AA99-0029AAB56C95}.Release|Any CPU.ActiveCfg = Release|Any CPU
		{709EF347-C049-42A5-AA99-0029AAB56C95}.Release|Any CPU.Build.0 = Release|Any CPU
		{709EF347-C049-42A5-AA99-0029AAB56C95}.Release-XML|Any CPU.ActiveCfg = Release|Any CPU
		{709EF347-C049-42A5-AA99-0029AAB56C95}.Release-XML|Any CPU.Build.0 = Release|Any CPU
		{0D0ECC5A-B271-440F-96B4-7CBC3E248BAF}.Debug|Any CPU.ActiveCfg = Debug|Any CPU
		{0D0ECC5A-B271-440F-96B4-7CBC3E248BAF}.Debug|Any CPU.Build.0 = Debug|Any CPU
		{0D0ECC5A-B271-440F-96B4-7CBC3E248BAF}.Debug-XML|Any CPU.ActiveCfg = Release|Any CPU
		{0D0ECC5A-B271-440F-96B4-7CBC3E248BAF}.Debug-XML|Any CPU.Build.0 = Release|Any CPU
		{0D0ECC5A-B271-440F-96B4-7CBC3E248BAF}.Release|Any CPU.ActiveCfg = Release|Any CPU
		{0D0ECC5A-B271-440F-96B4-7CBC3E248BAF}.Release|Any CPU.Build.0 = Release|Any CPU
		{0D0ECC5A-B271-440F-96B4-7CBC3E248BAF}.Release-XML|Any CPU.ActiveCfg = Release|Any CPU
		{0D0ECC5A-B271-440F-96B4-7CBC3E248BAF}.Release-XML|Any CPU.Build.0 = Release|Any CPU
		{AAEE081B-3D1E-4D11-8D4A-160715EB01D1}.Debug|Any CPU.ActiveCfg = Debug|Any CPU
		{AAEE081B-3D1E-4D11-8D4A-160715EB01D1}.Debug|Any CPU.Build.0 = Debug|Any CPU
		{AAEE081B-3D1E-4D11-8D4A-160715EB01D1}.Debug-XML|Any CPU.ActiveCfg = Debug|Any CPU
		{AAEE081B-3D1E-4D11-8D4A-160715EB01D1}.Debug-XML|Any CPU.Build.0 = Debug|Any CPU
		{AAEE081B-3D1E-4D11-8D4A-160715EB01D1}.Release|Any CPU.ActiveCfg = Release|Any CPU
		{AAEE081B-3D1E-4D11-8D4A-160715EB01D1}.Release|Any CPU.Build.0 = Release|Any CPU
		{AAEE081B-3D1E-4D11-8D4A-160715EB01D1}.Release-XML|Any CPU.ActiveCfg = Release|Any CPU
		{AAEE081B-3D1E-4D11-8D4A-160715EB01D1}.Release-XML|Any CPU.Build.0 = Release|Any CPU
		{2F1807E4-39A2-4F38-ADFC-6310A8443D90}.Debug|Any CPU.ActiveCfg = Debug|Any CPU
		{2F1807E4-39A2-4F38-ADFC-6310A8443D90}.Debug|Any CPU.Build.0 = Debug|Any CPU
		{2F1807E4-39A2-4F38-ADFC-6310A8443D90}.Debug-XML|Any CPU.ActiveCfg = Debug|Any CPU
		{2F1807E4-39A2-4F38-ADFC-6310A8443D90}.Debug-XML|Any CPU.Build.0 = Debug|Any CPU
		{2F1807E4-39A2-4F38-ADFC-6310A8443D90}.Release|Any CPU.ActiveCfg = Release|Any CPU
		{2F1807E4-39A2-4F38-ADFC-6310A8443D90}.Release|Any CPU.Build.0 = Release|Any CPU
		{2F1807E4-39A2-4F38-ADFC-6310A8443D90}.Release-XML|Any CPU.ActiveCfg = Release|Any CPU
		{2F1807E4-39A2-4F38-ADFC-6310A8443D90}.Release-XML|Any CPU.Build.0 = Release|Any CPU
		{25AB3B90-41A8-4BD4-88B6-4607D1633D4C}.Debug|Any CPU.ActiveCfg = Debug|Any CPU
		{25AB3B90-41A8-4BD4-88B6-4607D1633D4C}.Debug|Any CPU.Build.0 = Debug|Any CPU
		{25AB3B90-41A8-4BD4-88B6-4607D1633D4C}.Debug-XML|Any CPU.ActiveCfg = Debug|Any CPU
		{25AB3B90-41A8-4BD4-88B6-4607D1633D4C}.Debug-XML|Any CPU.Build.0 = Debug|Any CPU
		{25AB3B90-41A8-4BD4-88B6-4607D1633D4C}.Release|Any CPU.ActiveCfg = Release|Any CPU
		{25AB3B90-41A8-4BD4-88B6-4607D1633D4C}.Release|Any CPU.Build.0 = Release|Any CPU
		{25AB3B90-41A8-4BD4-88B6-4607D1633D4C}.Release-XML|Any CPU.ActiveCfg = Release|Any CPU
		{25AB3B90-41A8-4BD4-88B6-4607D1633D4C}.Release-XML|Any CPU.Build.0 = Release|Any CPU
		{9405075A-BD64-4B54-9689-2DD716D6F92A}.Debug|Any CPU.ActiveCfg = Debug|Any CPU
		{9405075A-BD64-4B54-9689-2DD716D6F92A}.Debug|Any CPU.Build.0 = Debug|Any CPU
		{9405075A-BD64-4B54-9689-2DD716D6F92A}.Debug-XML|Any CPU.ActiveCfg = Debug|Any CPU
		{9405075A-BD64-4B54-9689-2DD716D6F92A}.Debug-XML|Any CPU.Build.0 = Debug|Any CPU
		{9405075A-BD64-4B54-9689-2DD716D6F92A}.Release|Any CPU.ActiveCfg = Release|Any CPU
		{9405075A-BD64-4B54-9689-2DD716D6F92A}.Release|Any CPU.Build.0 = Release|Any CPU
		{9405075A-BD64-4B54-9689-2DD716D6F92A}.Release-XML|Any CPU.ActiveCfg = Release|Any CPU
		{9405075A-BD64-4B54-9689-2DD716D6F92A}.Release-XML|Any CPU.Build.0 = Release|Any CPU
		{DD712413-B47A-4707-A45D-84F786E47BAF}.Debug|Any CPU.ActiveCfg = Debug|Any CPU
		{DD712413-B47A-4707-A45D-84F786E47BAF}.Debug|Any CPU.Build.0 = Debug|Any CPU
		{DD712413-B47A-4707-A45D-84F786E47BAF}.Debug-XML|Any CPU.ActiveCfg = Debug|Any CPU
		{DD712413-B47A-4707-A45D-84F786E47BAF}.Debug-XML|Any CPU.Build.0 = Debug|Any CPU
		{DD712413-B47A-4707-A45D-84F786E47BAF}.Release|Any CPU.ActiveCfg = Release|Any CPU
		{DD712413-B47A-4707-A45D-84F786E47BAF}.Release|Any CPU.Build.0 = Release|Any CPU
		{DD712413-B47A-4707-A45D-84F786E47BAF}.Release-XML|Any CPU.ActiveCfg = Release|Any CPU
		{DD712413-B47A-4707-A45D-84F786E47BAF}.Release-XML|Any CPU.Build.0 = Release|Any CPU
	EndGlobalSection
	GlobalSection(SolutionProperties) = preSolution
		HideSolutionNode = FALSE
	EndGlobalSection
	GlobalSection(NestedProjects) = preSolution
		{AAEE081B-3D1E-4D11-8D4A-160715EB01D1} = {E92DD91A-D3C8-4024-8C37-68E62339624E}
		{2F1807E4-39A2-4F38-ADFC-6310A8443D90} = {E92DD91A-D3C8-4024-8C37-68E62339624E}
		{25AB3B90-41A8-4BD4-88B6-4607D1633D4C} = {E92DD91A-D3C8-4024-8C37-68E62339624E}
		{9405075A-BD64-4B54-9689-2DD716D6F92A} = {E92DD91A-D3C8-4024-8C37-68E62339624E}
		{DD712413-B47A-4707-A45D-84F786E47BAF} = {E92DD91A-D3C8-4024-8C37-68E62339624E}
	EndGlobalSection
EndGlobal
