Microsoft Visual Studio Solution File, Format Version 8.00
Project("{F184B08F-C81C-45F6-A57F-5ABD9991F28F}") = "FileBrowser", "FileBrowser.vbproj", "{4BC2B3AC-7081-4B95-8FA9-E3EE75A60DF0}"
	ProjectSection(ProjectDependencies) = postProject
	EndProjectSection
EndProject
Global
	GlobalSection(SolutionConfiguration) = preSolution
		Debug = Debug
		Release = Release
	EndGlobalSection
	GlobalSection(ProjectConfiguration) = postSolution
		{4BC2B3AC-7081-4B95-8FA9-E3EE75A60DF0}.Debug.ActiveCfg = Debug|.NET
		{4BC2B3AC-7081-4B95-8FA9-E3EE75A60DF0}.Debug.Build.0 = Debug|.NET
		{4BC2B3AC-7081-4B95-8FA9-E3EE75A60DF0}.Release.ActiveCfg = Release|.NET
		{4BC2B3AC-7081-4B95-8FA9-E3EE75A60DF0}.Release.Build.0 = Release|.NET
	EndGlobalSection
	GlobalSection(ExtensibilityGlobals) = postSolution
	EndGlobalSection
	GlobalSection(ExtensibilityAddIns) = postSolution
	EndGlobalSection
EndGlobal
