
Microsoft Visual Studio Solution File, Format Version 12.00
# Visual Studio 15
VisualStudioVersion = 15.0.28307.421
MinimumVisualStudioVersion = 10.0.40219.1
Project("{FAE04EC0-301F-11D3-BF4B-00C04F79EFBC}") = "AoM.Viewer", "AoM.Viewer\AoM.Viewer.csproj", "{CC8A4D59-8764-42A2-B069-B051E853A071}"
EndProject
Project("{FAE04EC0-301F-11D3-BF4B-00C04F79EFBC}") = "WPF.Tools", "..\WPF.Tools\WPF.Tools.csproj", "{DF7E8E9F-5B87-4561-AD02-38AE103C3DE6}"
EndProject
Project("{FAE04EC0-301F-11D3-BF4B-00C04F79EFBC}") = "Savchin.Tools", "..\..\Libs\Tools\Savchin.Tools.csproj", "{2F1807E4-39A2-4F38-ADFC-6310A8443D90}"
EndProject
Global
	GlobalSection(SolutionConfigurationPlatforms) = preSolution
		Client Debug|Any CPU = Client Debug|Any CPU
		Client Release|Any CPU = Client Release|Any CPU
		Debug|Any CPU = Debug|Any CPU
		Release|Any CPU = Release|Any CPU
	EndGlobalSection
	GlobalSection(ProjectConfigurationPlatforms) = postSolution
		{CC8A4D59-8764-42A2-B069-B051E853A071}.Client Debug|Any CPU.ActiveCfg = Debug|Any CPU
		{CC8A4D59-8764-42A2-B069-B051E853A071}.Client Debug|Any CPU.Build.0 = Debug|Any CPU
		{CC8A4D59-8764-42A2-B069-B051E853A071}.Client Release|Any CPU.ActiveCfg = Release|Any CPU
		{CC8A4D59-8764-42A2-B069-B051E853A071}.Client Release|Any CPU.Build.0 = Release|Any CPU
		{CC8A4D59-8764-42A2-B069-B051E853A071}.Debug|Any CPU.ActiveCfg = Debug|Any CPU
		{CC8A4D59-8764-42A2-B069-B051E853A071}.Debug|Any CPU.Build.0 = Debug|Any CPU
		{CC8A4D59-8764-42A2-B069-B051E853A071}.Release|Any CPU.ActiveCfg = Release|Any CPU
		{CC8A4D59-8764-42A2-B069-B051E853A071}.Release|Any CPU.Build.0 = Release|Any CPU
		{DF7E8E9F-5B87-4561-AD02-38AE103C3DE6}.Client Debug|Any CPU.ActiveCfg = Debug|Any CPU
		{DF7E8E9F-5B87-4561-AD02-38AE103C3DE6}.Client Debug|Any CPU.Build.0 = Debug|Any CPU
		{DF7E8E9F-5B87-4561-AD02-38AE103C3DE6}.Client Release|Any CPU.ActiveCfg = Release|Any CPU
		{DF7E8E9F-5B87-4561-AD02-38AE103C3DE6}.Client Release|Any CPU.Build.0 = Release|Any CPU
		{DF7E8E9F-5B87-4561-AD02-38AE103C3DE6}.Debug|Any CPU.ActiveCfg = Debug|Any CPU
		{DF7E8E9F-5B87-4561-AD02-38AE103C3DE6}.Debug|Any CPU.Build.0 = Debug|Any CPU
		{DF7E8E9F-5B87-4561-AD02-38AE103C3DE6}.Release|Any CPU.ActiveCfg = Release|Any CPU
		{DF7E8E9F-5B87-4561-AD02-38AE103C3DE6}.Release|Any CPU.Build.0 = Release|Any CPU
		{2F1807E4-39A2-4F38-ADFC-6310A8443D90}.Client Debug|Any CPU.ActiveCfg = Client Debug|Any CPU
		{2F1807E4-39A2-4F38-ADFC-6310A8443D90}.Client Debug|Any CPU.Build.0 = Client Debug|Any CPU
		{2F1807E4-39A2-4F38-ADFC-6310A8443D90}.Client Release|Any CPU.ActiveCfg = Client Release|Any CPU
		{2F1807E4-39A2-4F38-ADFC-6310A8443D90}.Client Release|Any CPU.Build.0 = Client Release|Any CPU
		{2F1807E4-39A2-4F38-ADFC-6310A8443D90}.Debug|Any CPU.ActiveCfg = Debug|Any CPU
		{2F1807E4-39A2-4F38-ADFC-6310A8443D90}.Debug|Any CPU.Build.0 = Debug|Any CPU
		{2F1807E4-39A2-4F38-ADFC-6310A8443D90}.Release|Any CPU.ActiveCfg = Release|Any CPU
		{2F1807E4-39A2-4F38-ADFC-6310A8443D90}.Release|Any CPU.Build.0 = Release|Any CPU
	EndGlobalSection
	GlobalSection(SolutionProperties) = preSolution
		HideSolutionNode = FALSE
	EndGlobalSection
	GlobalSection(ExtensibilityGlobals) = postSolution
		SolutionGuid = {3B2B7038-9D5F-4108-BA83-A8E36220E0CF}
	EndGlobalSection
EndGlobal
