
Microsoft Visual Studio Solution File, Format Version 12.00
# Visual Studio 2012
Project("{FAE04EC0-301F-11D3-BF4B-00C04F79EFBC}") = "DataStorage", "DataStorage\DataStorage.csproj", "{66FD89C6-CA4F-4CDD-9954-D6D6DB5C6A15}"
	ProjectSection(ProjectDependencies) = postProject
		{9DB49380-C36C-4A36-801E-17D83E3E0471} = {9DB49380-C36C-4A36-801E-17D83E3E0471}
		{00F104FE-2303-43FA-BAE5-75DA0CEA38B4} = {00F104FE-2303-43FA-BAE5-75DA0CEA38B4}
	EndProjectSection
EndProject
Project("{FAE04EC0-301F-11D3-BF4B-00C04F79EFBC}") = "KnowledgeBase.Dal", "..\DAL\KnowledgeBase.Dal\KnowledgeBase.Dal.csproj", "{100BEE5D-A096-441D-8629-32AC1C7CF36B}"
EndProject
Project("{FAE04EC0-301F-11D3-BF4B-00C04F79EFBC}") = "KnowledgeBase.BussinesLayer", "..\BussinesLayer\KnowledgeBase.BussinesLayer\KnowledgeBase.BussinesLayer.csproj", "{6AAC6319-BBDA-4CCA-9282-7C44B7C23AFB}"
EndProject
Project("{FAE04EC0-301F-11D3-BF4B-00C04F79EFBC}") = "KnowledgeBase.Mssql.Dal", "..\DAL\KnowledgeBase.Mssql.Dal\KnowledgeBase.Mssql.Dal.csproj", "{1D9AC6C7-77AF-4C28-8127-3301C61DA07F}"
EndProject
Project("{FAE04EC0-301F-11D3-BF4B-00C04F79EFBC}") = "Savchin.Tools", "..\..\Libs\Tools\Savchin.Tools.csproj", "{2F1807E4-39A2-4F38-ADFC-6310A8443D90}"
EndProject
Project("{FAE04EC0-301F-11D3-BF4B-00C04F79EFBC}") = "WPF.Tools", "..\..\WPF\WPF.Tools\WPF.Tools.csproj", "{DF7E8E9F-5B87-4561-AD02-38AE103C3DE6}"
EndProject
Project("{FAE04EC0-301F-11D3-BF4B-00C04F79EFBC}") = "Savchin.Wpf.Controls", "..\..\WPF\Controls\Savchin.Wpf.Controls.csproj", "{94FAF521-458A-4A1B-BEE6-42A5A738F6AB}"
EndProject
Project("{FAE04EC0-301F-11D3-BF4B-00C04F79EFBC}") = "Savchin.Web", "..\..\Libs\Savchin.Web\Savchin.Web.csproj", "{BFF8B5DA-97CA-401F-8BDC-D9B3B50FD8EB}"
EndProject
Project("{2150E333-8FDC-42A3-9474-1A3956D46DE8}") = "Resources", "Resources", "{E5E3CEBE-F389-4D98-8749-B92E58697EF9}"
	ProjectSection(SolutionItems) = preProject
		..\Resources\DAO.tsql = ..\Resources\DAO.tsql
		..\Resources\Data.schema = ..\Resources\Data.schema
		..\Resources\Entity.tcs = ..\Resources\Entity.tcs
		..\Resources\EntityValue.tcs = ..\Resources\EntityValue.tcs
		..\Resources\Manager.tcs = ..\Resources\Manager.tcs
		..\Resources\ManagerTests.tcs = ..\Resources\ManagerTests.tcs
		..\Resources\Mssql.Factory.tcs = ..\Resources\Mssql.Factory.tcs
		..\Resources\Project.gp = ..\Resources\Project.gp
		..\Resources\spGetBy.tsql = ..\Resources\spGetBy.tsql
		..\Resources\SqlLite.Factory.tcs = ..\Resources\SqlLite.Factory.tcs
	EndProjectSection
EndProject
Project("{FAE04EC0-301F-11D3-BF4B-00C04F79EFBC}") = "Savchin.Data", "..\..\Libs\Data\Savchin.Data.csproj", "{25AB3B90-41A8-4BD4-88B6-4607D1633D4C}"
EndProject
Project("{2150E333-8FDC-42A3-9474-1A3956D46DE8}") = "DAL", "DAL", "{55941AAB-7CAF-423A-A775-60023F76F172}"
EndProject
Project("{2150E333-8FDC-42A3-9474-1A3956D46DE8}") = "Common", "Common", "{C3F554CB-3D70-4324-964A-87DE409780DA}"
EndProject
Project("{FAE04EC0-301F-11D3-BF4B-00C04F79EFBC}") = "KnowledgeBase.SqlLite.Dal", "..\DAL\KnowledgeBase.SqlLite.Dal\KnowledgeBase.SqlLite.Dal.csproj", "{08A1D88F-1068-4CBC-B744-753789CE806F}"
EndProject
Project("{FAE04EC0-301F-11D3-BF4B-00C04F79EFBC}") = "MiniHttpd", "..\..\MiniHttpd\MiniHttpd\MiniHttpd.csproj", "{3E1BEF4C-CC09-4C31-AFB5-15A951811AC6}"
EndProject
Project("{FAE04EC0-301F-11D3-BF4B-00C04F79EFBC}") = "KnowledgeBase.Google.Dal", "..\DAL\KnowledgeBase.Google.Dal\KnowledgeBase.Google.Dal.csproj", "{F86E57F4-070D-4D01-9D87-7EC9504F3983}"
EndProject
Project("{FAE04EC0-301F-11D3-BF4B-00C04F79EFBC}") = "KnowledgeBase.BussinesLayer.Tests", "..\BussinesLayer\BussinesLayerTests\KnowledgeBase.BussinesLayer.Tests.csproj", "{896624F4-8CAC-413A-8BD2-34CB2A977A11}"
EndProject
Project("{FAE04EC0-301F-11D3-BF4B-00C04F79EFBC}") = "KnowledgeBase.Controls", "KnowledgeBase.Controls\KnowledgeBase.Controls.csproj", "{B0B56933-0F39-459A-B0C2-122116ABB0C3}"
EndProject
Project("{2150E333-8FDC-42A3-9474-1A3956D46DE8}") = "Controls", "Controls", "{FA145C45-5BD2-4C2C-BC93-D7CCCFB481D2}"
EndProject
Project("{FAE04EC0-301F-11D3-BF4B-00C04F79EFBC}") = "KnowledgeBase.FCKEditor", "KnowledgeBase.FCKEditor\KnowledgeBase.FCKEditor.csproj", "{00F104FE-2303-43FA-BAE5-75DA0CEA38B4}"
EndProject
Project("{FAE04EC0-301F-11D3-BF4B-00C04F79EFBC}") = "KnowledgeBase.TelerikEditor", "KnowledgeBase.TelerikEditor\KnowledgeBase.TelerikEditor.csproj", "{9DB49380-C36C-4A36-801E-17D83E3E0471}"
EndProject
Project("{FAE04EC0-301F-11D3-BF4B-00C04F79EFBC}") = "KnowledgeBase.Core", "KnowledgeBase.Core\KnowledgeBase.Core.csproj", "{CBEE1F04-7283-4845-A3F6-20CD8F617333}"
EndProject
Project("{2150E333-8FDC-42A3-9474-1A3956D46DE8}") = "BL", "BL", "{7C41FAD9-E599-4C12-B1C8-31DE57BD54A0}"
EndProject
Project("{FAE04EC0-301F-11D3-BF4B-00C04F79EFBC}") = "KnowledgeBase.BussinesLayer.Google", "..\BussinesLayer\KnowledgeBase.BussinesLayer.Google\KnowledgeBase.BussinesLayer.Google.csproj", "{1C5A893F-6EDD-4E72-8316-B8E803EC9564}"
EndProject
Project("{FAE04EC0-301F-11D3-BF4B-00C04F79EFBC}") = "Savchin.WinApi", "..\..\Libs\Savchin.WinApi\Savchin.WinApi.csproj", "{DD712413-B47A-4707-A45D-84F786E47BAF}"
EndProject
Global
	GlobalSection(SolutionConfigurationPlatforms) = preSolution
		Debug|Any CPU = Debug|Any CPU
		Debug|Mixed Platforms = Debug|Mixed Platforms
		Debug|x86 = Debug|x86
		Debug40|Any CPU = Debug40|Any CPU
		Debug40|Mixed Platforms = Debug40|Mixed Platforms
		Debug40|x86 = Debug40|x86
		Release|Any CPU = Release|Any CPU
		Release|Mixed Platforms = Release|Mixed Platforms
		Release|x86 = Release|x86
		Release40|Any CPU = Release40|Any CPU
		Release40|Mixed Platforms = Release40|Mixed Platforms
		Release40|x86 = Release40|x86
	EndGlobalSection
	GlobalSection(ProjectConfigurationPlatforms) = postSolution
		{66FD89C6-CA4F-4CDD-9954-D6D6DB5C6A15}.Debug|Any CPU.ActiveCfg = Debug|x86
		{66FD89C6-CA4F-4CDD-9954-D6D6DB5C6A15}.Debug|Any CPU.Build.0 = Debug|x86
		{66FD89C6-CA4F-4CDD-9954-D6D6DB5C6A15}.Debug|Mixed Platforms.ActiveCfg = Debug|x86
		{66FD89C6-CA4F-4CDD-9954-D6D6DB5C6A15}.Debug|Mixed Platforms.Build.0 = Debug|x86
		{66FD89C6-CA4F-4CDD-9954-D6D6DB5C6A15}.Debug|x86.ActiveCfg = Debug|x86
		{66FD89C6-CA4F-4CDD-9954-D6D6DB5C6A15}.Debug|x86.Build.0 = Debug|x86
		{66FD89C6-CA4F-4CDD-9954-D6D6DB5C6A15}.Debug40|Any CPU.ActiveCfg = Debug|x86
		{66FD89C6-CA4F-4CDD-9954-D6D6DB5C6A15}.Debug40|Mixed Platforms.ActiveCfg = Debug|x86
		{66FD89C6-CA4F-4CDD-9954-D6D6DB5C6A15}.Debug40|Mixed Platforms.Build.0 = Debug|x86
		{66FD89C6-CA4F-4CDD-9954-D6D6DB5C6A15}.Debug40|x86.ActiveCfg = Debug|x86
		{66FD89C6-CA4F-4CDD-9954-D6D6DB5C6A15}.Debug40|x86.Build.0 = Debug|x86
		{66FD89C6-CA4F-4CDD-9954-D6D6DB5C6A15}.Release|Any CPU.ActiveCfg = Release|x86
		{66FD89C6-CA4F-4CDD-9954-D6D6DB5C6A15}.Release|Any CPU.Build.0 = Release|x86
		{66FD89C6-CA4F-4CDD-9954-D6D6DB5C6A15}.Release|Mixed Platforms.ActiveCfg = Release|x86
		{66FD89C6-CA4F-4CDD-9954-D6D6DB5C6A15}.Release|Mixed Platforms.Build.0 = Release|x86
		{66FD89C6-CA4F-4CDD-9954-D6D6DB5C6A15}.Release|x86.ActiveCfg = Release|x86
		{66FD89C6-CA4F-4CDD-9954-D6D6DB5C6A15}.Release|x86.Build.0 = Release|x86
		{66FD89C6-CA4F-4CDD-9954-D6D6DB5C6A15}.Release40|Any CPU.ActiveCfg = Release|x86
		{66FD89C6-CA4F-4CDD-9954-D6D6DB5C6A15}.Release40|Mixed Platforms.ActiveCfg = Release|x86
		{66FD89C6-CA4F-4CDD-9954-D6D6DB5C6A15}.Release40|Mixed Platforms.Build.0 = Release|x86
		{66FD89C6-CA4F-4CDD-9954-D6D6DB5C6A15}.Release40|x86.ActiveCfg = Release|x86
		{66FD89C6-CA4F-4CDD-9954-D6D6DB5C6A15}.Release40|x86.Build.0 = Release|x86
		{100BEE5D-A096-441D-8629-32AC1C7CF36B}.Debug|Any CPU.ActiveCfg = Debug|Any CPU
		{100BEE5D-A096-441D-8629-32AC1C7CF36B}.Debug|Any CPU.Build.0 = Debug|Any CPU
		{100BEE5D-A096-441D-8629-32AC1C7CF36B}.Debug|Mixed Platforms.ActiveCfg = Debug|Any CPU
		{100BEE5D-A096-441D-8629-32AC1C7CF36B}.Debug|Mixed Platforms.Build.0 = Debug|Any CPU
		{100BEE5D-A096-441D-8629-32AC1C7CF36B}.Debug|x86.ActiveCfg = Debug|Any CPU
		{100BEE5D-A096-441D-8629-32AC1C7CF36B}.Debug40|Any CPU.ActiveCfg = Debug|Any CPU
		{100BEE5D-A096-441D-8629-32AC1C7CF36B}.Debug40|Any CPU.Build.0 = Debug|Any CPU
		{100BEE5D-A096-441D-8629-32AC1C7CF36B}.Debug40|Mixed Platforms.ActiveCfg = Debug|Any CPU
		{100BEE5D-A096-441D-8629-32AC1C7CF36B}.Debug40|Mixed Platforms.Build.0 = Debug|Any CPU
		{100BEE5D-A096-441D-8629-32AC1C7CF36B}.Debug40|x86.ActiveCfg = Debug|Any CPU
		{100BEE5D-A096-441D-8629-32AC1C7CF36B}.Release|Any CPU.ActiveCfg = Release|Any CPU
		{100BEE5D-A096-441D-8629-32AC1C7CF36B}.Release|Any CPU.Build.0 = Release|Any CPU
		{100BEE5D-A096-441D-8629-32AC1C7CF36B}.Release|Mixed Platforms.ActiveCfg = Release|Any CPU
		{100BEE5D-A096-441D-8629-32AC1C7CF36B}.Release|Mixed Platforms.Build.0 = Release|Any CPU
		{100BEE5D-A096-441D-8629-32AC1C7CF36B}.Release|x86.ActiveCfg = Release|Any CPU
		{100BEE5D-A096-441D-8629-32AC1C7CF36B}.Release40|Any CPU.ActiveCfg = Release|Any CPU
		{100BEE5D-A096-441D-8629-32AC1C7CF36B}.Release40|Any CPU.Build.0 = Release|Any CPU
		{100BEE5D-A096-441D-8629-32AC1C7CF36B}.Release40|Mixed Platforms.ActiveCfg = Release|Any CPU
		{100BEE5D-A096-441D-8629-32AC1C7CF36B}.Release40|Mixed Platforms.Build.0 = Release|Any CPU
		{100BEE5D-A096-441D-8629-32AC1C7CF36B}.Release40|x86.ActiveCfg = Release|Any CPU
		{6AAC6319-BBDA-4CCA-9282-7C44B7C23AFB}.Debug|Any CPU.ActiveCfg = Debug|Any CPU
		{6AAC6319-BBDA-4CCA-9282-7C44B7C23AFB}.Debug|Any CPU.Build.0 = Debug|Any CPU
		{6AAC6319-BBDA-4CCA-9282-7C44B7C23AFB}.Debug|Mixed Platforms.ActiveCfg = Debug|Any CPU
		{6AAC6319-BBDA-4CCA-9282-7C44B7C23AFB}.Debug|Mixed Platforms.Build.0 = Debug|Any CPU
		{6AAC6319-BBDA-4CCA-9282-7C44B7C23AFB}.Debug|x86.ActiveCfg = Debug|Any CPU
		{6AAC6319-BBDA-4CCA-9282-7C44B7C23AFB}.Debug40|Any CPU.ActiveCfg = Debug|Any CPU
		{6AAC6319-BBDA-4CCA-9282-7C44B7C23AFB}.Debug40|Any CPU.Build.0 = Debug|Any CPU
		{6AAC6319-BBDA-4CCA-9282-7C44B7C23AFB}.Debug40|Mixed Platforms.ActiveCfg = Debug|Any CPU
		{6AAC6319-BBDA-4CCA-9282-7C44B7C23AFB}.Debug40|Mixed Platforms.Build.0 = Debug|Any CPU
		{6AAC6319-BBDA-4CCA-9282-7C44B7C23AFB}.Debug40|x86.ActiveCfg = Debug|Any CPU
		{6AAC6319-BBDA-4CCA-9282-7C44B7C23AFB}.Release|Any CPU.ActiveCfg = Release|Any CPU
		{6AAC6319-BBDA-4CCA-9282-7C44B7C23AFB}.Release|Any CPU.Build.0 = Release|Any CPU
		{6AAC6319-BBDA-4CCA-9282-7C44B7C23AFB}.Release|Mixed Platforms.ActiveCfg = Release|Any CPU
		{6AAC6319-BBDA-4CCA-9282-7C44B7C23AFB}.Release|Mixed Platforms.Build.0 = Release|Any CPU
		{6AAC6319-BBDA-4CCA-9282-7C44B7C23AFB}.Release|x86.ActiveCfg = Release|Any CPU
		{6AAC6319-BBDA-4CCA-9282-7C44B7C23AFB}.Release40|Any CPU.ActiveCfg = Release|Any CPU
		{6AAC6319-BBDA-4CCA-9282-7C44B7C23AFB}.Release40|Any CPU.Build.0 = Release|Any CPU
		{6AAC6319-BBDA-4CCA-9282-7C44B7C23AFB}.Release40|Mixed Platforms.ActiveCfg = Release|Any CPU
		{6AAC6319-BBDA-4CCA-9282-7C44B7C23AFB}.Release40|Mixed Platforms.Build.0 = Release|Any CPU
		{6AAC6319-BBDA-4CCA-9282-7C44B7C23AFB}.Release40|x86.ActiveCfg = Release|Any CPU
		{1D9AC6C7-77AF-4C28-8127-3301C61DA07F}.Debug|Any CPU.ActiveCfg = Debug|Any CPU
		{1D9AC6C7-77AF-4C28-8127-3301C61DA07F}.Debug|Any CPU.Build.0 = Debug|Any CPU
		{1D9AC6C7-77AF-4C28-8127-3301C61DA07F}.Debug|Mixed Platforms.ActiveCfg = Debug|Any CPU
		{1D9AC6C7-77AF-4C28-8127-3301C61DA07F}.Debug|Mixed Platforms.Build.0 = Debug|Any CPU
		{1D9AC6C7-77AF-4C28-8127-3301C61DA07F}.Debug|x86.ActiveCfg = Debug|Any CPU
		{1D9AC6C7-77AF-4C28-8127-3301C61DA07F}.Debug40|Any CPU.ActiveCfg = Debug|Any CPU
		{1D9AC6C7-77AF-4C28-8127-3301C61DA07F}.Debug40|Any CPU.Build.0 = Debug|Any CPU
		{1D9AC6C7-77AF-4C28-8127-3301C61DA07F}.Debug40|Mixed Platforms.ActiveCfg = Debug|Any CPU
		{1D9AC6C7-77AF-4C28-8127-3301C61DA07F}.Debug40|Mixed Platforms.Build.0 = Debug|Any CPU
		{1D9AC6C7-77AF-4C28-8127-3301C61DA07F}.Debug40|x86.ActiveCfg = Debug|Any CPU
		{1D9AC6C7-77AF-4C28-8127-3301C61DA07F}.Release|Any CPU.ActiveCfg = Release|Any CPU
		{1D9AC6C7-77AF-4C28-8127-3301C61DA07F}.Release|Any CPU.Build.0 = Release|Any CPU
		{1D9AC6C7-77AF-4C28-8127-3301C61DA07F}.Release|Mixed Platforms.ActiveCfg = Release|Any CPU
		{1D9AC6C7-77AF-4C28-8127-3301C61DA07F}.Release|Mixed Platforms.Build.0 = Release|Any CPU
		{1D9AC6C7-77AF-4C28-8127-3301C61DA07F}.Release|x86.ActiveCfg = Release|Any CPU
		{1D9AC6C7-77AF-4C28-8127-3301C61DA07F}.Release40|Any CPU.ActiveCfg = Release|Any CPU
		{1D9AC6C7-77AF-4C28-8127-3301C61DA07F}.Release40|Any CPU.Build.0 = Release|Any CPU
		{1D9AC6C7-77AF-4C28-8127-3301C61DA07F}.Release40|Mixed Platforms.ActiveCfg = Release|Any CPU
		{1D9AC6C7-77AF-4C28-8127-3301C61DA07F}.Release40|Mixed Platforms.Build.0 = Release|Any CPU
		{1D9AC6C7-77AF-4C28-8127-3301C61DA07F}.Release40|x86.ActiveCfg = Release|Any CPU
		{2F1807E4-39A2-4F38-ADFC-6310A8443D90}.Debug|Any CPU.ActiveCfg = Debug|Any CPU
		{2F1807E4-39A2-4F38-ADFC-6310A8443D90}.Debug|Any CPU.Build.0 = Debug|Any CPU
		{2F1807E4-39A2-4F38-ADFC-6310A8443D90}.Debug|Mixed Platforms.ActiveCfg = Debug|Any CPU
		{2F1807E4-39A2-4F38-ADFC-6310A8443D90}.Debug|Mixed Platforms.Build.0 = Debug|Any CPU
		{2F1807E4-39A2-4F38-ADFC-6310A8443D90}.Debug|x86.ActiveCfg = Debug|Any CPU
		{2F1807E4-39A2-4F38-ADFC-6310A8443D90}.Debug40|Any CPU.ActiveCfg = Debug|Any CPU
		{2F1807E4-39A2-4F38-ADFC-6310A8443D90}.Debug40|Any CPU.Build.0 = Debug|Any CPU
		{2F1807E4-39A2-4F38-ADFC-6310A8443D90}.Debug40|Mixed Platforms.ActiveCfg = Debug|Any CPU
		{2F1807E4-39A2-4F38-ADFC-6310A8443D90}.Debug40|Mixed Platforms.Build.0 = Debug|Any CPU
		{2F1807E4-39A2-4F38-ADFC-6310A8443D90}.Debug40|x86.ActiveCfg = Debug|Any CPU
		{2F1807E4-39A2-4F38-ADFC-6310A8443D90}.Release|Any CPU.ActiveCfg = Release|Any CPU
		{2F1807E4-39A2-4F38-ADFC-6310A8443D90}.Release|Any CPU.Build.0 = Release|Any CPU
		{2F1807E4-39A2-4F38-ADFC-6310A8443D90}.Release|Mixed Platforms.ActiveCfg = Release|Any CPU
		{2F1807E4-39A2-4F38-ADFC-6310A8443D90}.Release|Mixed Platforms.Build.0 = Release|Any CPU
		{2F1807E4-39A2-4F38-ADFC-6310A8443D90}.Release|x86.ActiveCfg = Release|Any CPU
		{2F1807E4-39A2-4F38-ADFC-6310A8443D90}.Release40|Any CPU.ActiveCfg = Release|Any CPU
		{2F1807E4-39A2-4F38-ADFC-6310A8443D90}.Release40|Any CPU.Build.0 = Release|Any CPU
		{2F1807E4-39A2-4F38-ADFC-6310A8443D90}.Release40|Mixed Platforms.ActiveCfg = Release|Any CPU
		{2F1807E4-39A2-4F38-ADFC-6310A8443D90}.Release40|Mixed Platforms.Build.0 = Release|Any CPU
		{2F1807E4-39A2-4F38-ADFC-6310A8443D90}.Release40|x86.ActiveCfg = Release|Any CPU
		{DF7E8E9F-5B87-4561-AD02-38AE103C3DE6}.Debug|Any CPU.ActiveCfg = Debug|Any CPU
		{DF7E8E9F-5B87-4561-AD02-38AE103C3DE6}.Debug|Any CPU.Build.0 = Debug|Any CPU
		{DF7E8E9F-5B87-4561-AD02-38AE103C3DE6}.Debug|Mixed Platforms.ActiveCfg = Debug|Any CPU
		{DF7E8E9F-5B87-4561-AD02-38AE103C3DE6}.Debug|Mixed Platforms.Build.0 = Debug|Any CPU
		{DF7E8E9F-5B87-4561-AD02-38AE103C3DE6}.Debug|x86.ActiveCfg = Debug|Any CPU
		{DF7E8E9F-5B87-4561-AD02-38AE103C3DE6}.Debug40|Any CPU.ActiveCfg = Debug|Any CPU
		{DF7E8E9F-5B87-4561-AD02-38AE103C3DE6}.Debug40|Any CPU.Build.0 = Debug|Any CPU
		{DF7E8E9F-5B87-4561-AD02-38AE103C3DE6}.Debug40|Mixed Platforms.ActiveCfg = Debug|Any CPU
		{DF7E8E9F-5B87-4561-AD02-38AE103C3DE6}.Debug40|Mixed Platforms.Build.0 = Debug|Any CPU
		{DF7E8E9F-5B87-4561-AD02-38AE103C3DE6}.Debug40|x86.ActiveCfg = Debug|Any CPU
		{DF7E8E9F-5B87-4561-AD02-38AE103C3DE6}.Release|Any CPU.ActiveCfg = Release|Any CPU
		{DF7E8E9F-5B87-4561-AD02-38AE103C3DE6}.Release|Any CPU.Build.0 = Release|Any CPU
		{DF7E8E9F-5B87-4561-AD02-38AE103C3DE6}.Release|Mixed Platforms.ActiveCfg = Release|Any CPU
		{DF7E8E9F-5B87-4561-AD02-38AE103C3DE6}.Release|Mixed Platforms.Build.0 = Release|Any CPU
		{DF7E8E9F-5B87-4561-AD02-38AE103C3DE6}.Release|x86.ActiveCfg = Release|Any CPU
		{DF7E8E9F-5B87-4561-AD02-38AE103C3DE6}.Release40|Any CPU.ActiveCfg = Release|Any CPU
		{DF7E8E9F-5B87-4561-AD02-38AE103C3DE6}.Release40|Any CPU.Build.0 = Release|Any CPU
		{DF7E8E9F-5B87-4561-AD02-38AE103C3DE6}.Release40|Mixed Platforms.ActiveCfg = Release|Any CPU
		{DF7E8E9F-5B87-4561-AD02-38AE103C3DE6}.Release40|Mixed Platforms.Build.0 = Release|Any CPU
		{DF7E8E9F-5B87-4561-AD02-38AE103C3DE6}.Release40|x86.ActiveCfg = Release|Any CPU
		{94FAF521-458A-4A1B-BEE6-42A5A738F6AB}.Debug|Any CPU.ActiveCfg = Debug|Any CPU
		{94FAF521-458A-4A1B-BEE6-42A5A738F6AB}.Debug|Any CPU.Build.0 = Debug|Any CPU
		{94FAF521-458A-4A1B-BEE6-42A5A738F6AB}.Debug|Mixed Platforms.ActiveCfg = Debug|Any CPU
		{94FAF521-458A-4A1B-BEE6-42A5A738F6AB}.Debug|Mixed Platforms.Build.0 = Debug|Any CPU
		{94FAF521-458A-4A1B-BEE6-42A5A738F6AB}.Debug|x86.ActiveCfg = Debug|Any CPU
		{94FAF521-458A-4A1B-BEE6-42A5A738F6AB}.Debug40|Any CPU.ActiveCfg = Debug|Any CPU
		{94FAF521-458A-4A1B-BEE6-42A5A738F6AB}.Debug40|Any CPU.Build.0 = Debug|Any CPU
		{94FAF521-458A-4A1B-BEE6-42A5A738F6AB}.Debug40|Mixed Platforms.ActiveCfg = Debug|Any CPU
		{94FAF521-458A-4A1B-BEE6-42A5A738F6AB}.Debug40|Mixed Platforms.Build.0 = Debug|Any CPU
		{94FAF521-458A-4A1B-BEE6-42A5A738F6AB}.Debug40|x86.ActiveCfg = Debug|Any CPU
		{94FAF521-458A-4A1B-BEE6-42A5A738F6AB}.Release|Any CPU.ActiveCfg = Release|Any CPU
		{94FAF521-458A-4A1B-BEE6-42A5A738F6AB}.Release|Any CPU.Build.0 = Release|Any CPU
		{94FAF521-458A-4A1B-BEE6-42A5A738F6AB}.Release|Mixed Platforms.ActiveCfg = Release|Any CPU
		{94FAF521-458A-4A1B-BEE6-42A5A738F6AB}.Release|Mixed Platforms.Build.0 = Release|Any CPU
		{94FAF521-458A-4A1B-BEE6-42A5A738F6AB}.Release|x86.ActiveCfg = Release|Any CPU
		{94FAF521-458A-4A1B-BEE6-42A5A738F6AB}.Release40|Any CPU.ActiveCfg = Release|Any CPU
		{94FAF521-458A-4A1B-BEE6-42A5A738F6AB}.Release40|Any CPU.Build.0 = Release|Any CPU
		{94FAF521-458A-4A1B-BEE6-42A5A738F6AB}.Release40|Mixed Platforms.ActiveCfg = Release|Any CPU
		{94FAF521-458A-4A1B-BEE6-42A5A738F6AB}.Release40|Mixed Platforms.Build.0 = Release|Any CPU
		{94FAF521-458A-4A1B-BEE6-42A5A738F6AB}.Release40|x86.ActiveCfg = Release|Any CPU
		{BFF8B5DA-97CA-401F-8BDC-D9B3B50FD8EB}.Debug|Any CPU.ActiveCfg = Debug|Any CPU
		{BFF8B5DA-97CA-401F-8BDC-D9B3B50FD8EB}.Debug|Any CPU.Build.0 = Debug|Any CPU
		{BFF8B5DA-97CA-401F-8BDC-D9B3B50FD8EB}.Debug|Mixed Platforms.ActiveCfg = Debug|Any CPU
		{BFF8B5DA-97CA-401F-8BDC-D9B3B50FD8EB}.Debug|Mixed Platforms.Build.0 = Debug|Any CPU
		{BFF8B5DA-97CA-401F-8BDC-D9B3B50FD8EB}.Debug|x86.ActiveCfg = Debug|Any CPU
		{BFF8B5DA-97CA-401F-8BDC-D9B3B50FD8EB}.Debug40|Any CPU.ActiveCfg = Debug|Any CPU
		{BFF8B5DA-97CA-401F-8BDC-D9B3B50FD8EB}.Debug40|Any CPU.Build.0 = Debug|Any CPU
		{BFF8B5DA-97CA-401F-8BDC-D9B3B50FD8EB}.Debug40|Mixed Platforms.ActiveCfg = Debug|Any CPU
		{BFF8B5DA-97CA-401F-8BDC-D9B3B50FD8EB}.Debug40|Mixed Platforms.Build.0 = Debug|Any CPU
		{BFF8B5DA-97CA-401F-8BDC-D9B3B50FD8EB}.Debug40|x86.ActiveCfg = Debug|Any CPU
		{BFF8B5DA-97CA-401F-8BDC-D9B3B50FD8EB}.Release|Any CPU.ActiveCfg = Release|Any CPU
		{BFF8B5DA-97CA-401F-8BDC-D9B3B50FD8EB}.Release|Any CPU.Build.0 = Release|Any CPU
		{BFF8B5DA-97CA-401F-8BDC-D9B3B50FD8EB}.Release|Mixed Platforms.ActiveCfg = Release|Any CPU
		{BFF8B5DA-97CA-401F-8BDC-D9B3B50FD8EB}.Release|Mixed Platforms.Build.0 = Release|Any CPU
		{BFF8B5DA-97CA-401F-8BDC-D9B3B50FD8EB}.Release|x86.ActiveCfg = Release|Any CPU
		{BFF8B5DA-97CA-401F-8BDC-D9B3B50FD8EB}.Release40|Any CPU.ActiveCfg = Release|Any CPU
		{BFF8B5DA-97CA-401F-8BDC-D9B3B50FD8EB}.Release40|Any CPU.Build.0 = Release|Any CPU
		{BFF8B5DA-97CA-401F-8BDC-D9B3B50FD8EB}.Release40|Mixed Platforms.ActiveCfg = Release|Any CPU
		{BFF8B5DA-97CA-401F-8BDC-D9B3B50FD8EB}.Release40|Mixed Platforms.Build.0 = Release|Any CPU
		{BFF8B5DA-97CA-401F-8BDC-D9B3B50FD8EB}.Release40|x86.ActiveCfg = Release|Any CPU
		{25AB3B90-41A8-4BD4-88B6-4607D1633D4C}.Debug|Any CPU.ActiveCfg = Debug|Any CPU
		{25AB3B90-41A8-4BD4-88B6-4607D1633D4C}.Debug|Any CPU.Build.0 = Debug|Any CPU
		{25AB3B90-41A8-4BD4-88B6-4607D1633D4C}.Debug|Mixed Platforms.ActiveCfg = Debug|Any CPU
		{25AB3B90-41A8-4BD4-88B6-4607D1633D4C}.Debug|Mixed Platforms.Build.0 = Debug|Any CPU
		{25AB3B90-41A8-4BD4-88B6-4607D1633D4C}.Debug|x86.ActiveCfg = Debug|Any CPU
		{25AB3B90-41A8-4BD4-88B6-4607D1633D4C}.Debug40|Any CPU.ActiveCfg = Debug|Any CPU
		{25AB3B90-41A8-4BD4-88B6-4607D1633D4C}.Debug40|Any CPU.Build.0 = Debug|Any CPU
		{25AB3B90-41A8-4BD4-88B6-4607D1633D4C}.Debug40|Mixed Platforms.ActiveCfg = Debug|Any CPU
		{25AB3B90-41A8-4BD4-88B6-4607D1633D4C}.Debug40|Mixed Platforms.Build.0 = Debug|Any CPU
		{25AB3B90-41A8-4BD4-88B6-4607D1633D4C}.Debug40|x86.ActiveCfg = Debug|Any CPU
		{25AB3B90-41A8-4BD4-88B6-4607D1633D4C}.Release|Any CPU.ActiveCfg = Release|Any CPU
		{25AB3B90-41A8-4BD4-88B6-4607D1633D4C}.Release|Any CPU.Build.0 = Release|Any CPU
		{25AB3B90-41A8-4BD4-88B6-4607D1633D4C}.Release|Mixed Platforms.ActiveCfg = Release|Any CPU
		{25AB3B90-41A8-4BD4-88B6-4607D1633D4C}.Release|Mixed Platforms.Build.0 = Release|Any CPU
		{25AB3B90-41A8-4BD4-88B6-4607D1633D4C}.Release|x86.ActiveCfg = Release|Any CPU
		{25AB3B90-41A8-4BD4-88B6-4607D1633D4C}.Release40|Any CPU.ActiveCfg = Release|Any CPU
		{25AB3B90-41A8-4BD4-88B6-4607D1633D4C}.Release40|Any CPU.Build.0 = Release|Any CPU
		{25AB3B90-41A8-4BD4-88B6-4607D1633D4C}.Release40|Mixed Platforms.ActiveCfg = Release|Any CPU
		{25AB3B90-41A8-4BD4-88B6-4607D1633D4C}.Release40|Mixed Platforms.Build.0 = Release|Any CPU
		{25AB3B90-41A8-4BD4-88B6-4607D1633D4C}.Release40|x86.ActiveCfg = Release|Any CPU
		{08A1D88F-1068-4CBC-B744-753789CE806F}.Debug|Any CPU.ActiveCfg = Debug|Any CPU
		{08A1D88F-1068-4CBC-B744-753789CE806F}.Debug|Any CPU.Build.0 = Debug|Any CPU
		{08A1D88F-1068-4CBC-B744-753789CE806F}.Debug|Mixed Platforms.ActiveCfg = Debug|Any CPU
		{08A1D88F-1068-4CBC-B744-753789CE806F}.Debug|Mixed Platforms.Build.0 = Debug|Any CPU
		{08A1D88F-1068-4CBC-B744-753789CE806F}.Debug|x86.ActiveCfg = Debug|Any CPU
		{08A1D88F-1068-4CBC-B744-753789CE806F}.Debug40|Any CPU.ActiveCfg = Debug|Any CPU
		{08A1D88F-1068-4CBC-B744-753789CE806F}.Debug40|Any CPU.Build.0 = Debug|Any CPU
		{08A1D88F-1068-4CBC-B744-753789CE806F}.Debug40|Mixed Platforms.ActiveCfg = Debug|Any CPU
		{08A1D88F-1068-4CBC-B744-753789CE806F}.Debug40|Mixed Platforms.Build.0 = Debug|Any CPU
		{08A1D88F-1068-4CBC-B744-753789CE806F}.Debug40|x86.ActiveCfg = Debug|Any CPU
		{08A1D88F-1068-4CBC-B744-753789CE806F}.Release|Any CPU.ActiveCfg = Release|Any CPU
		{08A1D88F-1068-4CBC-B744-753789CE806F}.Release|Any CPU.Build.0 = Release|Any CPU
		{08A1D88F-1068-4CBC-B744-753789CE806F}.Release|Mixed Platforms.ActiveCfg = Release|Any CPU
		{08A1D88F-1068-4CBC-B744-753789CE806F}.Release|Mixed Platforms.Build.0 = Release|Any CPU
		{08A1D88F-1068-4CBC-B744-753789CE806F}.Release|x86.ActiveCfg = Release|Any CPU
		{08A1D88F-1068-4CBC-B744-753789CE806F}.Release40|Any CPU.ActiveCfg = Release|Any CPU
		{08A1D88F-1068-4CBC-B744-753789CE806F}.Release40|Any CPU.Build.0 = Release|Any CPU
		{08A1D88F-1068-4CBC-B744-753789CE806F}.Release40|Mixed Platforms.ActiveCfg = Release|Any CPU
		{08A1D88F-1068-4CBC-B744-753789CE806F}.Release40|Mixed Platforms.Build.0 = Release|Any CPU
		{08A1D88F-1068-4CBC-B744-753789CE806F}.Release40|x86.ActiveCfg = Release|Any CPU
		{3E1BEF4C-CC09-4C31-AFB5-15A951811AC6}.Debug|Any CPU.ActiveCfg = Debug|Any CPU
		{3E1BEF4C-CC09-4C31-AFB5-15A951811AC6}.Debug|Any CPU.Build.0 = Debug|Any CPU
		{3E1BEF4C-CC09-4C31-AFB5-15A951811AC6}.Debug|Mixed Platforms.ActiveCfg = Debug|Any CPU
		{3E1BEF4C-CC09-4C31-AFB5-15A951811AC6}.Debug|Mixed Platforms.Build.0 = Debug|Any CPU
		{3E1BEF4C-CC09-4C31-AFB5-15A951811AC6}.Debug|x86.ActiveCfg = Debug|Any CPU
		{3E1BEF4C-CC09-4C31-AFB5-15A951811AC6}.Debug40|Any CPU.ActiveCfg = Debug|Any CPU
		{3E1BEF4C-CC09-4C31-AFB5-15A951811AC6}.Debug40|Any CPU.Build.0 = Debug|Any CPU
		{3E1BEF4C-CC09-4C31-AFB5-15A951811AC6}.Debug40|Mixed Platforms.ActiveCfg = Debug|Any CPU
		{3E1BEF4C-CC09-4C31-AFB5-15A951811AC6}.Debug40|Mixed Platforms.Build.0 = Debug|Any CPU
		{3E1BEF4C-CC09-4C31-AFB5-15A951811AC6}.Debug40|x86.ActiveCfg = Debug|Any CPU
		{3E1BEF4C-CC09-4C31-AFB5-15A951811AC6}.Release|Any CPU.ActiveCfg = Release|Any CPU
		{3E1BEF4C-CC09-4C31-AFB5-15A951811AC6}.Release|Any CPU.Build.0 = Release|Any CPU
		{3E1BEF4C-CC09-4C31-AFB5-15A951811AC6}.Release|Mixed Platforms.ActiveCfg = Release|Any CPU
		{3E1BEF4C-CC09-4C31-AFB5-15A951811AC6}.Release|Mixed Platforms.Build.0 = Release|Any CPU
		{3E1BEF4C-CC09-4C31-AFB5-15A951811AC6}.Release|x86.ActiveCfg = Release|Any CPU
		{3E1BEF4C-CC09-4C31-AFB5-15A951811AC6}.Release40|Any CPU.ActiveCfg = Release|Any CPU
		{3E1BEF4C-CC09-4C31-AFB5-15A951811AC6}.Release40|Any CPU.Build.0 = Release|Any CPU
		{3E1BEF4C-CC09-4C31-AFB5-15A951811AC6}.Release40|Mixed Platforms.ActiveCfg = Release|Any CPU
		{3E1BEF4C-CC09-4C31-AFB5-15A951811AC6}.Release40|Mixed Platforms.Build.0 = Release|Any CPU
		{3E1BEF4C-CC09-4C31-AFB5-15A951811AC6}.Release40|x86.ActiveCfg = Release|Any CPU
		{F86E57F4-070D-4D01-9D87-7EC9504F3983}.Debug|Any CPU.ActiveCfg = Debug|Any CPU
		{F86E57F4-070D-4D01-9D87-7EC9504F3983}.Debug|Any CPU.Build.0 = Debug|Any CPU
		{F86E57F4-070D-4D01-9D87-7EC9504F3983}.Debug|Mixed Platforms.ActiveCfg = Debug|Any CPU
		{F86E57F4-070D-4D01-9D87-7EC9504F3983}.Debug|Mixed Platforms.Build.0 = Debug|Any CPU
		{F86E57F4-070D-4D01-9D87-7EC9504F3983}.Debug|x86.ActiveCfg = Debug|Any CPU
		{F86E57F4-070D-4D01-9D87-7EC9504F3983}.Debug40|Any CPU.ActiveCfg = Debug|Any CPU
		{F86E57F4-070D-4D01-9D87-7EC9504F3983}.Debug40|Any CPU.Build.0 = Debug|Any CPU
		{F86E57F4-070D-4D01-9D87-7EC9504F3983}.Debug40|Mixed Platforms.ActiveCfg = Debug|Any CPU
		{F86E57F4-070D-4D01-9D87-7EC9504F3983}.Debug40|Mixed Platforms.Build.0 = Debug|Any CPU
		{F86E57F4-070D-4D01-9D87-7EC9504F3983}.Debug40|x86.ActiveCfg = Debug|Any CPU
		{F86E57F4-070D-4D01-9D87-7EC9504F3983}.Release|Any CPU.ActiveCfg = Release|Any CPU
		{F86E57F4-070D-4D01-9D87-7EC9504F3983}.Release|Any CPU.Build.0 = Release|Any CPU
		{F86E57F4-070D-4D01-9D87-7EC9504F3983}.Release|Mixed Platforms.ActiveCfg = Release|Any CPU
		{F86E57F4-070D-4D01-9D87-7EC9504F3983}.Release|Mixed Platforms.Build.0 = Release|Any CPU
		{F86E57F4-070D-4D01-9D87-7EC9504F3983}.Release|x86.ActiveCfg = Release|Any CPU
		{F86E57F4-070D-4D01-9D87-7EC9504F3983}.Release40|Any CPU.ActiveCfg = Release|Any CPU
		{F86E57F4-070D-4D01-9D87-7EC9504F3983}.Release40|Any CPU.Build.0 = Release|Any CPU
		{F86E57F4-070D-4D01-9D87-7EC9504F3983}.Release40|Mixed Platforms.ActiveCfg = Release|Any CPU
		{F86E57F4-070D-4D01-9D87-7EC9504F3983}.Release40|Mixed Platforms.Build.0 = Release|Any CPU
		{F86E57F4-070D-4D01-9D87-7EC9504F3983}.Release40|x86.ActiveCfg = Release|Any CPU
		{896624F4-8CAC-413A-8BD2-34CB2A977A11}.Debug|Any CPU.ActiveCfg = Debug|Any CPU
		{896624F4-8CAC-413A-8BD2-34CB2A977A11}.Debug|Any CPU.Build.0 = Debug|Any CPU
		{896624F4-8CAC-413A-8BD2-34CB2A977A11}.Debug|Mixed Platforms.ActiveCfg = Debug|Any CPU
		{896624F4-8CAC-413A-8BD2-34CB2A977A11}.Debug|Mixed Platforms.Build.0 = Debug|Any CPU
		{896624F4-8CAC-413A-8BD2-34CB2A977A11}.Debug|x86.ActiveCfg = Debug|Any CPU
		{896624F4-8CAC-413A-8BD2-34CB2A977A11}.Debug40|Any CPU.ActiveCfg = Debug|Any CPU
		{896624F4-8CAC-413A-8BD2-34CB2A977A11}.Debug40|Any CPU.Build.0 = Debug|Any CPU
		{896624F4-8CAC-413A-8BD2-34CB2A977A11}.Debug40|Mixed Platforms.ActiveCfg = Debug|Any CPU
		{896624F4-8CAC-413A-8BD2-34CB2A977A11}.Debug40|Mixed Platforms.Build.0 = Debug|Any CPU
		{896624F4-8CAC-413A-8BD2-34CB2A977A11}.Debug40|x86.ActiveCfg = Debug|Any CPU
		{896624F4-8CAC-413A-8BD2-34CB2A977A11}.Release|Any CPU.ActiveCfg = Release|Any CPU
		{896624F4-8CAC-413A-8BD2-34CB2A977A11}.Release|Any CPU.Build.0 = Release|Any CPU
		{896624F4-8CAC-413A-8BD2-34CB2A977A11}.Release|Mixed Platforms.ActiveCfg = Release|Any CPU
		{896624F4-8CAC-413A-8BD2-34CB2A977A11}.Release|Mixed Platforms.Build.0 = Release|Any CPU
		{896624F4-8CAC-413A-8BD2-34CB2A977A11}.Release|x86.ActiveCfg = Release|Any CPU
		{896624F4-8CAC-413A-8BD2-34CB2A977A11}.Release40|Any CPU.ActiveCfg = Release|Any CPU
		{896624F4-8CAC-413A-8BD2-34CB2A977A11}.Release40|Any CPU.Build.0 = Release|Any CPU
		{896624F4-8CAC-413A-8BD2-34CB2A977A11}.Release40|Mixed Platforms.ActiveCfg = Release|Any CPU
		{896624F4-8CAC-413A-8BD2-34CB2A977A11}.Release40|Mixed Platforms.Build.0 = Release|Any CPU
		{896624F4-8CAC-413A-8BD2-34CB2A977A11}.Release40|x86.ActiveCfg = Release|Any CPU
		{B0B56933-0F39-459A-B0C2-122116ABB0C3}.Debug|Any CPU.ActiveCfg = Debug|Any CPU
		{B0B56933-0F39-459A-B0C2-122116ABB0C3}.Debug|Any CPU.Build.0 = Debug|Any CPU
		{B0B56933-0F39-459A-B0C2-122116ABB0C3}.Debug|Mixed Platforms.ActiveCfg = Debug|Any CPU
		{B0B56933-0F39-459A-B0C2-122116ABB0C3}.Debug|Mixed Platforms.Build.0 = Debug|Any CPU
		{B0B56933-0F39-459A-B0C2-122116ABB0C3}.Debug|x86.ActiveCfg = Debug|Any CPU
		{B0B56933-0F39-459A-B0C2-122116ABB0C3}.Debug40|Any CPU.ActiveCfg = Debug|Any CPU
		{B0B56933-0F39-459A-B0C2-122116ABB0C3}.Debug40|Any CPU.Build.0 = Debug|Any CPU
		{B0B56933-0F39-459A-B0C2-122116ABB0C3}.Debug40|Mixed Platforms.ActiveCfg = Debug|Any CPU
		{B0B56933-0F39-459A-B0C2-122116ABB0C3}.Debug40|Mixed Platforms.Build.0 = Debug|Any CPU
		{B0B56933-0F39-459A-B0C2-122116ABB0C3}.Debug40|x86.ActiveCfg = Debug|Any CPU
		{B0B56933-0F39-459A-B0C2-122116ABB0C3}.Release|Any CPU.ActiveCfg = Release|Any CPU
		{B0B56933-0F39-459A-B0C2-122116ABB0C3}.Release|Any CPU.Build.0 = Release|Any CPU
		{B0B56933-0F39-459A-B0C2-122116ABB0C3}.Release|Mixed Platforms.ActiveCfg = Release|Any CPU
		{B0B56933-0F39-459A-B0C2-122116ABB0C3}.Release|Mixed Platforms.Build.0 = Release|Any CPU
		{B0B56933-0F39-459A-B0C2-122116ABB0C3}.Release|x86.ActiveCfg = Release|Any CPU
		{B0B56933-0F39-459A-B0C2-122116ABB0C3}.Release40|Any CPU.ActiveCfg = Release|Any CPU
		{B0B56933-0F39-459A-B0C2-122116ABB0C3}.Release40|Any CPU.Build.0 = Release|Any CPU
		{B0B56933-0F39-459A-B0C2-122116ABB0C3}.Release40|Mixed Platforms.ActiveCfg = Release|Any CPU
		{B0B56933-0F39-459A-B0C2-122116ABB0C3}.Release40|Mixed Platforms.Build.0 = Release|Any CPU
		{B0B56933-0F39-459A-B0C2-122116ABB0C3}.Release40|x86.ActiveCfg = Release|Any CPU
		{00F104FE-2303-43FA-BAE5-75DA0CEA38B4}.Debug|Any CPU.ActiveCfg = Debug|Any CPU
		{00F104FE-2303-43FA-BAE5-75DA0CEA38B4}.Debug|Any CPU.Build.0 = Debug|Any CPU
		{00F104FE-2303-43FA-BAE5-75DA0CEA38B4}.Debug|Mixed Platforms.ActiveCfg = Debug|Any CPU
		{00F104FE-2303-43FA-BAE5-75DA0CEA38B4}.Debug|Mixed Platforms.Build.0 = Debug|Any CPU
		{00F104FE-2303-43FA-BAE5-75DA0CEA38B4}.Debug|x86.ActiveCfg = Debug|Any CPU
		{00F104FE-2303-43FA-BAE5-75DA0CEA38B4}.Debug40|Any CPU.ActiveCfg = Debug|Any CPU
		{00F104FE-2303-43FA-BAE5-75DA0CEA38B4}.Debug40|Any CPU.Build.0 = Debug|Any CPU
		{00F104FE-2303-43FA-BAE5-75DA0CEA38B4}.Debug40|Mixed Platforms.ActiveCfg = Debug|Any CPU
		{00F104FE-2303-43FA-BAE5-75DA0CEA38B4}.Debug40|Mixed Platforms.Build.0 = Debug|Any CPU
		{00F104FE-2303-43FA-BAE5-75DA0CEA38B4}.Debug40|x86.ActiveCfg = Debug|Any CPU
		{00F104FE-2303-43FA-BAE5-75DA0CEA38B4}.Release|Any CPU.ActiveCfg = Release|Any CPU
		{00F104FE-2303-43FA-BAE5-75DA0CEA38B4}.Release|Any CPU.Build.0 = Release|Any CPU
		{00F104FE-2303-43FA-BAE5-75DA0CEA38B4}.Release|Mixed Platforms.ActiveCfg = Release|Any CPU
		{00F104FE-2303-43FA-BAE5-75DA0CEA38B4}.Release|Mixed Platforms.Build.0 = Release|Any CPU
		{00F104FE-2303-43FA-BAE5-75DA0CEA38B4}.Release|x86.ActiveCfg = Release|Any CPU
		{00F104FE-2303-43FA-BAE5-75DA0CEA38B4}.Release40|Any CPU.ActiveCfg = Release|Any CPU
		{00F104FE-2303-43FA-BAE5-75DA0CEA38B4}.Release40|Any CPU.Build.0 = Release|Any CPU
		{00F104FE-2303-43FA-BAE5-75DA0CEA38B4}.Release40|Mixed Platforms.ActiveCfg = Release|Any CPU
		{00F104FE-2303-43FA-BAE5-75DA0CEA38B4}.Release40|Mixed Platforms.Build.0 = Release|Any CPU
		{00F104FE-2303-43FA-BAE5-75DA0CEA38B4}.Release40|x86.ActiveCfg = Release|Any CPU
		{9DB49380-C36C-4A36-801E-17D83E3E0471}.Debug|Any CPU.ActiveCfg = Debug|Any CPU
		{9DB49380-C36C-4A36-801E-17D83E3E0471}.Debug|Any CPU.Build.0 = Debug|Any CPU
		{9DB49380-C36C-4A36-801E-17D83E3E0471}.Debug|Mixed Platforms.ActiveCfg = Debug|Any CPU
		{9DB49380-C36C-4A36-801E-17D83E3E0471}.Debug|Mixed Platforms.Build.0 = Debug|Any CPU
		{9DB49380-C36C-4A36-801E-17D83E3E0471}.Debug|x86.ActiveCfg = Debug|Any CPU
		{9DB49380-C36C-4A36-801E-17D83E3E0471}.Debug40|Any CPU.ActiveCfg = Debug|Any CPU
		{9DB49380-C36C-4A36-801E-17D83E3E0471}.Debug40|Any CPU.Build.0 = Debug|Any CPU
		{9DB49380-C36C-4A36-801E-17D83E3E0471}.Debug40|Mixed Platforms.ActiveCfg = Debug|Any CPU
		{9DB49380-C36C-4A36-801E-17D83E3E0471}.Debug40|Mixed Platforms.Build.0 = Debug|Any CPU
		{9DB49380-C36C-4A36-801E-17D83E3E0471}.Debug40|x86.ActiveCfg = Debug|Any CPU
		{9DB49380-C36C-4A36-801E-17D83E3E0471}.Release|Any CPU.ActiveCfg = Release|Any CPU
		{9DB49380-C36C-4A36-801E-17D83E3E0471}.Release|Any CPU.Build.0 = Release|Any CPU
		{9DB49380-C36C-4A36-801E-17D83E3E0471}.Release|Mixed Platforms.ActiveCfg = Release|Any CPU
		{9DB49380-C36C-4A36-801E-17D83E3E0471}.Release|Mixed Platforms.Build.0 = Release|Any CPU
		{9DB49380-C36C-4A36-801E-17D83E3E0471}.Release|x86.ActiveCfg = Release|Any CPU
		{9DB49380-C36C-4A36-801E-17D83E3E0471}.Release40|Any CPU.ActiveCfg = Release|Any CPU
		{9DB49380-C36C-4A36-801E-17D83E3E0471}.Release40|Any CPU.Build.0 = Release|Any CPU
		{9DB49380-C36C-4A36-801E-17D83E3E0471}.Release40|Mixed Platforms.ActiveCfg = Release|Any CPU
		{9DB49380-C36C-4A36-801E-17D83E3E0471}.Release40|Mixed Platforms.Build.0 = Release|Any CPU
		{9DB49380-C36C-4A36-801E-17D83E3E0471}.Release40|x86.ActiveCfg = Release|Any CPU
		{CBEE1F04-7283-4845-A3F6-20CD8F617333}.Debug|Any CPU.ActiveCfg = Debug|Any CPU
		{CBEE1F04-7283-4845-A3F6-20CD8F617333}.Debug|Any CPU.Build.0 = Debug|Any CPU
		{CBEE1F04-7283-4845-A3F6-20CD8F617333}.Debug|Mixed Platforms.ActiveCfg = Debug|Any CPU
		{CBEE1F04-7283-4845-A3F6-20CD8F617333}.Debug|Mixed Platforms.Build.0 = Debug|Any CPU
		{CBEE1F04-7283-4845-A3F6-20CD8F617333}.Debug|x86.ActiveCfg = Debug|Any CPU
		{CBEE1F04-7283-4845-A3F6-20CD8F617333}.Debug40|Any CPU.ActiveCfg = Debug|Any CPU
		{CBEE1F04-7283-4845-A3F6-20CD8F617333}.Debug40|Any CPU.Build.0 = Debug|Any CPU
		{CBEE1F04-7283-4845-A3F6-20CD8F617333}.Debug40|Mixed Platforms.ActiveCfg = Debug|Any CPU
		{CBEE1F04-7283-4845-A3F6-20CD8F617333}.Debug40|Mixed Platforms.Build.0 = Debug|Any CPU
		{CBEE1F04-7283-4845-A3F6-20CD8F617333}.Debug40|x86.ActiveCfg = Debug|Any CPU
		{CBEE1F04-7283-4845-A3F6-20CD8F617333}.Release|Any CPU.ActiveCfg = Release|Any CPU
		{CBEE1F04-7283-4845-A3F6-20CD8F617333}.Release|Any CPU.Build.0 = Release|Any CPU
		{CBEE1F04-7283-4845-A3F6-20CD8F617333}.Release|Mixed Platforms.ActiveCfg = Release|Any CPU
		{CBEE1F04-7283-4845-A3F6-20CD8F617333}.Release|Mixed Platforms.Build.0 = Release|Any CPU
		{CBEE1F04-7283-4845-A3F6-20CD8F617333}.Release|x86.ActiveCfg = Release|Any CPU
		{CBEE1F04-7283-4845-A3F6-20CD8F617333}.Release40|Any CPU.ActiveCfg = Release|Any CPU
		{CBEE1F04-7283-4845-A3F6-20CD8F617333}.Release40|Any CPU.Build.0 = Release|Any CPU
		{CBEE1F04-7283-4845-A3F6-20CD8F617333}.Release40|Mixed Platforms.ActiveCfg = Release|Any CPU
		{CBEE1F04-7283-4845-A3F6-20CD8F617333}.Release40|Mixed Platforms.Build.0 = Release|Any CPU
		{CBEE1F04-7283-4845-A3F6-20CD8F617333}.Release40|x86.ActiveCfg = Release|Any CPU
		{1C5A893F-6EDD-4E72-8316-B8E803EC9564}.Debug|Any CPU.ActiveCfg = Debug|Any CPU
		{1C5A893F-6EDD-4E72-8316-B8E803EC9564}.Debug|Any CPU.Build.0 = Debug|Any CPU
		{1C5A893F-6EDD-4E72-8316-B8E803EC9564}.Debug|Mixed Platforms.ActiveCfg = Debug|Any CPU
		{1C5A893F-6EDD-4E72-8316-B8E803EC9564}.Debug|Mixed Platforms.Build.0 = Debug|Any CPU
		{1C5A893F-6EDD-4E72-8316-B8E803EC9564}.Debug|x86.ActiveCfg = Debug|Any CPU
		{1C5A893F-6EDD-4E72-8316-B8E803EC9564}.Debug40|Any CPU.ActiveCfg = Debug|Any CPU
		{1C5A893F-6EDD-4E72-8316-B8E803EC9564}.Debug40|Any CPU.Build.0 = Debug|Any CPU
		{1C5A893F-6EDD-4E72-8316-B8E803EC9564}.Debug40|Mixed Platforms.ActiveCfg = Debug|Any CPU
		{1C5A893F-6EDD-4E72-8316-B8E803EC9564}.Debug40|Mixed Platforms.Build.0 = Debug|Any CPU
		{1C5A893F-6EDD-4E72-8316-B8E803EC9564}.Debug40|x86.ActiveCfg = Debug|Any CPU
		{1C5A893F-6EDD-4E72-8316-B8E803EC9564}.Release|Any CPU.ActiveCfg = Release|Any CPU
		{1C5A893F-6EDD-4E72-8316-B8E803EC9564}.Release|Any CPU.Build.0 = Release|Any CPU
		{1C5A893F-6EDD-4E72-8316-B8E803EC9564}.Release|Mixed Platforms.ActiveCfg = Release|Any CPU
		{1C5A893F-6EDD-4E72-8316-B8E803EC9564}.Release|Mixed Platforms.Build.0 = Release|Any CPU
		{1C5A893F-6EDD-4E72-8316-B8E803EC9564}.Release|x86.ActiveCfg = Release|Any CPU
		{1C5A893F-6EDD-4E72-8316-B8E803EC9564}.Release40|Any CPU.ActiveCfg = Release|Any CPU
		{1C5A893F-6EDD-4E72-8316-B8E803EC9564}.Release40|Any CPU.Build.0 = Release|Any CPU
		{1C5A893F-6EDD-4E72-8316-B8E803EC9564}.Release40|Mixed Platforms.ActiveCfg = Release|Any CPU
		{1C5A893F-6EDD-4E72-8316-B8E803EC9564}.Release40|Mixed Platforms.Build.0 = Release|Any CPU
		{1C5A893F-6EDD-4E72-8316-B8E803EC9564}.Release40|x86.ActiveCfg = Release|Any CPU
		{DD712413-B47A-4707-A45D-84F786E47BAF}.Debug|Any CPU.ActiveCfg = Debug|Any CPU
		{DD712413-B47A-4707-A45D-84F786E47BAF}.Debug|Any CPU.Build.0 = Debug|Any CPU
		{DD712413-B47A-4707-A45D-84F786E47BAF}.Debug|Mixed Platforms.ActiveCfg = Debug|Any CPU
		{DD712413-B47A-4707-A45D-84F786E47BAF}.Debug|Mixed Platforms.Build.0 = Debug|Any CPU
		{DD712413-B47A-4707-A45D-84F786E47BAF}.Debug|x86.ActiveCfg = Debug|Any CPU
		{DD712413-B47A-4707-A45D-84F786E47BAF}.Debug40|Any CPU.ActiveCfg = Debug|Any CPU
		{DD712413-B47A-4707-A45D-84F786E47BAF}.Debug40|Any CPU.Build.0 = Debug|Any CPU
		{DD712413-B47A-4707-A45D-84F786E47BAF}.Debug40|Mixed Platforms.ActiveCfg = Debug|Any CPU
		{DD712413-B47A-4707-A45D-84F786E47BAF}.Debug40|Mixed Platforms.Build.0 = Debug|Any CPU
		{DD712413-B47A-4707-A45D-84F786E47BAF}.Debug40|x86.ActiveCfg = Debug|Any CPU
		{DD712413-B47A-4707-A45D-84F786E47BAF}.Release|Any CPU.ActiveCfg = Release|Any CPU
		{DD712413-B47A-4707-A45D-84F786E47BAF}.Release|Any CPU.Build.0 = Release|Any CPU
		{DD712413-B47A-4707-A45D-84F786E47BAF}.Release|Mixed Platforms.ActiveCfg = Release|Any CPU
		{DD712413-B47A-4707-A45D-84F786E47BAF}.Release|Mixed Platforms.Build.0 = Release|Any CPU
		{DD712413-B47A-4707-A45D-84F786E47BAF}.Release|x86.ActiveCfg = Release|Any CPU
		{DD712413-B47A-4707-A45D-84F786E47BAF}.Release40|Any CPU.ActiveCfg = Release|Any CPU
		{DD712413-B47A-4707-A45D-84F786E47BAF}.Release40|Any CPU.Build.0 = Release|Any CPU
		{DD712413-B47A-4707-A45D-84F786E47BAF}.Release40|Mixed Platforms.ActiveCfg = Release|Any CPU
		{DD712413-B47A-4707-A45D-84F786E47BAF}.Release40|Mixed Platforms.Build.0 = Release|Any CPU
		{DD712413-B47A-4707-A45D-84F786E47BAF}.Release40|x86.ActiveCfg = Release|Any CPU
	EndGlobalSection
	GlobalSection(SolutionProperties) = preSolution
		HideSolutionNode = FALSE
	EndGlobalSection
	GlobalSection(NestedProjects) = preSolution
		{1D9AC6C7-77AF-4C28-8127-3301C61DA07F} = {55941AAB-7CAF-423A-A775-60023F76F172}
		{100BEE5D-A096-441D-8629-32AC1C7CF36B} = {55941AAB-7CAF-423A-A775-60023F76F172}
		{08A1D88F-1068-4CBC-B744-753789CE806F} = {55941AAB-7CAF-423A-A775-60023F76F172}
		{F86E57F4-070D-4D01-9D87-7EC9504F3983} = {55941AAB-7CAF-423A-A775-60023F76F172}
		{896624F4-8CAC-413A-8BD2-34CB2A977A11} = {7C41FAD9-E599-4C12-B1C8-31DE57BD54A0}
		{6AAC6319-BBDA-4CCA-9282-7C44B7C23AFB} = {7C41FAD9-E599-4C12-B1C8-31DE57BD54A0}
		{1C5A893F-6EDD-4E72-8316-B8E803EC9564} = {7C41FAD9-E599-4C12-B1C8-31DE57BD54A0}
		{DF7E8E9F-5B87-4561-AD02-38AE103C3DE6} = {C3F554CB-3D70-4324-964A-87DE409780DA}
		{94FAF521-458A-4A1B-BEE6-42A5A738F6AB} = {C3F554CB-3D70-4324-964A-87DE409780DA}
		{BFF8B5DA-97CA-401F-8BDC-D9B3B50FD8EB} = {C3F554CB-3D70-4324-964A-87DE409780DA}
		{25AB3B90-41A8-4BD4-88B6-4607D1633D4C} = {C3F554CB-3D70-4324-964A-87DE409780DA}
		{2F1807E4-39A2-4F38-ADFC-6310A8443D90} = {C3F554CB-3D70-4324-964A-87DE409780DA}
		{3E1BEF4C-CC09-4C31-AFB5-15A951811AC6} = {C3F554CB-3D70-4324-964A-87DE409780DA}
		{DD712413-B47A-4707-A45D-84F786E47BAF} = {C3F554CB-3D70-4324-964A-87DE409780DA}
		{B0B56933-0F39-459A-B0C2-122116ABB0C3} = {FA145C45-5BD2-4C2C-BC93-D7CCCFB481D2}
		{00F104FE-2303-43FA-BAE5-75DA0CEA38B4} = {FA145C45-5BD2-4C2C-BC93-D7CCCFB481D2}
		{9DB49380-C36C-4A36-801E-17D83E3E0471} = {FA145C45-5BD2-4C2C-BC93-D7CCCFB481D2}
	EndGlobalSection
EndGlobal
