
Microsoft Visual Studio Solution File, Format Version 11.00
# Visual Studio 2010
Project("{2150E333-8FDC-42A3-9474-1A3956D46DE8}") = "Tests", "Tests", "{94E5F457-3256-49EF-A74F-E434AE314E7A}"
EndProject
Project("{2150E333-8FDC-42A3-9474-1A3956D46DE8}") = "Solution Items", "Solution Items", "{AE13D178-683C-4136-A0CA-4823906B5BFE}"
	ProjectSection(SolutionItems) = preProject
		build.bat = build.bat
		default.build = default.build
		publish.bat = publish.bat
	EndProjectSection
EndProject
Project("{FAE04EC0-301F-11D3-BF4B-00C04F79EFBC}") = "ControlTest", "ControlTest\ControlTest.csproj", "{4C5C3472-9124-4781-A8E4-50B16AFADCD3}"
EndProject
Project("{FAE04EC0-301F-11D3-BF4B-00C04F79EFBC}") = "ToolsTest", "ToolsTest\ToolsTest.csproj", "{7E30DBBF-F9C2-408A-9098-23185570E810}"
EndProject
Project("{FAE04EC0-301F-11D3-BF4B-00C04F79EFBC}") = "CodeParsing", "CodeParser\CodeParsing.csproj", "{AAEE081B-3D1E-4D11-8D4A-160715EB01D1}"
EndProject
Project("{FAE04EC0-301F-11D3-BF4B-00C04F79EFBC}") = "Savchin.Tools", "Tools\Savchin.Tools.csproj", "{2F1807E4-39A2-4F38-ADFC-6310A8443D90}"
EndProject
Project("{FAE04EC0-301F-11D3-BF4B-00C04F79EFBC}") = "WebControls", "WebControls\WebControls.csproj", "{BA6303D3-C692-418A-B948-3C6B5AB146BD}"
EndProject
Project("{FAE04EC0-301F-11D3-BF4B-00C04F79EFBC}") = "PDModelBrowser", "Controls\PDModelBrowser\PDModelBrowser.csproj", "{B7DB4BF1-6B6F-4512-87A1-D471D182A5C6}"
EndProject
Project("{F184B08F-C81C-45F6-A57F-5ABD9991F28F}") = "FileBrowser", "Controls\FileBrowser\FileBrowser.vbproj", "{4BC2B3AC-7081-4B95-8FA9-E3EE75A60DF0}"
EndProject
Project("{FAE04EC0-301F-11D3-BF4B-00C04F79EFBC}") = "Savchin.Html", "Savchin.Html\Savchin.Html.csproj", "{60582EE0-43C4-4D6C-BE9B-30115058DA36}"
EndProject
Project("{FAE04EC0-301F-11D3-BF4B-00C04F79EFBC}") = "Savchin.WinApi", "Savchin.WinApi\Savchin.WinApi.csproj", "{DD712413-B47A-4707-A45D-84F786E47BAF}"
EndProject
Project("{FAE04EC0-301F-11D3-BF4B-00C04F79EFBC}") = "Savchin.Web", "Savchin.Web\Savchin.Web.csproj", "{BFF8B5DA-97CA-401F-8BDC-D9B3B50FD8EB}"
EndProject
Project("{FAE04EC0-301F-11D3-BF4B-00C04F79EFBC}") = "Savchin.Forms", "Savchin.Forms\Savchin.Forms.csproj", "{9405075A-BD64-4B54-9689-2DD716D6F92A}"
EndProject
Project("{FAE04EC0-301F-11D3-BF4B-00C04F79EFBC}") = "Savchin.Data", "Data\Savchin.Data.csproj", "{25AB3B90-41A8-4BD4-88B6-4607D1633D4C}"
EndProject
Project("{E24C65DC-7377-472B-9ABA-BC803B73C61A}") = "WebControlsTest", "WebControlsTest\", "{D749A08A-2062-4CD6-81F5-B803D883BB94}"
	ProjectSection(WebsiteProperties) = preProject
		TargetFrameworkMoniker = ".NETFramework,Version%3Dv4.0"
		ProjectReferences = "{BA6303D3-C692-418A-B948-3C6B5AB146BD}|Savchin.WebControls.dll;{2F1807E4-39A2-4F38-ADFC-6310A8443D90}|Savchin.Tools.dll;{BFF8B5DA-97CA-401F-8BDC-D9B3B50FD8EB}|Savchin.Web.dll;"
		Debug.AspNetCompiler.VirtualPath = "/WebControlsTest"
		Debug.AspNetCompiler.PhysicalPath = "WebControlsTest\"
		Debug.AspNetCompiler.TargetPath = "PrecompiledWeb\WebControlsTest\"
		Debug.AspNetCompiler.Updateable = "true"
		Debug.AspNetCompiler.ForceOverwrite = "true"
		Debug.AspNetCompiler.FixedNames = "false"
		Debug.AspNetCompiler.Debug = "True"
		Release.AspNetCompiler.VirtualPath = "/WebControlsTest"
		Release.AspNetCompiler.PhysicalPath = "WebControlsTest\"
		Release.AspNetCompiler.TargetPath = "PrecompiledWeb\WebControlsTest\"
		Release.AspNetCompiler.Updateable = "true"
		Release.AspNetCompiler.ForceOverwrite = "true"
		Release.AspNetCompiler.FixedNames = "false"
		Release.AspNetCompiler.Debug = "False"
		VWDPort = "24400"
		DefaultWebSiteLanguage = "Visual C#"
	EndProjectSection
EndProject
Project("{FAE04EC0-301F-11D3-BF4B-00C04F79EFBC}") = "WPF.Tools", "..\WPF\WPF.Tools\WPF.Tools.csproj", "{DF7E8E9F-5B87-4561-AD02-38AE103C3DE6}"
EndProject
Global
	GlobalSection(SolutionConfigurationPlatforms) = preSolution
		Client Debug|.NET = Client Debug|.NET
		Client Debug|Any CPU = Client Debug|Any CPU
		Client Debug|Mixed Platforms = Client Debug|Mixed Platforms
		Client Release|.NET = Client Release|.NET
		Client Release|Any CPU = Client Release|Any CPU
		Client Release|Mixed Platforms = Client Release|Mixed Platforms
		Debug|.NET = Debug|.NET
		Debug|Any CPU = Debug|Any CPU
		Debug|Mixed Platforms = Debug|Mixed Platforms
		Release|.NET = Release|.NET
		Release|Any CPU = Release|Any CPU
		Release|Mixed Platforms = Release|Mixed Platforms
	EndGlobalSection
	GlobalSection(ProjectConfigurationPlatforms) = postSolution
		{4C5C3472-9124-4781-A8E4-50B16AFADCD3}.Client Debug|.NET.ActiveCfg = Debug|Any CPU
		{4C5C3472-9124-4781-A8E4-50B16AFADCD3}.Client Debug|Any CPU.ActiveCfg = Debug|Any CPU
		{4C5C3472-9124-4781-A8E4-50B16AFADCD3}.Client Debug|Any CPU.Build.0 = Debug|Any CPU
		{4C5C3472-9124-4781-A8E4-50B16AFADCD3}.Client Debug|Mixed Platforms.ActiveCfg = Debug|Any CPU
		{4C5C3472-9124-4781-A8E4-50B16AFADCD3}.Client Debug|Mixed Platforms.Build.0 = Debug|Any CPU
		{4C5C3472-9124-4781-A8E4-50B16AFADCD3}.Client Release|.NET.ActiveCfg = Release|Any CPU
		{4C5C3472-9124-4781-A8E4-50B16AFADCD3}.Client Release|Any CPU.ActiveCfg = Release|Any CPU
		{4C5C3472-9124-4781-A8E4-50B16AFADCD3}.Client Release|Any CPU.Build.0 = Release|Any CPU
		{4C5C3472-9124-4781-A8E4-50B16AFADCD3}.Client Release|Mixed Platforms.ActiveCfg = Release|Any CPU
		{4C5C3472-9124-4781-A8E4-50B16AFADCD3}.Client Release|Mixed Platforms.Build.0 = Release|Any CPU
		{4C5C3472-9124-4781-A8E4-50B16AFADCD3}.Debug|.NET.ActiveCfg = Debug|Any CPU
		{4C5C3472-9124-4781-A8E4-50B16AFADCD3}.Debug|Any CPU.ActiveCfg = Debug|Any CPU
		{4C5C3472-9124-4781-A8E4-50B16AFADCD3}.Debug|Any CPU.Build.0 = Debug|Any CPU
		{4C5C3472-9124-4781-A8E4-50B16AFADCD3}.Debug|Mixed Platforms.ActiveCfg = Debug|Any CPU
		{4C5C3472-9124-4781-A8E4-50B16AFADCD3}.Debug|Mixed Platforms.Build.0 = Debug|Any CPU
		{4C5C3472-9124-4781-A8E4-50B16AFADCD3}.Release|.NET.ActiveCfg = Release|Any CPU
		{4C5C3472-9124-4781-A8E4-50B16AFADCD3}.Release|Any CPU.ActiveCfg = Release|Any CPU
		{4C5C3472-9124-4781-A8E4-50B16AFADCD3}.Release|Any CPU.Build.0 = Release|Any CPU
		{4C5C3472-9124-4781-A8E4-50B16AFADCD3}.Release|Mixed Platforms.ActiveCfg = Release|Any CPU
		{4C5C3472-9124-4781-A8E4-50B16AFADCD3}.Release|Mixed Platforms.Build.0 = Release|Any CPU
		{7E30DBBF-F9C2-408A-9098-23185570E810}.Client Debug|.NET.ActiveCfg = Debug|Any CPU
		{7E30DBBF-F9C2-408A-9098-23185570E810}.Client Debug|Any CPU.ActiveCfg = Debug|Any CPU
		{7E30DBBF-F9C2-408A-9098-23185570E810}.Client Debug|Any CPU.Build.0 = Debug|Any CPU
		{7E30DBBF-F9C2-408A-9098-23185570E810}.Client Debug|Mixed Platforms.ActiveCfg = Debug|Any CPU
		{7E30DBBF-F9C2-408A-9098-23185570E810}.Client Debug|Mixed Platforms.Build.0 = Debug|Any CPU
		{7E30DBBF-F9C2-408A-9098-23185570E810}.Client Release|.NET.ActiveCfg = Release|Any CPU
		{7E30DBBF-F9C2-408A-9098-23185570E810}.Client Release|Any CPU.ActiveCfg = Release|Any CPU
		{7E30DBBF-F9C2-408A-9098-23185570E810}.Client Release|Any CPU.Build.0 = Release|Any CPU
		{7E30DBBF-F9C2-408A-9098-23185570E810}.Client Release|Mixed Platforms.ActiveCfg = Release|Any CPU
		{7E30DBBF-F9C2-408A-9098-23185570E810}.Client Release|Mixed Platforms.Build.0 = Release|Any CPU
		{7E30DBBF-F9C2-408A-9098-23185570E810}.Debug|.NET.ActiveCfg = Debug|Any CPU
		{7E30DBBF-F9C2-408A-9098-23185570E810}.Debug|Any CPU.ActiveCfg = Debug|Any CPU
		{7E30DBBF-F9C2-408A-9098-23185570E810}.Debug|Any CPU.Build.0 = Debug|Any CPU
		{7E30DBBF-F9C2-408A-9098-23185570E810}.Debug|Mixed Platforms.ActiveCfg = Debug|Any CPU
		{7E30DBBF-F9C2-408A-9098-23185570E810}.Debug|Mixed Platforms.Build.0 = Debug|Any CPU
		{7E30DBBF-F9C2-408A-9098-23185570E810}.Release|.NET.ActiveCfg = Release|Any CPU
		{7E30DBBF-F9C2-408A-9098-23185570E810}.Release|Any CPU.ActiveCfg = Release|Any CPU
		{7E30DBBF-F9C2-408A-9098-23185570E810}.Release|Any CPU.Build.0 = Release|Any CPU
		{7E30DBBF-F9C2-408A-9098-23185570E810}.Release|Mixed Platforms.ActiveCfg = Release|Any CPU
		{7E30DBBF-F9C2-408A-9098-23185570E810}.Release|Mixed Platforms.Build.0 = Release|Any CPU
		{AAEE081B-3D1E-4D11-8D4A-160715EB01D1}.Client Debug|.NET.ActiveCfg = Debug|Any CPU
		{AAEE081B-3D1E-4D11-8D4A-160715EB01D1}.Client Debug|Any CPU.ActiveCfg = Debug|Any CPU
		{AAEE081B-3D1E-4D11-8D4A-160715EB01D1}.Client Debug|Any CPU.Build.0 = Debug|Any CPU
		{AAEE081B-3D1E-4D11-8D4A-160715EB01D1}.Client Debug|Mixed Platforms.ActiveCfg = Debug|Any CPU
		{AAEE081B-3D1E-4D11-8D4A-160715EB01D1}.Client Debug|Mixed Platforms.Build.0 = Debug|Any CPU
		{AAEE081B-3D1E-4D11-8D4A-160715EB01D1}.Client Release|.NET.ActiveCfg = Release|Any CPU
		{AAEE081B-3D1E-4D11-8D4A-160715EB01D1}.Client Release|Any CPU.ActiveCfg = Release|Any CPU
		{AAEE081B-3D1E-4D11-8D4A-160715EB01D1}.Client Release|Any CPU.Build.0 = Release|Any CPU
		{AAEE081B-3D1E-4D11-8D4A-160715EB01D1}.Client Release|Mixed Platforms.ActiveCfg = Release|Any CPU
		{AAEE081B-3D1E-4D11-8D4A-160715EB01D1}.Client Release|Mixed Platforms.Build.0 = Release|Any CPU
		{AAEE081B-3D1E-4D11-8D4A-160715EB01D1}.Debug|.NET.ActiveCfg = Debug|Any CPU
		{AAEE081B-3D1E-4D11-8D4A-160715EB01D1}.Debug|Any CPU.ActiveCfg = Debug|Any CPU
		{AAEE081B-3D1E-4D11-8D4A-160715EB01D1}.Debug|Any CPU.Build.0 = Debug|Any CPU
		{AAEE081B-3D1E-4D11-8D4A-160715EB01D1}.Debug|Mixed Platforms.ActiveCfg = Debug|Any CPU
		{AAEE081B-3D1E-4D11-8D4A-160715EB01D1}.Debug|Mixed Platforms.Build.0 = Debug|Any CPU
		{AAEE081B-3D1E-4D11-8D4A-160715EB01D1}.Release|.NET.ActiveCfg = Release|Any CPU
		{AAEE081B-3D1E-4D11-8D4A-160715EB01D1}.Release|Any CPU.ActiveCfg = Release|Any CPU
		{AAEE081B-3D1E-4D11-8D4A-160715EB01D1}.Release|Any CPU.Build.0 = Release|Any CPU
		{AAEE081B-3D1E-4D11-8D4A-160715EB01D1}.Release|Mixed Platforms.ActiveCfg = Release|Any CPU
		{AAEE081B-3D1E-4D11-8D4A-160715EB01D1}.Release|Mixed Platforms.Build.0 = Release|Any CPU
		{2F1807E4-39A2-4F38-ADFC-6310A8443D90}.Client Debug|.NET.ActiveCfg = Client Debug|Any CPU
		{2F1807E4-39A2-4F38-ADFC-6310A8443D90}.Client Debug|Any CPU.ActiveCfg = Debug|Any CPU
		{2F1807E4-39A2-4F38-ADFC-6310A8443D90}.Client Debug|Any CPU.Build.0 = Debug|Any CPU
		{2F1807E4-39A2-4F38-ADFC-6310A8443D90}.Client Debug|Mixed Platforms.ActiveCfg = Client Debug|Any CPU
		{2F1807E4-39A2-4F38-ADFC-6310A8443D90}.Client Debug|Mixed Platforms.Build.0 = Client Debug|Any CPU
		{2F1807E4-39A2-4F38-ADFC-6310A8443D90}.Client Release|.NET.ActiveCfg = Client Release|Any CPU
		{2F1807E4-39A2-4F38-ADFC-6310A8443D90}.Client Release|Any CPU.ActiveCfg = Client Release|Any CPU
		{2F1807E4-39A2-4F38-ADFC-6310A8443D90}.Client Release|Any CPU.Build.0 = Client Release|Any CPU
		{2F1807E4-39A2-4F38-ADFC-6310A8443D90}.Client Release|Mixed Platforms.ActiveCfg = Client Release|Any CPU
		{2F1807E4-39A2-4F38-ADFC-6310A8443D90}.Client Release|Mixed Platforms.Build.0 = Client Release|Any CPU
		{2F1807E4-39A2-4F38-ADFC-6310A8443D90}.Debug|.NET.ActiveCfg = Debug|Any CPU
		{2F1807E4-39A2-4F38-ADFC-6310A8443D90}.Debug|Any CPU.ActiveCfg = Debug|Any CPU
		{2F1807E4-39A2-4F38-ADFC-6310A8443D90}.Debug|Any CPU.Build.0 = Debug|Any CPU
		{2F1807E4-39A2-4F38-ADFC-6310A8443D90}.Debug|Mixed Platforms.ActiveCfg = Debug|Any CPU
		{2F1807E4-39A2-4F38-ADFC-6310A8443D90}.Debug|Mixed Platforms.Build.0 = Debug|Any CPU
		{2F1807E4-39A2-4F38-ADFC-6310A8443D90}.Release|.NET.ActiveCfg = Release|Any CPU
		{2F1807E4-39A2-4F38-ADFC-6310A8443D90}.Release|Any CPU.ActiveCfg = Release|Any CPU
		{2F1807E4-39A2-4F38-ADFC-6310A8443D90}.Release|Any CPU.Build.0 = Release|Any CPU
		{2F1807E4-39A2-4F38-ADFC-6310A8443D90}.Release|Mixed Platforms.ActiveCfg = Release|Any CPU
		{2F1807E4-39A2-4F38-ADFC-6310A8443D90}.Release|Mixed Platforms.Build.0 = Release|Any CPU
		{BA6303D3-C692-418A-B948-3C6B5AB146BD}.Client Debug|.NET.ActiveCfg = Debug|Any CPU
		{BA6303D3-C692-418A-B948-3C6B5AB146BD}.Client Debug|Any CPU.ActiveCfg = Debug|Any CPU
		{BA6303D3-C692-418A-B948-3C6B5AB146BD}.Client Debug|Any CPU.Build.0 = Debug|Any CPU
		{BA6303D3-C692-418A-B948-3C6B5AB146BD}.Client Debug|Mixed Platforms.ActiveCfg = Debug|Any CPU
		{BA6303D3-C692-418A-B948-3C6B5AB146BD}.Client Debug|Mixed Platforms.Build.0 = Debug|Any CPU
		{BA6303D3-C692-418A-B948-3C6B5AB146BD}.Client Release|.NET.ActiveCfg = Release|Any CPU
		{BA6303D3-C692-418A-B948-3C6B5AB146BD}.Client Release|Any CPU.ActiveCfg = Release|Any CPU
		{BA6303D3-C692-418A-B948-3C6B5AB146BD}.Client Release|Any CPU.Build.0 = Release|Any CPU
		{BA6303D3-C692-418A-B948-3C6B5AB146BD}.Client Release|Mixed Platforms.ActiveCfg = Release|Any CPU
		{BA6303D3-C692-418A-B948-3C6B5AB146BD}.Client Release|Mixed Platforms.Build.0 = Release|Any CPU
		{BA6303D3-C692-418A-B948-3C6B5AB146BD}.Debug|.NET.ActiveCfg = Debug|Any CPU
		{BA6303D3-C692-418A-B948-3C6B5AB146BD}.Debug|Any CPU.ActiveCfg = Debug|Any CPU
		{BA6303D3-C692-418A-B948-3C6B5AB146BD}.Debug|Any CPU.Build.0 = Debug|Any CPU
		{BA6303D3-C692-418A-B948-3C6B5AB146BD}.Debug|Mixed Platforms.ActiveCfg = Debug|Any CPU
		{BA6303D3-C692-418A-B948-3C6B5AB146BD}.Debug|Mixed Platforms.Build.0 = Debug|Any CPU
		{BA6303D3-C692-418A-B948-3C6B5AB146BD}.Release|.NET.ActiveCfg = Release|Any CPU
		{BA6303D3-C692-418A-B948-3C6B5AB146BD}.Release|Any CPU.ActiveCfg = Release|Any CPU
		{BA6303D3-C692-418A-B948-3C6B5AB146BD}.Release|Any CPU.Build.0 = Release|Any CPU
		{BA6303D3-C692-418A-B948-3C6B5AB146BD}.Release|Mixed Platforms.ActiveCfg = Release|Any CPU
		{BA6303D3-C692-418A-B948-3C6B5AB146BD}.Release|Mixed Platforms.Build.0 = Release|Any CPU
		{B7DB4BF1-6B6F-4512-87A1-D471D182A5C6}.Client Debug|.NET.ActiveCfg = Debug|Any CPU
		{B7DB4BF1-6B6F-4512-87A1-D471D182A5C6}.Client Debug|Any CPU.ActiveCfg = Debug|Any CPU
		{B7DB4BF1-6B6F-4512-87A1-D471D182A5C6}.Client Debug|Any CPU.Build.0 = Debug|Any CPU
		{B7DB4BF1-6B6F-4512-87A1-D471D182A5C6}.Client Debug|Mixed Platforms.ActiveCfg = Debug|Any CPU
		{B7DB4BF1-6B6F-4512-87A1-D471D182A5C6}.Client Debug|Mixed Platforms.Build.0 = Debug|Any CPU
		{B7DB4BF1-6B6F-4512-87A1-D471D182A5C6}.Client Release|.NET.ActiveCfg = Release|Any CPU
		{B7DB4BF1-6B6F-4512-87A1-D471D182A5C6}.Client Release|Any CPU.ActiveCfg = Release|Any CPU
		{B7DB4BF1-6B6F-4512-87A1-D471D182A5C6}.Client Release|Any CPU.Build.0 = Release|Any CPU
		{B7DB4BF1-6B6F-4512-87A1-D471D182A5C6}.Client Release|Mixed Platforms.ActiveCfg = Release|Any CPU
		{B7DB4BF1-6B6F-4512-87A1-D471D182A5C6}.Client Release|Mixed Platforms.Build.0 = Release|Any CPU
		{B7DB4BF1-6B6F-4512-87A1-D471D182A5C6}.Debug|.NET.ActiveCfg = Debug|Any CPU
		{B7DB4BF1-6B6F-4512-87A1-D471D182A5C6}.Debug|Any CPU.ActiveCfg = Debug|Any CPU
		{B7DB4BF1-6B6F-4512-87A1-D471D182A5C6}.Debug|Any CPU.Build.0 = Debug|Any CPU
		{B7DB4BF1-6B6F-4512-87A1-D471D182A5C6}.Debug|Mixed Platforms.ActiveCfg = Debug|Any CPU
		{B7DB4BF1-6B6F-4512-87A1-D471D182A5C6}.Debug|Mixed Platforms.Build.0 = Debug|Any CPU
		{B7DB4BF1-6B6F-4512-87A1-D471D182A5C6}.Release|.NET.ActiveCfg = Release|Any CPU
		{B7DB4BF1-6B6F-4512-87A1-D471D182A5C6}.Release|Any CPU.ActiveCfg = Release|Any CPU
		{B7DB4BF1-6B6F-4512-87A1-D471D182A5C6}.Release|Any CPU.Build.0 = Release|Any CPU
		{B7DB4BF1-6B6F-4512-87A1-D471D182A5C6}.Release|Mixed Platforms.ActiveCfg = Release|Any CPU
		{B7DB4BF1-6B6F-4512-87A1-D471D182A5C6}.Release|Mixed Platforms.Build.0 = Release|Any CPU
		{4BC2B3AC-7081-4B95-8FA9-E3EE75A60DF0}.Client Debug|.NET.ActiveCfg = Debug|Any CPU
		{4BC2B3AC-7081-4B95-8FA9-E3EE75A60DF0}.Client Debug|Any CPU.ActiveCfg = Debug|Any CPU
		{4BC2B3AC-7081-4B95-8FA9-E3EE75A60DF0}.Client Debug|Any CPU.Build.0 = Debug|Any CPU
		{4BC2B3AC-7081-4B95-8FA9-E3EE75A60DF0}.Client Debug|Mixed Platforms.ActiveCfg = Debug|Any CPU
		{4BC2B3AC-7081-4B95-8FA9-E3EE75A60DF0}.Client Debug|Mixed Platforms.Build.0 = Debug|Any CPU
		{4BC2B3AC-7081-4B95-8FA9-E3EE75A60DF0}.Client Release|.NET.ActiveCfg = Release|Any CPU
		{4BC2B3AC-7081-4B95-8FA9-E3EE75A60DF0}.Client Release|Any CPU.ActiveCfg = Release|Any CPU
		{4BC2B3AC-7081-4B95-8FA9-E3EE75A60DF0}.Client Release|Any CPU.Build.0 = Release|Any CPU
		{4BC2B3AC-7081-4B95-8FA9-E3EE75A60DF0}.Client Release|Mixed Platforms.ActiveCfg = Release|Any CPU
		{4BC2B3AC-7081-4B95-8FA9-E3EE75A60DF0}.Client Release|Mixed Platforms.Build.0 = Release|Any CPU
		{4BC2B3AC-7081-4B95-8FA9-E3EE75A60DF0}.Debug|.NET.ActiveCfg = Debug|Any CPU
		{4BC2B3AC-7081-4B95-8FA9-E3EE75A60DF0}.Debug|Any CPU.ActiveCfg = Debug|Any CPU
		{4BC2B3AC-7081-4B95-8FA9-E3EE75A60DF0}.Debug|Any CPU.Build.0 = Debug|Any CPU
		{4BC2B3AC-7081-4B95-8FA9-E3EE75A60DF0}.Debug|Mixed Platforms.ActiveCfg = Debug|Any CPU
		{4BC2B3AC-7081-4B95-8FA9-E3EE75A60DF0}.Debug|Mixed Platforms.Build.0 = Debug|Any CPU
		{4BC2B3AC-7081-4B95-8FA9-E3EE75A60DF0}.Release|.NET.ActiveCfg = Release|Any CPU
		{4BC2B3AC-7081-4B95-8FA9-E3EE75A60DF0}.Release|Any CPU.ActiveCfg = Release|Any CPU
		{4BC2B3AC-7081-4B95-8FA9-E3EE75A60DF0}.Release|Any CPU.Build.0 = Release|Any CPU
		{4BC2B3AC-7081-4B95-8FA9-E3EE75A60DF0}.Release|Mixed Platforms.ActiveCfg = Release|Any CPU
		{4BC2B3AC-7081-4B95-8FA9-E3EE75A60DF0}.Release|Mixed Platforms.Build.0 = Release|Any CPU
		{60582EE0-43C4-4D6C-BE9B-30115058DA36}.Client Debug|.NET.ActiveCfg = Debug|Any CPU
		{60582EE0-43C4-4D6C-BE9B-30115058DA36}.Client Debug|Any CPU.ActiveCfg = Debug|Any CPU
		{60582EE0-43C4-4D6C-BE9B-30115058DA36}.Client Debug|Any CPU.Build.0 = Debug|Any CPU
		{60582EE0-43C4-4D6C-BE9B-30115058DA36}.Client Debug|Mixed Platforms.ActiveCfg = Debug|Any CPU
		{60582EE0-43C4-4D6C-BE9B-30115058DA36}.Client Debug|Mixed Platforms.Build.0 = Debug|Any CPU
		{60582EE0-43C4-4D6C-BE9B-30115058DA36}.Client Release|.NET.ActiveCfg = Release|Any CPU
		{60582EE0-43C4-4D6C-BE9B-30115058DA36}.Client Release|Any CPU.ActiveCfg = Release|Any CPU
		{60582EE0-43C4-4D6C-BE9B-30115058DA36}.Client Release|Any CPU.Build.0 = Release|Any CPU
		{60582EE0-43C4-4D6C-BE9B-30115058DA36}.Client Release|Mixed Platforms.ActiveCfg = Release|Any CPU
		{60582EE0-43C4-4D6C-BE9B-30115058DA36}.Client Release|Mixed Platforms.Build.0 = Release|Any CPU
		{60582EE0-43C4-4D6C-BE9B-30115058DA36}.Debug|.NET.ActiveCfg = Debug|Any CPU
		{60582EE0-43C4-4D6C-BE9B-30115058DA36}.Debug|Any CPU.ActiveCfg = Debug|Any CPU
		{60582EE0-43C4-4D6C-BE9B-30115058DA36}.Debug|Any CPU.Build.0 = Debug|Any CPU
		{60582EE0-43C4-4D6C-BE9B-30115058DA36}.Debug|Mixed Platforms.ActiveCfg = Debug|Any CPU
		{60582EE0-43C4-4D6C-BE9B-30115058DA36}.Debug|Mixed Platforms.Build.0 = Debug|Any CPU
		{60582EE0-43C4-4D6C-BE9B-30115058DA36}.Release|.NET.ActiveCfg = Release|Any CPU
		{60582EE0-43C4-4D6C-BE9B-30115058DA36}.Release|Any CPU.ActiveCfg = Release|Any CPU
		{60582EE0-43C4-4D6C-BE9B-30115058DA36}.Release|Any CPU.Build.0 = Release|Any CPU
		{60582EE0-43C4-4D6C-BE9B-30115058DA36}.Release|Mixed Platforms.ActiveCfg = Release|Any CPU
		{60582EE0-43C4-4D6C-BE9B-30115058DA36}.Release|Mixed Platforms.Build.0 = Release|Any CPU
		{DD712413-B47A-4707-A45D-84F786E47BAF}.Client Debug|.NET.ActiveCfg = Debug|Any CPU
		{DD712413-B47A-4707-A45D-84F786E47BAF}.Client Debug|Any CPU.ActiveCfg = Debug|Any CPU
		{DD712413-B47A-4707-A45D-84F786E47BAF}.Client Debug|Any CPU.Build.0 = Debug|Any CPU
		{DD712413-B47A-4707-A45D-84F786E47BAF}.Client Debug|Mixed Platforms.ActiveCfg = Debug|Any CPU
		{DD712413-B47A-4707-A45D-84F786E47BAF}.Client Debug|Mixed Platforms.Build.0 = Debug|Any CPU
		{DD712413-B47A-4707-A45D-84F786E47BAF}.Client Release|.NET.ActiveCfg = Release|Any CPU
		{DD712413-B47A-4707-A45D-84F786E47BAF}.Client Release|Any CPU.ActiveCfg = Release|Any CPU
		{DD712413-B47A-4707-A45D-84F786E47BAF}.Client Release|Any CPU.Build.0 = Release|Any CPU
		{DD712413-B47A-4707-A45D-84F786E47BAF}.Client Release|Mixed Platforms.ActiveCfg = Release|Any CPU
		{DD712413-B47A-4707-A45D-84F786E47BAF}.Client Release|Mixed Platforms.Build.0 = Release|Any CPU
		{DD712413-B47A-4707-A45D-84F786E47BAF}.Debug|.NET.ActiveCfg = Debug|Any CPU
		{DD712413-B47A-4707-A45D-84F786E47BAF}.Debug|Any CPU.ActiveCfg = Debug|Any CPU
		{DD712413-B47A-4707-A45D-84F786E47BAF}.Debug|Any CPU.Build.0 = Debug|Any CPU
		{DD712413-B47A-4707-A45D-84F786E47BAF}.Debug|Mixed Platforms.ActiveCfg = Debug|Any CPU
		{DD712413-B47A-4707-A45D-84F786E47BAF}.Debug|Mixed Platforms.Build.0 = Debug|Any CPU
		{DD712413-B47A-4707-A45D-84F786E47BAF}.Release|.NET.ActiveCfg = Release|Any CPU
		{DD712413-B47A-4707-A45D-84F786E47BAF}.Release|Any CPU.ActiveCfg = Release|Any CPU
		{DD712413-B47A-4707-A45D-84F786E47BAF}.Release|Any CPU.Build.0 = Release|Any CPU
		{DD712413-B47A-4707-A45D-84F786E47BAF}.Release|Mixed Platforms.ActiveCfg = Release|Any CPU
		{DD712413-B47A-4707-A45D-84F786E47BAF}.Release|Mixed Platforms.Build.0 = Release|Any CPU
		{BFF8B5DA-97CA-401F-8BDC-D9B3B50FD8EB}.Client Debug|.NET.ActiveCfg = Debug|Any CPU
		{BFF8B5DA-97CA-401F-8BDC-D9B3B50FD8EB}.Client Debug|Any CPU.ActiveCfg = Debug|Any CPU
		{BFF8B5DA-97CA-401F-8BDC-D9B3B50FD8EB}.Client Debug|Any CPU.Build.0 = Debug|Any CPU
		{BFF8B5DA-97CA-401F-8BDC-D9B3B50FD8EB}.Client Debug|Mixed Platforms.ActiveCfg = Debug|Any CPU
		{BFF8B5DA-97CA-401F-8BDC-D9B3B50FD8EB}.Client Debug|Mixed Platforms.Build.0 = Debug|Any CPU
		{BFF8B5DA-97CA-401F-8BDC-D9B3B50FD8EB}.Client Release|.NET.ActiveCfg = Release|Any CPU
		{BFF8B5DA-97CA-401F-8BDC-D9B3B50FD8EB}.Client Release|Any CPU.ActiveCfg = Release|Any CPU
		{BFF8B5DA-97CA-401F-8BDC-D9B3B50FD8EB}.Client Release|Any CPU.Build.0 = Release|Any CPU
		{BFF8B5DA-97CA-401F-8BDC-D9B3B50FD8EB}.Client Release|Mixed Platforms.ActiveCfg = Release|Any CPU
		{BFF8B5DA-97CA-401F-8BDC-D9B3B50FD8EB}.Client Release|Mixed Platforms.Build.0 = Release|Any CPU
		{BFF8B5DA-97CA-401F-8BDC-D9B3B50FD8EB}.Debug|.NET.ActiveCfg = Debug|Any CPU
		{BFF8B5DA-97CA-401F-8BDC-D9B3B50FD8EB}.Debug|Any CPU.ActiveCfg = Debug|Any CPU
		{BFF8B5DA-97CA-401F-8BDC-D9B3B50FD8EB}.Debug|Any CPU.Build.0 = Debug|Any CPU
		{BFF8B5DA-97CA-401F-8BDC-D9B3B50FD8EB}.Debug|Mixed Platforms.ActiveCfg = Debug|Any CPU
		{BFF8B5DA-97CA-401F-8BDC-D9B3B50FD8EB}.Debug|Mixed Platforms.Build.0 = Debug|Any CPU
		{BFF8B5DA-97CA-401F-8BDC-D9B3B50FD8EB}.Release|.NET.ActiveCfg = Release|Any CPU
		{BFF8B5DA-97CA-401F-8BDC-D9B3B50FD8EB}.Release|Any CPU.ActiveCfg = Release|Any CPU
		{BFF8B5DA-97CA-401F-8BDC-D9B3B50FD8EB}.Release|Any CPU.Build.0 = Release|Any CPU
		{BFF8B5DA-97CA-401F-8BDC-D9B3B50FD8EB}.Release|Mixed Platforms.ActiveCfg = Release|Any CPU
		{BFF8B5DA-97CA-401F-8BDC-D9B3B50FD8EB}.Release|Mixed Platforms.Build.0 = Release|Any CPU
		{9405075A-BD64-4B54-9689-2DD716D6F92A}.Client Debug|.NET.ActiveCfg = Debug|Any CPU
		{9405075A-BD64-4B54-9689-2DD716D6F92A}.Client Debug|Any CPU.ActiveCfg = Debug|Any CPU
		{9405075A-BD64-4B54-9689-2DD716D6F92A}.Client Debug|Any CPU.Build.0 = Debug|Any CPU
		{9405075A-BD64-4B54-9689-2DD716D6F92A}.Client Debug|Mixed Platforms.ActiveCfg = Debug|Any CPU
		{9405075A-BD64-4B54-9689-2DD716D6F92A}.Client Debug|Mixed Platforms.Build.0 = Debug|Any CPU
		{9405075A-BD64-4B54-9689-2DD716D6F92A}.Client Release|.NET.ActiveCfg = Release|Any CPU
		{9405075A-BD64-4B54-9689-2DD716D6F92A}.Client Release|Any CPU.ActiveCfg = Release|Any CPU
		{9405075A-BD64-4B54-9689-2DD716D6F92A}.Client Release|Any CPU.Build.0 = Release|Any CPU
		{9405075A-BD64-4B54-9689-2DD716D6F92A}.Client Release|Mixed Platforms.ActiveCfg = Release|Any CPU
		{9405075A-BD64-4B54-9689-2DD716D6F92A}.Client Release|Mixed Platforms.Build.0 = Release|Any CPU
		{9405075A-BD64-4B54-9689-2DD716D6F92A}.Debug|.NET.ActiveCfg = Debug|Any CPU
		{9405075A-BD64-4B54-9689-2DD716D6F92A}.Debug|Any CPU.ActiveCfg = Debug|Any CPU
		{9405075A-BD64-4B54-9689-2DD716D6F92A}.Debug|Any CPU.Build.0 = Debug|Any CPU
		{9405075A-BD64-4B54-9689-2DD716D6F92A}.Debug|Mixed Platforms.ActiveCfg = Debug|Any CPU
		{9405075A-BD64-4B54-9689-2DD716D6F92A}.Debug|Mixed Platforms.Build.0 = Debug|Any CPU
		{9405075A-BD64-4B54-9689-2DD716D6F92A}.Release|.NET.ActiveCfg = Release|Any CPU
		{9405075A-BD64-4B54-9689-2DD716D6F92A}.Release|Any CPU.ActiveCfg = Release|Any CPU
		{9405075A-BD64-4B54-9689-2DD716D6F92A}.Release|Any CPU.Build.0 = Release|Any CPU
		{9405075A-BD64-4B54-9689-2DD716D6F92A}.Release|Mixed Platforms.ActiveCfg = Release|Any CPU
		{9405075A-BD64-4B54-9689-2DD716D6F92A}.Release|Mixed Platforms.Build.0 = Release|Any CPU
		{25AB3B90-41A8-4BD4-88B6-4607D1633D4C}.Client Debug|.NET.ActiveCfg = Debug|Any CPU
		{25AB3B90-41A8-4BD4-88B6-4607D1633D4C}.Client Debug|Any CPU.ActiveCfg = Debug|Any CPU
		{25AB3B90-41A8-4BD4-88B6-4607D1633D4C}.Client Debug|Any CPU.Build.0 = Debug|Any CPU
		{25AB3B90-41A8-4BD4-88B6-4607D1633D4C}.Client Debug|Mixed Platforms.ActiveCfg = Debug|Any CPU
		{25AB3B90-41A8-4BD4-88B6-4607D1633D4C}.Client Debug|Mixed Platforms.Build.0 = Debug|Any CPU
		{25AB3B90-41A8-4BD4-88B6-4607D1633D4C}.Client Release|.NET.ActiveCfg = Release|Any CPU
		{25AB3B90-41A8-4BD4-88B6-4607D1633D4C}.Client Release|Any CPU.ActiveCfg = Release|Any CPU
		{25AB3B90-41A8-4BD4-88B6-4607D1633D4C}.Client Release|Any CPU.Build.0 = Release|Any CPU
		{25AB3B90-41A8-4BD4-88B6-4607D1633D4C}.Client Release|Mixed Platforms.ActiveCfg = Release|Any CPU
		{25AB3B90-41A8-4BD4-88B6-4607D1633D4C}.Client Release|Mixed Platforms.Build.0 = Release|Any CPU
		{25AB3B90-41A8-4BD4-88B6-4607D1633D4C}.Debug|.NET.ActiveCfg = Debug|Any CPU
		{25AB3B90-41A8-4BD4-88B6-4607D1633D4C}.Debug|Any CPU.ActiveCfg = Debug|Any CPU
		{25AB3B90-41A8-4BD4-88B6-4607D1633D4C}.Debug|Any CPU.Build.0 = Debug|Any CPU
		{25AB3B90-41A8-4BD4-88B6-4607D1633D4C}.Debug|Mixed Platforms.ActiveCfg = Debug|Any CPU
		{25AB3B90-41A8-4BD4-88B6-4607D1633D4C}.Debug|Mixed Platforms.Build.0 = Debug|Any CPU
		{25AB3B90-41A8-4BD4-88B6-4607D1633D4C}.Release|.NET.ActiveCfg = Release|Any CPU
		{25AB3B90-41A8-4BD4-88B6-4607D1633D4C}.Release|Any CPU.ActiveCfg = Release|Any CPU
		{25AB3B90-41A8-4BD4-88B6-4607D1633D4C}.Release|Any CPU.Build.0 = Release|Any CPU
		{25AB3B90-41A8-4BD4-88B6-4607D1633D4C}.Release|Mixed Platforms.ActiveCfg = Release|Any CPU
		{25AB3B90-41A8-4BD4-88B6-4607D1633D4C}.Release|Mixed Platforms.Build.0 = Release|Any CPU
		{D749A08A-2062-4CD6-81F5-B803D883BB94}.Client Debug|.NET.ActiveCfg = Debug|Any CPU
		{D749A08A-2062-4CD6-81F5-B803D883BB94}.Client Debug|Any CPU.ActiveCfg = Debug|Any CPU
		{D749A08A-2062-4CD6-81F5-B803D883BB94}.Client Debug|Any CPU.Build.0 = Debug|Any CPU
		{D749A08A-2062-4CD6-81F5-B803D883BB94}.Client Debug|Mixed Platforms.ActiveCfg = Debug|Any CPU
		{D749A08A-2062-4CD6-81F5-B803D883BB94}.Client Debug|Mixed Platforms.Build.0 = Debug|Any CPU
		{D749A08A-2062-4CD6-81F5-B803D883BB94}.Client Release|.NET.ActiveCfg = Debug|Any CPU
		{D749A08A-2062-4CD6-81F5-B803D883BB94}.Client Release|Any CPU.ActiveCfg = Debug|Any CPU
		{D749A08A-2062-4CD6-81F5-B803D883BB94}.Client Release|Any CPU.Build.0 = Debug|Any CPU
		{D749A08A-2062-4CD6-81F5-B803D883BB94}.Client Release|Mixed Platforms.ActiveCfg = Debug|Any CPU
		{D749A08A-2062-4CD6-81F5-B803D883BB94}.Client Release|Mixed Platforms.Build.0 = Debug|Any CPU
		{D749A08A-2062-4CD6-81F5-B803D883BB94}.Debug|.NET.ActiveCfg = Debug|Any CPU
		{D749A08A-2062-4CD6-81F5-B803D883BB94}.Debug|Any CPU.ActiveCfg = Debug|Any CPU
		{D749A08A-2062-4CD6-81F5-B803D883BB94}.Debug|Any CPU.Build.0 = Debug|Any CPU
		{D749A08A-2062-4CD6-81F5-B803D883BB94}.Debug|Mixed Platforms.ActiveCfg = Debug|Any CPU
		{D749A08A-2062-4CD6-81F5-B803D883BB94}.Debug|Mixed Platforms.Build.0 = Debug|Any CPU
		{D749A08A-2062-4CD6-81F5-B803D883BB94}.Release|.NET.ActiveCfg = Debug|Any CPU
		{D749A08A-2062-4CD6-81F5-B803D883BB94}.Release|Any CPU.ActiveCfg = Debug|Any CPU
		{D749A08A-2062-4CD6-81F5-B803D883BB94}.Release|Any CPU.Build.0 = Debug|Any CPU
		{D749A08A-2062-4CD6-81F5-B803D883BB94}.Release|Mixed Platforms.ActiveCfg = Debug|Any CPU
		{D749A08A-2062-4CD6-81F5-B803D883BB94}.Release|Mixed Platforms.Build.0 = Debug|Any CPU
		{DF7E8E9F-5B87-4561-AD02-38AE103C3DE6}.Client Debug|.NET.ActiveCfg = Debug|Any CPU
		{DF7E8E9F-5B87-4561-AD02-38AE103C3DE6}.Client Debug|Any CPU.ActiveCfg = Debug|Any CPU
		{DF7E8E9F-5B87-4561-AD02-38AE103C3DE6}.Client Debug|Any CPU.Build.0 = Debug|Any CPU
		{DF7E8E9F-5B87-4561-AD02-38AE103C3DE6}.Client Debug|Mixed Platforms.ActiveCfg = Debug|Any CPU
		{DF7E8E9F-5B87-4561-AD02-38AE103C3DE6}.Client Debug|Mixed Platforms.Build.0 = Debug|Any CPU
		{DF7E8E9F-5B87-4561-AD02-38AE103C3DE6}.Client Release|.NET.ActiveCfg = Release|Any CPU
		{DF7E8E9F-5B87-4561-AD02-38AE103C3DE6}.Client Release|Any CPU.ActiveCfg = Release|Any CPU
		{DF7E8E9F-5B87-4561-AD02-38AE103C3DE6}.Client Release|Any CPU.Build.0 = Release|Any CPU
		{DF7E8E9F-5B87-4561-AD02-38AE103C3DE6}.Client Release|Mixed Platforms.ActiveCfg = Release|Any CPU
		{DF7E8E9F-5B87-4561-AD02-38AE103C3DE6}.Client Release|Mixed Platforms.Build.0 = Release|Any CPU
		{DF7E8E9F-5B87-4561-AD02-38AE103C3DE6}.Debug|.NET.ActiveCfg = Debug|Any CPU
		{DF7E8E9F-5B87-4561-AD02-38AE103C3DE6}.Debug|Any CPU.ActiveCfg = Debug|Any CPU
		{DF7E8E9F-5B87-4561-AD02-38AE103C3DE6}.Debug|Any CPU.Build.0 = Debug|Any CPU
		{DF7E8E9F-5B87-4561-AD02-38AE103C3DE6}.Debug|Mixed Platforms.ActiveCfg = Debug|Any CPU
		{DF7E8E9F-5B87-4561-AD02-38AE103C3DE6}.Debug|Mixed Platforms.Build.0 = Debug|Any CPU
		{DF7E8E9F-5B87-4561-AD02-38AE103C3DE6}.Release|.NET.ActiveCfg = Release|Any CPU
		{DF7E8E9F-5B87-4561-AD02-38AE103C3DE6}.Release|Any CPU.ActiveCfg = Release|Any CPU
		{DF7E8E9F-5B87-4561-AD02-38AE103C3DE6}.Release|Any CPU.Build.0 = Release|Any CPU
		{DF7E8E9F-5B87-4561-AD02-38AE103C3DE6}.Release|Mixed Platforms.ActiveCfg = Release|Any CPU
		{DF7E8E9F-5B87-4561-AD02-38AE103C3DE6}.Release|Mixed Platforms.Build.0 = Release|Any CPU
	EndGlobalSection
	GlobalSection(SolutionProperties) = preSolution
		HideSolutionNode = FALSE
	EndGlobalSection
	GlobalSection(NestedProjects) = preSolution
		{4C5C3472-9124-4781-A8E4-50B16AFADCD3} = {94E5F457-3256-49EF-A74F-E434AE314E7A}
		{7E30DBBF-F9C2-408A-9098-23185570E810} = {94E5F457-3256-49EF-A74F-E434AE314E7A}
	EndGlobalSection
EndGlobal
