
Microsoft Visual Studio Solution File, Format Version 12.00
# Visual Studio 15
VisualStudioVersion = 15.0.27428.2027
MinimumVisualStudioVersion = 10.0.40219.1
Project("{FAE04EC0-301F-11D3-BF4B-00C04F79EFBC}") = "Notifier", "Notifier\Notifier.csproj", "{9B45E359-416F-4C4A-AA28-9CC5B5CDD865}"
EndProject
Global
	GlobalSection(SolutionConfigurationPlatforms) = preSolution
		Debug|Any CPU = Debug|Any CPU
		Release|Any CPU = Release|Any CPU
	EndGlobalSection
	GlobalSection(ProjectConfigurationPlatforms) = postSolution
		{9B45E359-416F-4C4A-AA28-9CC5B5CDD865}.Debug|Any CPU.ActiveCfg = Debug|Any CPU
		{9B45E359-416F-4C4A-AA28-9CC5B5CDD865}.Debug|Any CPU.Build.0 = Debug|Any CPU
		{9B45E359-416F-4C4A-AA28-9CC5B5CDD865}.Release|Any CPU.ActiveCfg = Release|Any CPU
		{9B45E359-416F-4C4A-AA28-9CC5B5CDD865}.Release|Any CPU.Build.0 = Release|Any CPU
	EndGlobalSection
	GlobalSection(SolutionProperties) = preSolution
		HideSolutionNode = FALSE
	EndGlobalSection
	GlobalSection(ExtensibilityGlobals) = postSolution
		SolutionGuid = {A2925C3A-F927-4BE8-946C-D2FC63A15916}
	EndGlobalSection
EndGlobal
