
Microsoft Visual Studio Solution File, Format Version 12.00
# Visual Studio 2012
Project("{FAE04EC0-301F-11D3-BF4B-00C04F79EFBC}") = "TVSeriesTracker", "TVSeriesTracker\TVSeriesTracker.csproj", "{A15FECD2-E2C5-4AE0-8C74-D12A3F0E28BC}"
EndProject
Global
	GlobalSection(SolutionConfigurationPlatforms) = preSolution
		Debug|Any CPU = Debug|Any CPU
		Release|Any CPU = Release|Any CPU
	EndGlobalSection
	GlobalSection(ProjectConfigurationPlatforms) = postSolution
		{A15FECD2-E2C5-4AE0-8C74-D12A3F0E28BC}.Debug|Any CPU.ActiveCfg = Debug|Any CPU
		{A15FECD2-E2C5-4AE0-8C74-D12A3F0E28BC}.Debug|Any CPU.Build.0 = Debug|Any CPU
		{A15FECD2-E2C5-4AE0-8C74-D12A3F0E28BC}.Release|Any CPU.ActiveCfg = Release|Any CPU
		{A15FECD2-E2C5-4AE0-8C74-D12A3F0E28BC}.Release|Any CPU.Build.0 = Release|Any CPU
	EndGlobalSection
	GlobalSection(SolutionProperties) = preSolution
		HideSolutionNode = FALSE
	EndGlobalSection
EndGlobal
